
Microsoft Visual Studio Solution File, Format Version 11.00
# Visual Studio 2010
Project("{2150E333-8FDC-42A3-9474-1A3956D46DE8}") = "Config", "Config", "{C4A32032-2F60-4152-B01D-6046D43975F3}"
	ProjectSection(SolutionItems) = preProject
		DashboardsDefaultImport.xml = DashboardsDefaultImport.xml
		ProjectOptions.xml = ProjectOptions.xml
		ProjectTargets.xml = ProjectTargets.xml
	EndProjectSection
EndProject
Project("{2150E333-8FDC-42A3-9474-1A3956D46DE8}") = "Components", "Components", "{152DED20-533E-4A71-BD44-C431A2AE671B}"
EndProject
Project("{2150E333-8FDC-42A3-9474-1A3956D46DE8}") = "Reports", "Reports", "{626C128D-B08B-4D79-AC1C-504F9C7B1A50}"
EndProject
Project("{2150E333-8FDC-42A3-9474-1A3956D46DE8}") = "Dashboards", "Dashboards", "{102C8575-9213-4813-BFE3-84A023A4B7F4}"
EndProject
Project("{FAE04EC0-301F-11D3-BF4B-00C04F79EFBC}") = "Krista.FM.Server.Dashboards", "..\..\Projects\Dashboards\Krista.FM.Server.Dashboards\Krista.FM.Server.Dashboards.csproj", "{FABEB6E9-EEC1-4390-812D-A5C0D17F346B}"
EndProject
Project("{FAE04EC0-301F-11D3-BF4B-00C04F79EFBC}") = "Krista.FM.Providers.OraclePersonalizationProvider", "..\..\Projects\Dashboards\Krista.FM.Providers.OraclePersonalizationProvider\Krista.FM.Providers.OraclePersonalizationProvider.csproj", "{29E31B73-8B09-4B33-814A-D3061D4DCAFD}"
EndProject
Project("{FAE04EC0-301F-11D3-BF4B-00C04F79EFBC}") = "Krista.Diagnostics", "..\..\Projects\Common\Krista.Diagnostics\Krista.Diagnostics.csproj", "{771564CF-3F02-4A9A-91CC-F710104EC4B3}"
EndProject
Project("{FAE04EC0-301F-11D3-BF4B-00C04F79EFBC}") = "Krista.FM.Common", "..\..\Projects\Common\Krista.FM.Common\Krista.FM.Common.csproj", "{4FF19E83-61D5-4AF5-AAF7-737623059773}"
EndProject
Project("{FAE04EC0-301F-11D3-BF4B-00C04F79EFBC}") = "Krista.FM.ServerLibrary", "..\..\Projects\Common\Krista.FM.ServerLibrary\Krista.FM.ServerLibrary.csproj", "{24C607A3-2BA3-4D29-A6DB-F7F866302E76}"
EndProject
Project("{FAE04EC0-301F-11D3-BF4B-00C04F79EFBC}") = "Krista.FM.Server.Dashboards.Core", "..\..\Projects\Dashboards\Krista.FM.Server.Dashboards.Core\Krista.FM.Server.Dashboards.Core.csproj", "{134223D3-2075-431F-A85E-BEA38D1E799B}"
EndProject
Project("{FAE04EC0-301F-11D3-BF4B-00C04F79EFBC}") = "Krista.FM.Server.Dashboards.Tests", "..\..\Projects\Dashboards\Krista.FM.Server.Dashboards.Tests\Krista.FM.Server.Dashboards.Tests.csproj", "{74190CC5-B2E8-4065-AC1D-CD8C226D6EA1}"
EndProject
Project("{FAE04EC0-301F-11D3-BF4B-00C04F79EFBC}") = "Krista.FM.Server.Dashboards.Common", "..\..\Projects\Dashboards\Krista.FM.Server.Dashboards.Common\Krista.FM.Server.Dashboards.Common.csproj", "{62258010-D25C-4128-93DE-1F6553D3870B}"
EndProject
Project("{FAE04EC0-301F-11D3-BF4B-00C04F79EFBC}") = "Krista.FM.Server.Dashboards.Components", "..\..\Projects\Dashboards\Krista.FM.Server.Dashboards\Krista.FM.Server.Dashboards.Components.csproj", "{A11B6335-913A-469F-93C9-C3C2AB7E7C9A}"
EndProject
Project("{FAE04EC0-301F-11D3-BF4B-00C04F79EFBC}") = "Krista.FM.Server.Dashboards.FK_0001_0001.DefaultCompare", "..\..\Projects\Dashboards\Krista.FM.Server.Dashboards\Krista.FM.Server.Dashboards.FK_0001_0001.DefaultCompare.csproj", "{8B9D99D9-7490-4AEC-82EA-A1E1567A93A6}"
EndProject
Project("{FAE04EC0-301F-11D3-BF4B-00C04F79EFBC}") = "Krista.FM.Server.Dashboards.FK_0001_0001.DefaultDetail", "..\..\Projects\Dashboards\Krista.FM.Server.Dashboards\Krista.FM.Server.Dashboards.FK_0001_0001.DefaultDetail.csproj", "{960532FB-BBC1-451A-9983-519D08EBC4F0}"
EndProject
Project("{FAE04EC0-301F-11D3-BF4B-00C04F79EFBC}") = "Krista.FM.Server.Dashboards.FK_0001_0002.DefaultAllocation", "..\..\Projects\Dashboards\Krista.FM.Server.Dashboards\Krista.FM.Server.Dashboards.FK_0001_0002.DefaultAllocation.csproj", "{1C3C2767-0ABA-40E0-B393-E9EB9E560DB9}"
EndProject
Project("{FAE04EC0-301F-11D3-BF4B-00C04F79EFBC}") = "Krista.FM.Server.Dashboards.FK_0001_0002.DefaultCompare", "..\..\Projects\Dashboards\Krista.FM.Server.Dashboards\Krista.FM.Server.Dashboards.FK_0001_0002.DefaultCompare.csproj", "{1C78540D-7B27-4F59-B93A-8CF01636CF77}"
EndProject
Project("{FAE04EC0-301F-11D3-BF4B-00C04F79EFBC}") = "Krista.FM.Server.Dashboards.FK_0001_0003.DefaultAllocation", "..\..\Projects\Dashboards\Krista.FM.Server.Dashboards\Krista.FM.Server.Dashboards.FK_0001_0003.DefaultAllocation.csproj", "{36A4F40F-FA63-4F93-BF12-0B7C015079B0}"
EndProject
Project("{FAE04EC0-301F-11D3-BF4B-00C04F79EFBC}") = "Krista.FM.Server.Dashboards.FK_0001_0003.DefaultCompare", "..\..\Projects\Dashboards\Krista.FM.Server.Dashboards\Krista.FM.Server.Dashboards.FK_0001_0003.DefaultCompare.csproj", "{4D052482-6633-41B3-9F64-AE11B91F5B1E}"
EndProject
Project("{FAE04EC0-301F-11D3-BF4B-00C04F79EFBC}") = "Krista.FM.Server.Dashboards.FK_0001_0004.DefaultCompare", "..\..\Projects\Dashboards\Krista.FM.Server.Dashboards\Krista.FM.Server.Dashboards.FK_0001_0004.DefaultCompare.csproj", "{444563CE-9E19-440C-8DDB-23B1F07A8D3B}"
EndProject
Project("{FAE04EC0-301F-11D3-BF4B-00C04F79EFBC}") = "Krista.FM.Server.Dashboards.FK_0001_0004.DefaultDetail", "..\..\Projects\Dashboards\Krista.FM.Server.Dashboards\Krista.FM.Server.Dashboards.FK_0001_0004.DefaultDetail.csproj", "{AF698C0D-642A-4B9D-8EBE-46A7462B2275}"
EndProject
Project("{FAE04EC0-301F-11D3-BF4B-00C04F79EFBC}") = "Krista.FM.Server.Dashboards.FK_0001_0005.DefaultDetail", "..\..\Projects\Dashboards\Krista.FM.Server.Dashboards\Krista.FM.Server.Dashboards.FK_0001_0005.DefaultDetail.csproj", "{97D15D92-C3FC-4208-A060-AE5A7494C634}"
EndProject
Project("{FAE04EC0-301F-11D3-BF4B-00C04F79EFBC}") = "Krista.FM.Server.Dashboards.FK_0001_0012.DefaultAssessment", "..\..\Projects\Dashboards\Krista.FM.Server.Dashboards\Krista.FM.Server.Dashboards.FK_0001_0012.DefaultAssessment.csproj", "{530BDE86-A8E2-4BA9-8778-65D792B5F8B6}"
EndProject
Project("{FAE04EC0-301F-11D3-BF4B-00C04F79EFBC}") = "Krista.FM.Server.Dashboards.FK_0001_0006.DefaultCredit", "..\..\Projects\Dashboards\Krista.FM.Server.Dashboards\Krista.FM.Server.Dashboards.FK_0001_0006.DefaultCredit.csproj", "{DD9FCD19-3CFA-46A2-A63F-A08980592E66}"
EndProject
Project("{FAE04EC0-301F-11D3-BF4B-00C04F79EFBC}") = "Krista.FM.Server.Dashboards.FK_0001_0007.DefaultDetail", "..\..\Projects\Dashboards\Krista.FM.Server.Dashboards\Krista.FM.Server.Dashboards.FK_0001_0007.DefaultDetail.csproj", "{9401E046-181A-4EDD-9956-1A4E85BF2792}"
EndProject
Project("{FAE04EC0-301F-11D3-BF4B-00C04F79EFBC}") = "Krista.FM.Server.Dashboards.FK_0001_0011.DefaultAssessment", "..\..\Projects\Dashboards\Krista.FM.Server.Dashboards\Krista.FM.Server.Dashboards.FK_0001_0011.DefaultAssessment.csproj", "{BDF0DE7E-535E-440E-BEAA-E1DC2B34B884}"
EndProject
Project("{FAE04EC0-301F-11D3-BF4B-00C04F79EFBC}") = "Krista.FM.Server.Dashboards.MFRF_0001_0004.Default_FF", "..\..\Projects\Dashboards\Krista.FM.Server.Dashboards\Krista.FM.Server.Dashboards.MFRF_0001_0004.Default_FF.csproj", "{B439E4D9-ABB9-4395-A2C2-BCC8FA820FD7}"
EndProject
Project("{FAE04EC0-301F-11D3-BF4B-00C04F79EFBC}") = "Krista.FM.Server.Dashboards.DashboardFederal.Dashboard", "..\..\Projects\Dashboards\Krista.FM.Server.Dashboards\Krista.FM.Server.Dashboards.DashboardFederal.Dashboard.csproj", "{5A87940A-7E9D-4636-85D9-161582D3D311}"
EndProject
Project("{FAE04EC0-301F-11D3-BF4B-00C04F79EFBC}") = "Krista.FM.Server.Dashboards.FK_0001_0013.Default", "..\..\Projects\Dashboards\Krista.FM.Server.Dashboards\Krista.FM.Server.Dashboards.FK_0001_0013.Default.csproj", "{0DEA340E-18B3-4A89-977E-4FD7F81E65F3}"
EndProject
Project("{FAE04EC0-301F-11D3-BF4B-00C04F79EFBC}") = "Krista.FM.Server.Dashboards.MFRF_0002_0002.Default", "..\..\Projects\Dashboards\Krista.FM.Server.Dashboards\Krista.FM.Server.Dashboards.MFRF_0002_0002.Default.csproj", "{7BD7D789-493B-47F8-8577-1A4117FE1CC5}"
EndProject
Project("{FAE04EC0-301F-11D3-BF4B-00C04F79EFBC}") = "Krista.FM.Server.Dashboards.MFRF_0002_0003.Default", "..\..\Projects\Dashboards\Krista.FM.Server.Dashboards\Krista.FM.Server.Dashboards.MFRF_0002_0003.Default.csproj", "{5CF2EB29-CAD9-488A-BCD8-9394231EE397}"
EndProject
Project("{FAE04EC0-301F-11D3-BF4B-00C04F79EFBC}") = "Krista.FM.Server.Dashboards.MFRF_0002_0004.Default", "..\..\Projects\Dashboards\Krista.FM.Server.Dashboards\Krista.FM.Server.Dashboards.MFRF_0002_0004.Default.csproj", "{3D530F4E-131C-452A-A82F-9CFC98F1D810}"
EndProject
Project("{FAE04EC0-301F-11D3-BF4B-00C04F79EFBC}") = "Krista.FM.Server.Dashboards.MFRF_0003_0001.Default", "..\..\Projects\Dashboards\Krista.FM.Server.Dashboards\Krista.FM.Server.Dashboards.MFRF_0003_0001.Default.csproj", "{6EFF76E8-E755-489D-B71C-1F83F196DD40}"
EndProject
Project("{FAE04EC0-301F-11D3-BF4B-00C04F79EFBC}") = "Krista.FM.Server.Dashboards.FK_0001_0015.Default", "..\..\Projects\Dashboards\Krista.FM.Server.Dashboards\Krista.FM.Server.Dashboards.FK_0001_0015.Default.csproj", "{FB351B67-F02E-4F1B-B7F1-961CD46D5510}"
EndProject
Project("{FAE04EC0-301F-11D3-BF4B-00C04F79EFBC}") = "Krista.FM.Server.Dashboards.MFRF_0003_0003.Default", "..\..\Projects\Dashboards\Krista.FM.Server.Dashboards\Krista.FM.Server.Dashboards.MFRF_0003_0003.Default.csproj", "{71322CDE-CFF9-4284-AE8B-502F3D4DEDC5}"
EndProject
Project("{FAE04EC0-301F-11D3-BF4B-00C04F79EFBC}") = "Krista.FM.Server.Dashboards.MFRF_0001_0005.Default", "..\..\Projects\Dashboards\Krista.FM.Server.Dashboards\Krista.FM.Server.Dashboards.MFRF_0001_0005.Default.csproj", "{C49FD3A6-5395-4442-A3A6-931828AC8E47}"
EndProject
Project("{FAE04EC0-301F-11D3-BF4B-00C04F79EFBC}") = "Krista.FM.Server.Dashboards.FK_0001_0018.Default", "..\..\Projects\Dashboards\Krista.FM.Server.Dashboards\Krista.FM.Server.Dashboards.FK_0001_0018.Default.csproj", "{6CCB756C-D41E-42AA-80A8-FAD1CEF6E6FB}"
EndProject
Project("{FAE04EC0-301F-11D3-BF4B-00C04F79EFBC}") = "Krista.FM.Client.MobileReports.Common", "..\..\Projects\MobileReports.Snapshot\Krista.FM.Client.MobileReports.Common\Krista.FM.Client.MobileReports.Common.csproj", "{139A2672-1E8A-4700-A5FB-0A05B34F02F6}"
EndProject
Project("{2150E333-8FDC-42A3-9474-1A3956D46DE8}") = "ФК_МесОтч", "ФК_МесОтч", "{3ACC1FB3-694B-4860-945F-765133415279}"
EndProject
Project("{FAE04EC0-301F-11D3-BF4B-00C04F79EFBC}") = "Krista.FM.Extensions", "..\..\Projects\Common\Krista.FM.Extentions\Krista.FM.Extensions.csproj", "{AF342789-6944-45D9-A774-65EF22F7D828}"
EndProject
Project("{2150E333-8FDC-42A3-9474-1A3956D46DE8}") = "Мониторинг цен", "Мониторинг цен", "{8AFEB075-8FEF-499D-8CC3-E9D83841D106}"
EndProject
Project("{FAE04EC0-301F-11D3-BF4B-00C04F79EFBC}") = "Krista.FM.Server.Dashboards.FSGS_0001_0001.default", "..\..\Projects\Dashboards\Krista.FM.Server.Dashboards\Krista.FM.Server.Dashboards.FSGS_0001_0001.default.csproj", "{05EA59B4-00C3-4E45-8D2F-187591505715}"
EndProject
Project("{FAE04EC0-301F-11D3-BF4B-00C04F79EFBC}") = "Krista.FM.Server.Dashboards.FSGS_0001_0002.default", "..\..\Projects\Dashboards\Krista.FM.Server.Dashboards\Krista.FM.Server.Dashboards.FSGS_0001_0002.default.csproj", "{7BEC3A0D-8521-44C3-82D0-58120E3970B3}"
EndProject
Project("{FAE04EC0-301F-11D3-BF4B-00C04F79EFBC}") = "Krista.FM.Server.Dashboards.FSGS_0001_0003.default", "..\..\Projects\Dashboards\Krista.FM.Server.Dashboards\Krista.FM.Server.Dashboards.FSGS_0001_0003.default.csproj", "{0D81FB57-DD7C-428B-994F-564D84D5BC1B}"
EndProject
Project("{2150E333-8FDC-42A3-9474-1A3956D46DE8}") = "СЭП", "СЭП", "{447514BE-8A66-49C6-9F91-C32B663F06CC}"
EndProject
Project("{FAE04EC0-301F-11D3-BF4B-00C04F79EFBC}") = "Krista.FM.Server.Dashboards.SEP_001.Default", "..\..\Projects\Dashboards\Krista.FM.Server.Dashboards\Krista.FM.Server.Dashboards.SEP_001.Default.csproj", "{40A5C601-7C1B-45DA-9BDD-8F0665A35563}"
EndProject
Project("{FAE04EC0-301F-11D3-BF4B-00C04F79EFBC}") = "Krista.FM.Server.Dashboards.SEP_002.Default", "..\..\Projects\Dashboards\Krista.FM.Server.Dashboards\Krista.FM.Server.Dashboards.SEP_002.Default.csproj", "{9902CB96-AC77-4EF6-8452-EC447E995750}"
EndProject
Project("{2150E333-8FDC-42A3-9474-1A3956D46DE8}") = "ВИРД", "ВИРД", "{B9B95FEE-1F40-4E3F-B406-0B0554D2C09D}"
EndProject
Project("{FAE04EC0-301F-11D3-BF4B-00C04F79EFBC}") = "Krista.FM.Server.Dashboards.DashboardFederal_NAO.Dashboard", "..\..\Projects\Dashboards\Krista.FM.Server.Dashboards\Krista.FM.Server.Dashboards.DashboardFederal_NAO.Dashboard.csproj", "{DF429AD3-8685-48E3-9DA4-1BB15264C1B7}"
EndProject
Project("{FAE04EC0-301F-11D3-BF4B-00C04F79EFBC}") = "Krista.FM.Server.Dashboards.FK_0001_0001_NAO.DefaultCompareChart", "..\..\Projects\Dashboards\Krista.FM.Server.Dashboards\Krista.FM.Server.Dashboards.FK_0001_0001_NAO.DefaultCompareChart.csproj", "{CFFE19FB-8381-43ED-8247-320CD1EF2ECA}"
EndProject
Project("{FAE04EC0-301F-11D3-BF4B-00C04F79EFBC}") = "Krista.FM.Server.Dashboards.FK_0001_0002_NAO.DefaultCompare", "..\..\Projects\Dashboards\Krista.FM.Server.Dashboards\Krista.FM.Server.Dashboards.FK_0001_0002_NAO.DefaultCompare.csproj", "{C010320B-6F35-4030-B6A6-1410554517CF}"
EndProject
Project("{FAE04EC0-301F-11D3-BF4B-00C04F79EFBC}") = "Krista.FM.Server.Dashboards.FK_0001_0002_NAO.DefaultMap", "..\..\Projects\Dashboards\Krista.FM.Server.Dashboards\Krista.FM.Server.Dashboards.FK_0001_0002_NAO.DefaultMap.csproj", "{FE289ACE-BA28-45E6-A96C-159BFFB01FF1}"
EndProject
Project("{FAE04EC0-301F-11D3-BF4B-00C04F79EFBC}") = "Krista.FM.Server.Dashboards.FK_0001_0003_NAO.DefaultCompare", "..\..\Projects\Dashboards\Krista.FM.Server.Dashboards\Krista.FM.Server.Dashboards.FK_0001_0003_NAO.DefaultCompare.csproj", "{6096F790-BB57-456E-936E-BA79BE449A93}"
EndProject
Project("{FAE04EC0-301F-11D3-BF4B-00C04F79EFBC}") = "Krista.FM.Server.Dashboards.FK_0001_0004_NAO.DefaultDetail", "..\..\Projects\Dashboards\Krista.FM.Server.Dashboards\Krista.FM.Server.Dashboards.FK_0001_0004_NAO.DefaultDetail.csproj", "{C3354305-7099-4F92-9817-CE068D7FBF3F}"
EndProject
Project("{FAE04EC0-301F-11D3-BF4B-00C04F79EFBC}") = "Krista.FM.Server.Dashboards.FK_0001_0007_NAO.DefaultDetail", "..\..\Projects\Dashboards\Krista.FM.Server.Dashboards\Krista.FM.Server.Dashboards.FK_0001_0007_NAO.DefaultDetail.csproj", "{D59882C7-AC4B-4916-B53D-604BD439C5A7}"
EndProject
Project("{FAE04EC0-301F-11D3-BF4B-00C04F79EFBC}") = "Krista.FM.Server.Dashboards.FK_0001_0013_NAO.Default", "..\..\Projects\Dashboards\Krista.FM.Server.Dashboards\Krista.FM.Server.Dashboards.FK_0001_0013_NAO.Default.csproj", "{3E5F7AAC-06C2-4F1C-84CA-332BB8333018}"
EndProject
Project("{FAE04EC0-301F-11D3-BF4B-00C04F79EFBC}") = "Krista.FM.Server.Dashboards.FK_0001_0017_01.Default", "..\..\Projects\Dashboards\Krista.FM.Server.Dashboards\Krista.FM.Server.Dashboards.FK_0001_0017_01.Default.csproj", "{DA2D1391-5B68-4128-AE61-BF181BBDF083}"
EndProject
Project("{FAE04EC0-301F-11D3-BF4B-00C04F79EFBC}") = "Krista.FM.Server.Dashboards.FK_0001_0017_02.Default", "..\..\Projects\Dashboards\Krista.FM.Server.Dashboards\Krista.FM.Server.Dashboards.FK_0001_0017_02.Default.csproj", "{D76411DD-F21A-4C95-A138-0BE9110C1413}"
EndProject
Project("{2150E333-8FDC-42A3-9474-1A3956D46DE8}") = "Оценка недополученных доходов", "Оценка недополученных доходов", "{70508404-ABA8-4A6D-99CF-8350A1E7901D}"
EndProject
Project("{FAE04EC0-301F-11D3-BF4B-00C04F79EFBC}") = "Krista.FM.Server.Dashboards.FNS_0004_0001.Default", "..\..\Projects\Dashboards\Krista.FM.Server.Dashboards\Krista.FM.Server.Dashboards.FNS_0004_0001.Default.csproj", "{09CCDDBC-0BCD-48EF-94A2-9BD391893F8F}"
EndProject
Project("{FAE04EC0-301F-11D3-BF4B-00C04F79EFBC}") = "Krista.FM.Server.Dashboards.FNS_0004_0002.Default", "..\..\Projects\Dashboards\Krista.FM.Server.Dashboards\Krista.FM.Server.Dashboards.FNS_0004_0002.Default.csproj", "{F3F58F3E-2EC3-4896-837A-52888C93A8FB}"
EndProject
Project("{2150E333-8FDC-42A3-9474-1A3956D46DE8}") = "Гос. долг", "Гос. долг", "{C3F6F2AD-48E1-4548-B67C-C7F91B30FA1A}"
EndProject
Project("{2150E333-8FDC-42A3-9474-1A3956D46DE8}") = "Мониторинг БККУ", "Мониторинг БККУ", "{094D855F-923E-45F9-84EF-6301BED4E05C}"
EndProject
Project("{2150E333-8FDC-42A3-9474-1A3956D46DE8}") = "МФРФ", "МФРФ", "{9AC81B03-42C9-4A98-B333-1772734DB621}"
EndProject
Project("{2150E333-8FDC-42A3-9474-1A3956D46DE8}") = "83 ФЗ", "83 ФЗ", "{D95C6E8D-B4F8-4D74-B269-340D0DD9B083}"
EndProject
Project("{FAE04EC0-301F-11D3-BF4B-00C04F79EFBC}") = "Krista.FM.Server.Dashboards.FZ_0083_0001.Default", "..\..\Projects\Dashboards\Krista.FM.Server.Dashboards\Krista.FM.Server.Dashboards.FZ_0083_0001.Default.csproj", "{455B7496-52B1-41AB-AC9B-0A8FEFA6F36D}"
EndProject
Project("{2150E333-8FDC-42A3-9474-1A3956D46DE8}") = "Для журнала Бюджет", "Для журнала Бюджет", "{144EF908-60A1-4D05-8B73-71BCCD52BFE7}"
EndProject
Project("{FAE04EC0-301F-11D3-BF4B-00C04F79EFBC}") = "Krista.FM.Server.Dashboards.FK_0001_0001.DefaultCompare_budget", "..\..\Projects\Dashboards\Krista.FM.Server.Dashboards\Krista.FM.Server.Dashboards.FK_0001_0001.DefaultCompare_budget.csproj", "{B6762CE1-665B-494A-8DC6-39BBF3B7E34C}"
EndProject
Project("{FAE04EC0-301F-11D3-BF4B-00C04F79EFBC}") = "Krista.FM.Server.Dashboards.FK_0001_0004.DefaultAllocation_budget", "..\..\Projects\Dashboards\Krista.FM.Server.Dashboards\Krista.FM.Server.Dashboards.FK_0001_0004.DefaultAllocation_budget.csproj", "{49979BB1-C84F-425E-8589-0ED0219743ED}"
EndProject
Project("{FAE04EC0-301F-11D3-BF4B-00C04F79EFBC}") = "Krista.FM.Server.Dashboards.FK_0001_0004.DefaultCompareChart_budget", "..\..\Projects\Dashboards\Krista.FM.Server.Dashboards\Krista.FM.Server.Dashboards.FK_0001_0004.DefaultCompareChart_budget.csproj", "{130ED865-C216-4BFD-8DD2-90E7DB8F80FD}"
EndProject
Project("{FAE04EC0-301F-11D3-BF4B-00C04F79EFBC}") = "Krista.FM.Server.Dashboards.FK_0001_0004.DefaultGroupAllocation_budget", "..\..\Projects\Dashboards\Krista.FM.Server.Dashboards\Krista.FM.Server.Dashboards.FK_0001_0004.DefaultGroupAllocation_budget.csproj", "{9E322015-B2F2-4AE9-844A-7A9C893200ED}"
EndProject
Project("{FAE04EC0-301F-11D3-BF4B-00C04F79EFBC}") = "Krista.FM.Server.Dashboards.FK_0001_0005.DefaultDetail_budget", "..\..\Projects\Dashboards\Krista.FM.Server.Dashboards\Krista.FM.Server.Dashboards.FK_0001_0005.DefaultDetail_budget.csproj", "{FF59098F-CEFB-4988-A434-3BE477F7D8AB}"
EndProject
Project("{FAE04EC0-301F-11D3-BF4B-00C04F79EFBC}") = "Krista.FM.Server.Dashboards.FK_0001_0004.DefaultCompare_budget", "..\..\Projects\Dashboards\Krista.FM.Server.Dashboards\Krista.FM.Server.Dashboards.FK_0001_0004.DefaultCompare_budget.csproj", "{3F9B3122-91D4-4834-84F8-1FE2F5C569FA}"
EndProject
Project("{2150E333-8FDC-42A3-9474-1A3956D46DE8}") = "СТАТ", "СТАТ", "{C4D49FD4-5527-4B48-B4AC-BD1379E3056C}"
EndProject
Project("{FAE04EC0-301F-11D3-BF4B-00C04F79EFBC}") = "Krista.FM.Server.Dashboards.STAT_0001_0011.Default", "..\..\Projects\Dashboards\Krista.FM.Server.Dashboards\Krista.FM.Server.Dashboards.STAT_0001_0011.Default.csproj", "{E470C2CE-4BDF-4CF3-93B4-5E1D96392F8E}"
EndProject
Project("{2150E333-8FDC-42A3-9474-1A3956D46DE8}") = "iPhoneReports", "iPhoneReports", "{7973A506-9369-4B25-B8F9-551AC7FF0D56}"
EndProject
Project("{FAE04EC0-301F-11D3-BF4B-00C04F79EFBC}") = "Krista.FM.Server.Dashboards.iPhone.FK_0001_0001", "..\..\Projects\Dashboards\Krista.FM.Server.Dashboards\Krista.FM.Server.Dashboards.iPhone.FK_0001_0001.csproj", "{78961544-2530-48BC-8239-3F99E83FDBA1}"
EndProject
Project("{FAE04EC0-301F-11D3-BF4B-00C04F79EFBC}") = "Krista.FM.Server.Dashboards.iPhone.FK_0001_0002", "..\..\Projects\Dashboards\Krista.FM.Server.Dashboards\Krista.FM.Server.Dashboards.iPhone.FK_0001_0002.csproj", "{EEA56F87-A5F9-489B-9569-7702E03EBA30}"
EndProject
Project("{FAE04EC0-301F-11D3-BF4B-00C04F79EFBC}") = "Krista.FM.Server.Dashboards.iPhone.FK_0001_0003", "..\..\Projects\Dashboards\Krista.FM.Server.Dashboards\Krista.FM.Server.Dashboards.iPhone.FK_0001_0003.csproj", "{0716F624-462A-41E8-B479-AF7DD6721B77}"
EndProject
Project("{FAE04EC0-301F-11D3-BF4B-00C04F79EFBC}") = "Krista.FM.Server.Dashboards.iPhone.FK_0001_0004", "..\..\Projects\Dashboards\Krista.FM.Server.Dashboards\Krista.FM.Server.Dashboards.iPhone.FK_0001_0004.csproj", "{78597787-F1DA-462E-9F3D-F565CC814BE4}"
EndProject
Project("{FAE04EC0-301F-11D3-BF4B-00C04F79EFBC}") = "Krista.FM.Server.Dashboards.iPhone.MFRF_0001_0005", "..\..\Projects\Dashboards\Krista.FM.Server.Dashboards\Krista.FM.Server.Dashboards.iPhone.MFRF_0001_0005.csproj", "{ECC8DFF4-7F2E-4E22-BC5B-D50FEB88609B}"
EndProject
Project("{FAE04EC0-301F-11D3-BF4B-00C04F79EFBC}") = "Krista.FM.Server.Dashboards.iPhone.MFRF_0002_0001", "..\..\Projects\Dashboards\Krista.FM.Server.Dashboards\Krista.FM.Server.Dashboards.iPhone.MFRF_0002_0001.csproj", "{B964612D-4627-463D-9C48-96B0B1384EC4}"
EndProject
Project("{FAE04EC0-301F-11D3-BF4B-00C04F79EFBC}") = "Krista.FM.Server.Dashboards.iPhone.MFRF_0002_0002", "..\..\Projects\Dashboards\Krista.FM.Server.Dashboards\Krista.FM.Server.Dashboards.iPhone.MFRF_0002_0002.csproj", "{886F51D1-CCF9-4B9B-9AF9-72683A245859}"
EndProject
Project("{2150E333-8FDC-42A3-9474-1A3956D46DE8}") = "Очереди в детские сады", "Очереди в детские сады", "{CA8B0D72-CBB4-427E-B799-C193A0ECC973}"
EndProject
Project("{FAE04EC0-301F-11D3-BF4B-00C04F79EFBC}") = "Krista.FM.Server.Dashboards.iPad.RG_0001_0003", "..\..\Projects\Dashboards\Krista.FM.Server.Dashboards\Krista.FM.Server.Dashboards.iPad.RG_0001_0003.csproj", "{30245F49-EC48-4647-84BF-04D72C46FF4A}"
EndProject
Project("{FAE04EC0-301F-11D3-BF4B-00C04F79EFBC}") = "Krista.FM.Server.Dashboards.iPad.RG_0001_0003_Horizontal", "..\..\Projects\Dashboards\Krista.FM.Server.Dashboards\Krista.FM.Server.Dashboards.iPad.RG_0001_0003_Horizontal.csproj", "{99020752-23F7-4B10-89D4-3AF0E117CD46}"
EndProject
Global
	GlobalSection(SolutionConfigurationPlatforms) = preSolution
		Krista.FM.Server.Dashboards.Debug|Any CPU = Krista.FM.Server.Dashboards.Debug|Any CPU
		Krista.FM.Server.Dashboards.Release|Any CPU = Krista.FM.Server.Dashboards.Release|Any CPU
	EndGlobalSection
	GlobalSection(ProjectConfigurationPlatforms) = postSolution
		{FABEB6E9-EEC1-4390-812D-A5C0D17F346B}.Krista.FM.Server.Dashboards.Debug|Any CPU.ActiveCfg = Krista.FM.Server.Dashboards.Debug|Any CPU
		{FABEB6E9-EEC1-4390-812D-A5C0D17F346B}.Krista.FM.Server.Dashboards.Debug|Any CPU.Build.0 = Krista.FM.Server.Dashboards.Debug|Any CPU
		{FABEB6E9-EEC1-4390-812D-A5C0D17F346B}.Krista.FM.Server.Dashboards.Release|Any CPU.ActiveCfg = Krista.FM.Server.Dashboards.Release|Any CPU
		{FABEB6E9-EEC1-4390-812D-A5C0D17F346B}.Krista.FM.Server.Dashboards.Release|Any CPU.Build.0 = Krista.FM.Server.Dashboards.Release|Any CPU
		{29E31B73-8B09-4B33-814A-D3061D4DCAFD}.Krista.FM.Server.Dashboards.Debug|Any CPU.ActiveCfg = Krista.FM.Server.Dashboards.Debug|Any CPU
		{29E31B73-8B09-4B33-814A-D3061D4DCAFD}.Krista.FM.Server.Dashboards.Debug|Any CPU.Build.0 = Krista.FM.Server.Dashboards.Debug|Any CPU
		{29E31B73-8B09-4B33-814A-D3061D4DCAFD}.Krista.FM.Server.Dashboards.Release|Any CPU.ActiveCfg = Krista.FM.Server.Dashboards.Release|Any CPU
		{29E31B73-8B09-4B33-814A-D3061D4DCAFD}.Krista.FM.Server.Dashboards.Release|Any CPU.Build.0 = Krista.FM.Server.Dashboards.Release|Any CPU
		{771564CF-3F02-4A9A-91CC-F710104EC4B3}.Krista.FM.Server.Dashboards.Debug|Any CPU.ActiveCfg = Krista.FM.Server.Dashboards.Debug|Any CPU
		{771564CF-3F02-4A9A-91CC-F710104EC4B3}.Krista.FM.Server.Dashboards.Debug|Any CPU.Build.0 = Krista.FM.Server.Dashboards.Debug|Any CPU
		{771564CF-3F02-4A9A-91CC-F710104EC4B3}.Krista.FM.Server.Dashboards.Release|Any CPU.ActiveCfg = Krista.FM.Server.Dashboards.Release|Any CPU
		{771564CF-3F02-4A9A-91CC-F710104EC4B3}.Krista.FM.Server.Dashboards.Release|Any CPU.Build.0 = Krista.FM.Server.Dashboards.Release|Any CPU
		{4FF19E83-61D5-4AF5-AAF7-737623059773}.Krista.FM.Server.Dashboards.Debug|Any CPU.ActiveCfg = Krista.FM.Server.Dashboards.Debug|Any CPU
		{4FF19E83-61D5-4AF5-AAF7-737623059773}.Krista.FM.Server.Dashboards.Debug|Any CPU.Build.0 = Krista.FM.Server.Dashboards.Debug|Any CPU
		{4FF19E83-61D5-4AF5-AAF7-737623059773}.Krista.FM.Server.Dashboards.Release|Any CPU.ActiveCfg = Krista.FM.Server.Dashboards.Release|Any CPU
		{4FF19E83-61D5-4AF5-AAF7-737623059773}.Krista.FM.Server.Dashboards.Release|Any CPU.Build.0 = Krista.FM.Server.Dashboards.Release|Any CPU
		{24C607A3-2BA3-4D29-A6DB-F7F866302E76}.Krista.FM.Server.Dashboards.Debug|Any CPU.ActiveCfg = Krista.FM.Server.Dashboards.Debug|Any CPU
		{24C607A3-2BA3-4D29-A6DB-F7F866302E76}.Krista.FM.Server.Dashboards.Debug|Any CPU.Build.0 = Krista.FM.Server.Dashboards.Debug|Any CPU
		{24C607A3-2BA3-4D29-A6DB-F7F866302E76}.Krista.FM.Server.Dashboards.Release|Any CPU.ActiveCfg = Krista.FM.Server.Dashboards.Release|Any CPU
		{24C607A3-2BA3-4D29-A6DB-F7F866302E76}.Krista.FM.Server.Dashboards.Release|Any CPU.Build.0 = Krista.FM.Server.Dashboards.Release|Any CPU
		{134223D3-2075-431F-A85E-BEA38D1E799B}.Krista.FM.Server.Dashboards.Debug|Any CPU.ActiveCfg = Krista.FM.Server.Dashboards.Debug|Any CPU
		{134223D3-2075-431F-A85E-BEA38D1E799B}.Krista.FM.Server.Dashboards.Debug|Any CPU.Build.0 = Krista.FM.Server.Dashboards.Debug|Any CPU
		{134223D3-2075-431F-A85E-BEA38D1E799B}.Krista.FM.Server.Dashboards.Release|Any CPU.ActiveCfg = Krista.FM.Server.Dashboards.Release|Any CPU
		{134223D3-2075-431F-A85E-BEA38D1E799B}.Krista.FM.Server.Dashboards.Release|Any CPU.Build.0 = Krista.FM.Server.Dashboards.Release|Any CPU
		{74190CC5-B2E8-4065-AC1D-CD8C226D6EA1}.Krista.FM.Server.Dashboards.Debug|Any CPU.ActiveCfg = Krista.FM.Server.Dashboards.Debug|Any CPU
		{74190CC5-B2E8-4065-AC1D-CD8C226D6EA1}.Krista.FM.Server.Dashboards.Debug|Any CPU.Build.0 = Krista.FM.Server.Dashboards.Debug|Any CPU
		{74190CC5-B2E8-4065-AC1D-CD8C226D6EA1}.Krista.FM.Server.Dashboards.Release|Any CPU.ActiveCfg = Krista.FM.Server.Dashboards.Release|Any CPU
		{74190CC5-B2E8-4065-AC1D-CD8C226D6EA1}.Krista.FM.Server.Dashboards.Release|Any CPU.Build.0 = Krista.FM.Server.Dashboards.Release|Any CPU
		{62258010-D25C-4128-93DE-1F6553D3870B}.Krista.FM.Server.Dashboards.Debug|Any CPU.ActiveCfg = Krista.FM.Server.Dashboards.Debug|Any CPU
		{62258010-D25C-4128-93DE-1F6553D3870B}.Krista.FM.Server.Dashboards.Debug|Any CPU.Build.0 = Krista.FM.Server.Dashboards.Debug|Any CPU
		{62258010-D25C-4128-93DE-1F6553D3870B}.Krista.FM.Server.Dashboards.Release|Any CPU.ActiveCfg = Krista.FM.Server.Dashboards.Release|Any CPU
		{62258010-D25C-4128-93DE-1F6553D3870B}.Krista.FM.Server.Dashboards.Release|Any CPU.Build.0 = Krista.FM.Server.Dashboards.Release|Any CPU
		{A11B6335-913A-469F-93C9-C3C2AB7E7C9A}.Krista.FM.Server.Dashboards.Debug|Any CPU.ActiveCfg = Krista.FM.Server.Dashboards.Debug|Any CPU
		{A11B6335-913A-469F-93C9-C3C2AB7E7C9A}.Krista.FM.Server.Dashboards.Debug|Any CPU.Build.0 = Krista.FM.Server.Dashboards.Debug|Any CPU
		{A11B6335-913A-469F-93C9-C3C2AB7E7C9A}.Krista.FM.Server.Dashboards.Release|Any CPU.ActiveCfg = Krista.FM.Server.Dashboards.Release|Any CPU
		{A11B6335-913A-469F-93C9-C3C2AB7E7C9A}.Krista.FM.Server.Dashboards.Release|Any CPU.Build.0 = Krista.FM.Server.Dashboards.Release|Any CPU
		{8B9D99D9-7490-4AEC-82EA-A1E1567A93A6}.Krista.FM.Server.Dashboards.Debug|Any CPU.ActiveCfg = Krista.FM.Server.Dashboards.Debug|Any CPU
		{8B9D99D9-7490-4AEC-82EA-A1E1567A93A6}.Krista.FM.Server.Dashboards.Debug|Any CPU.Build.0 = Krista.FM.Server.Dashboards.Debug|Any CPU
		{8B9D99D9-7490-4AEC-82EA-A1E1567A93A6}.Krista.FM.Server.Dashboards.Release|Any CPU.ActiveCfg = Krista.FM.Server.Dashboards.Release|Any CPU
		{8B9D99D9-7490-4AEC-82EA-A1E1567A93A6}.Krista.FM.Server.Dashboards.Release|Any CPU.Build.0 = Krista.FM.Server.Dashboards.Release|Any CPU
		{960532FB-BBC1-451A-9983-519D08EBC4F0}.Krista.FM.Server.Dashboards.Debug|Any CPU.ActiveCfg = Krista.FM.Server.Dashboards.Debug|Any CPU
		{960532FB-BBC1-451A-9983-519D08EBC4F0}.Krista.FM.Server.Dashboards.Debug|Any CPU.Build.0 = Krista.FM.Server.Dashboards.Debug|Any CPU
		{960532FB-BBC1-451A-9983-519D08EBC4F0}.Krista.FM.Server.Dashboards.Release|Any CPU.ActiveCfg = Krista.FM.Server.Dashboards.Release|Any CPU
		{960532FB-BBC1-451A-9983-519D08EBC4F0}.Krista.FM.Server.Dashboards.Release|Any CPU.Build.0 = Krista.FM.Server.Dashboards.Release|Any CPU
		{1C3C2767-0ABA-40E0-B393-E9EB9E560DB9}.Krista.FM.Server.Dashboards.Debug|Any CPU.ActiveCfg = Krista.FM.Server.Dashboards.Debug|Any CPU
		{1C3C2767-0ABA-40E0-B393-E9EB9E560DB9}.Krista.FM.Server.Dashboards.Debug|Any CPU.Build.0 = Krista.FM.Server.Dashboards.Debug|Any CPU
		{1C3C2767-0ABA-40E0-B393-E9EB9E560DB9}.Krista.FM.Server.Dashboards.Release|Any CPU.ActiveCfg = Krista.FM.Server.Dashboards.Release|Any CPU
		{1C3C2767-0ABA-40E0-B393-E9EB9E560DB9}.Krista.FM.Server.Dashboards.Release|Any CPU.Build.0 = Krista.FM.Server.Dashboards.Release|Any CPU
		{1C78540D-7B27-4F59-B93A-8CF01636CF77}.Krista.FM.Server.Dashboards.Debug|Any CPU.ActiveCfg = Krista.FM.Server.Dashboards.Debug|Any CPU
		{1C78540D-7B27-4F59-B93A-8CF01636CF77}.Krista.FM.Server.Dashboards.Debug|Any CPU.Build.0 = Krista.FM.Server.Dashboards.Debug|Any CPU
		{1C78540D-7B27-4F59-B93A-8CF01636CF77}.Krista.FM.Server.Dashboards.Release|Any CPU.ActiveCfg = Krista.FM.Server.Dashboards.Release|Any CPU
		{1C78540D-7B27-4F59-B93A-8CF01636CF77}.Krista.FM.Server.Dashboards.Release|Any CPU.Build.0 = Krista.FM.Server.Dashboards.Release|Any CPU
		{36A4F40F-FA63-4F93-BF12-0B7C015079B0}.Krista.FM.Server.Dashboards.Debug|Any CPU.ActiveCfg = Krista.FM.Server.Dashboards.Debug|Any CPU
		{36A4F40F-FA63-4F93-BF12-0B7C015079B0}.Krista.FM.Server.Dashboards.Debug|Any CPU.Build.0 = Krista.FM.Server.Dashboards.Debug|Any CPU
		{36A4F40F-FA63-4F93-BF12-0B7C015079B0}.Krista.FM.Server.Dashboards.Release|Any CPU.ActiveCfg = Krista.FM.Server.Dashboards.Release|Any CPU
		{36A4F40F-FA63-4F93-BF12-0B7C015079B0}.Krista.FM.Server.Dashboards.Release|Any CPU.Build.0 = Krista.FM.Server.Dashboards.Release|Any CPU
		{4D052482-6633-41B3-9F64-AE11B91F5B1E}.Krista.FM.Server.Dashboards.Debug|Any CPU.ActiveCfg = Krista.FM.Server.Dashboards.Debug|Any CPU
		{4D052482-6633-41B3-9F64-AE11B91F5B1E}.Krista.FM.Server.Dashboards.Debug|Any CPU.Build.0 = Krista.FM.Server.Dashboards.Debug|Any CPU
		{4D052482-6633-41B3-9F64-AE11B91F5B1E}.Krista.FM.Server.Dashboards.Release|Any CPU.ActiveCfg = Krista.FM.Server.Dashboards.Release|Any CPU
		{4D052482-6633-41B3-9F64-AE11B91F5B1E}.Krista.FM.Server.Dashboards.Release|Any CPU.Build.0 = Krista.FM.Server.Dashboards.Release|Any CPU
		{444563CE-9E19-440C-8DDB-23B1F07A8D3B}.Krista.FM.Server.Dashboards.Debug|Any CPU.ActiveCfg = Krista.FM.Server.Dashboards.Debug|Any CPU
		{444563CE-9E19-440C-8DDB-23B1F07A8D3B}.Krista.FM.Server.Dashboards.Debug|Any CPU.Build.0 = Krista.FM.Server.Dashboards.Debug|Any CPU
		{444563CE-9E19-440C-8DDB-23B1F07A8D3B}.Krista.FM.Server.Dashboards.Release|Any CPU.ActiveCfg = Krista.FM.Server.Dashboards.Release|Any CPU
		{444563CE-9E19-440C-8DDB-23B1F07A8D3B}.Krista.FM.Server.Dashboards.Release|Any CPU.Build.0 = Krista.FM.Server.Dashboards.Release|Any CPU
		{AF698C0D-642A-4B9D-8EBE-46A7462B2275}.Krista.FM.Server.Dashboards.Debug|Any CPU.ActiveCfg = Krista.FM.Server.Dashboards.Debug|Any CPU
		{AF698C0D-642A-4B9D-8EBE-46A7462B2275}.Krista.FM.Server.Dashboards.Debug|Any CPU.Build.0 = Krista.FM.Server.Dashboards.Debug|Any CPU
		{AF698C0D-642A-4B9D-8EBE-46A7462B2275}.Krista.FM.Server.Dashboards.Release|Any CPU.ActiveCfg = Krista.FM.Server.Dashboards.Release|Any CPU
		{AF698C0D-642A-4B9D-8EBE-46A7462B2275}.Krista.FM.Server.Dashboards.Release|Any CPU.Build.0 = Krista.FM.Server.Dashboards.Release|Any CPU
		{97D15D92-C3FC-4208-A060-AE5A7494C634}.Krista.FM.Server.Dashboards.Debug|Any CPU.ActiveCfg = Krista.FM.Server.Dashboards.Debug|Any CPU
		{97D15D92-C3FC-4208-A060-AE5A7494C634}.Krista.FM.Server.Dashboards.Debug|Any CPU.Build.0 = Krista.FM.Server.Dashboards.Debug|Any CPU
		{97D15D92-C3FC-4208-A060-AE5A7494C634}.Krista.FM.Server.Dashboards.Release|Any CPU.ActiveCfg = Krista.FM.Server.Dashboards.Release|Any CPU
		{97D15D92-C3FC-4208-A060-AE5A7494C634}.Krista.FM.Server.Dashboards.Release|Any CPU.Build.0 = Krista.FM.Server.Dashboards.Release|Any CPU
		{530BDE86-A8E2-4BA9-8778-65D792B5F8B6}.Krista.FM.Server.Dashboards.Debug|Any CPU.ActiveCfg = Krista.FM.Server.Dashboards.Debug|Any CPU
		{530BDE86-A8E2-4BA9-8778-65D792B5F8B6}.Krista.FM.Server.Dashboards.Debug|Any CPU.Build.0 = Krista.FM.Server.Dashboards.Debug|Any CPU
		{530BDE86-A8E2-4BA9-8778-65D792B5F8B6}.Krista.FM.Server.Dashboards.Release|Any CPU.ActiveCfg = Krista.FM.Server.Dashboards.Release|Any CPU
		{530BDE86-A8E2-4BA9-8778-65D792B5F8B6}.Krista.FM.Server.Dashboards.Release|Any CPU.Build.0 = Krista.FM.Server.Dashboards.Release|Any CPU
		{DD9FCD19-3CFA-46A2-A63F-A08980592E66}.Krista.FM.Server.Dashboards.Debug|Any CPU.ActiveCfg = Krista.FM.Server.Dashboards.Debug|Any CPU
		{DD9FCD19-3CFA-46A2-A63F-A08980592E66}.Krista.FM.Server.Dashboards.Debug|Any CPU.Build.0 = Krista.FM.Server.Dashboards.Debug|Any CPU
		{DD9FCD19-3CFA-46A2-A63F-A08980592E66}.Krista.FM.Server.Dashboards.Release|Any CPU.ActiveCfg = Krista.FM.Server.Dashboards.Release|Any CPU
		{DD9FCD19-3CFA-46A2-A63F-A08980592E66}.Krista.FM.Server.Dashboards.Release|Any CPU.Build.0 = Krista.FM.Server.Dashboards.Release|Any CPU
		{9401E046-181A-4EDD-9956-1A4E85BF2792}.Krista.FM.Server.Dashboards.Debug|Any CPU.ActiveCfg = Krista.FM.Server.Dashboards.Debug|Any CPU
		{9401E046-181A-4EDD-9956-1A4E85BF2792}.Krista.FM.Server.Dashboards.Debug|Any CPU.Build.0 = Krista.FM.Server.Dashboards.Debug|Any CPU
		{9401E046-181A-4EDD-9956-1A4E85BF2792}.Krista.FM.Server.Dashboards.Release|Any CPU.ActiveCfg = Krista.FM.Server.Dashboards.Release|Any CPU
		{9401E046-181A-4EDD-9956-1A4E85BF2792}.Krista.FM.Server.Dashboards.Release|Any CPU.Build.0 = Krista.FM.Server.Dashboards.Release|Any CPU
		{BDF0DE7E-535E-440E-BEAA-E1DC2B34B884}.Krista.FM.Server.Dashboards.Debug|Any CPU.ActiveCfg = Krista.FM.Server.Dashboards.Debug|Any CPU
		{BDF0DE7E-535E-440E-BEAA-E1DC2B34B884}.Krista.FM.Server.Dashboards.Debug|Any CPU.Build.0 = Krista.FM.Server.Dashboards.Debug|Any CPU
		{BDF0DE7E-535E-440E-BEAA-E1DC2B34B884}.Krista.FM.Server.Dashboards.Release|Any CPU.ActiveCfg = Krista.FM.Server.Dashboards.Release|Any CPU
		{BDF0DE7E-535E-440E-BEAA-E1DC2B34B884}.Krista.FM.Server.Dashboards.Release|Any CPU.Build.0 = Krista.FM.Server.Dashboards.Release|Any CPU
		{B439E4D9-ABB9-4395-A2C2-BCC8FA820FD7}.Krista.FM.Server.Dashboards.Debug|Any CPU.ActiveCfg = Krista.FM.Server.Dashboards.Debug|Any CPU
		{B439E4D9-ABB9-4395-A2C2-BCC8FA820FD7}.Krista.FM.Server.Dashboards.Debug|Any CPU.Build.0 = Krista.FM.Server.Dashboards.Debug|Any CPU
		{B439E4D9-ABB9-4395-A2C2-BCC8FA820FD7}.Krista.FM.Server.Dashboards.Release|Any CPU.ActiveCfg = Krista.FM.Server.Dashboards.Release|Any CPU
		{B439E4D9-ABB9-4395-A2C2-BCC8FA820FD7}.Krista.FM.Server.Dashboards.Release|Any CPU.Build.0 = Krista.FM.Server.Dashboards.Release|Any CPU
		{5A87940A-7E9D-4636-85D9-161582D3D311}.Krista.FM.Server.Dashboards.Debug|Any CPU.ActiveCfg = Krista.FM.Server.Dashboards.Debug|Any CPU
		{5A87940A-7E9D-4636-85D9-161582D3D311}.Krista.FM.Server.Dashboards.Debug|Any CPU.Build.0 = Krista.FM.Server.Dashboards.Debug|Any CPU
		{5A87940A-7E9D-4636-85D9-161582D3D311}.Krista.FM.Server.Dashboards.Release|Any CPU.ActiveCfg = Krista.FM.Server.Dashboards.Release|Any CPU
		{5A87940A-7E9D-4636-85D9-161582D3D311}.Krista.FM.Server.Dashboards.Release|Any CPU.Build.0 = Krista.FM.Server.Dashboards.Release|Any CPU
		{0DEA340E-18B3-4A89-977E-4FD7F81E65F3}.Krista.FM.Server.Dashboards.Debug|Any CPU.ActiveCfg = Krista.FM.Server.Dashboards.Debug|Any CPU
		{0DEA340E-18B3-4A89-977E-4FD7F81E65F3}.Krista.FM.Server.Dashboards.Debug|Any CPU.Build.0 = Krista.FM.Server.Dashboards.Debug|Any CPU
		{0DEA340E-18B3-4A89-977E-4FD7F81E65F3}.Krista.FM.Server.Dashboards.Release|Any CPU.ActiveCfg = Krista.FM.Server.Dashboards.Release|Any CPU
		{0DEA340E-18B3-4A89-977E-4FD7F81E65F3}.Krista.FM.Server.Dashboards.Release|Any CPU.Build.0 = Krista.FM.Server.Dashboards.Release|Any CPU
		{7BD7D789-493B-47F8-8577-1A4117FE1CC5}.Krista.FM.Server.Dashboards.Debug|Any CPU.ActiveCfg = Krista.FM.Server.Dashboards.Debug|Any CPU
		{7BD7D789-493B-47F8-8577-1A4117FE1CC5}.Krista.FM.Server.Dashboards.Debug|Any CPU.Build.0 = Krista.FM.Server.Dashboards.Debug|Any CPU
		{7BD7D789-493B-47F8-8577-1A4117FE1CC5}.Krista.FM.Server.Dashboards.Release|Any CPU.ActiveCfg = Krista.FM.Server.Dashboards.Release|Any CPU
		{7BD7D789-493B-47F8-8577-1A4117FE1CC5}.Krista.FM.Server.Dashboards.Release|Any CPU.Build.0 = Krista.FM.Server.Dashboards.Release|Any CPU
		{5CF2EB29-CAD9-488A-BCD8-9394231EE397}.Krista.FM.Server.Dashboards.Debug|Any CPU.ActiveCfg = Krista.FM.Server.Dashboards.Debug|Any CPU
		{5CF2EB29-CAD9-488A-BCD8-9394231EE397}.Krista.FM.Server.Dashboards.Debug|Any CPU.Build.0 = Krista.FM.Server.Dashboards.Debug|Any CPU
		{5CF2EB29-CAD9-488A-BCD8-9394231EE397}.Krista.FM.Server.Dashboards.Release|Any CPU.ActiveCfg = Krista.FM.Server.Dashboards.Release|Any CPU
		{5CF2EB29-CAD9-488A-BCD8-9394231EE397}.Krista.FM.Server.Dashboards.Release|Any CPU.Build.0 = Krista.FM.Server.Dashboards.Release|Any CPU
		{3D530F4E-131C-452A-A82F-9CFC98F1D810}.Krista.FM.Server.Dashboards.Debug|Any CPU.ActiveCfg = Krista.FM.Server.Dashboards.Debug|Any CPU
		{3D530F4E-131C-452A-A82F-9CFC98F1D810}.Krista.FM.Server.Dashboards.Debug|Any CPU.Build.0 = Krista.FM.Server.Dashboards.Debug|Any CPU
		{3D530F4E-131C-452A-A82F-9CFC98F1D810}.Krista.FM.Server.Dashboards.Release|Any CPU.ActiveCfg = Krista.FM.Server.Dashboards.Release|Any CPU
		{3D530F4E-131C-452A-A82F-9CFC98F1D810}.Krista.FM.Server.Dashboards.Release|Any CPU.Build.0 = Krista.FM.Server.Dashboards.Release|Any CPU
		{6EFF76E8-E755-489D-B71C-1F83F196DD40}.Krista.FM.Server.Dashboards.Debug|Any CPU.ActiveCfg = Krista.FM.Server.Dashboards.Debug|Any CPU
		{6EFF76E8-E755-489D-B71C-1F83F196DD40}.Krista.FM.Server.Dashboards.Debug|Any CPU.Build.0 = Krista.FM.Server.Dashboards.Debug|Any CPU
		{6EFF76E8-E755-489D-B71C-1F83F196DD40}.Krista.FM.Server.Dashboards.Release|Any CPU.ActiveCfg = Krista.FM.Server.Dashboards.Release|Any CPU
		{6EFF76E8-E755-489D-B71C-1F83F196DD40}.Krista.FM.Server.Dashboards.Release|Any CPU.Build.0 = Krista.FM.Server.Dashboards.Release|Any CPU
		{FB351B67-F02E-4F1B-B7F1-961CD46D5510}.Krista.FM.Server.Dashboards.Debug|Any CPU.ActiveCfg = Krista.FM.Server.Dashboards.Debug|Any CPU
		{FB351B67-F02E-4F1B-B7F1-961CD46D5510}.Krista.FM.Server.Dashboards.Debug|Any CPU.Build.0 = Krista.FM.Server.Dashboards.Debug|Any CPU
		{FB351B67-F02E-4F1B-B7F1-961CD46D5510}.Krista.FM.Server.Dashboards.Release|Any CPU.ActiveCfg = Krista.FM.Server.Dashboards.Release|Any CPU
		{FB351B67-F02E-4F1B-B7F1-961CD46D5510}.Krista.FM.Server.Dashboards.Release|Any CPU.Build.0 = Krista.FM.Server.Dashboards.Release|Any CPU
		{71322CDE-CFF9-4284-AE8B-502F3D4DEDC5}.Krista.FM.Server.Dashboards.Debug|Any CPU.ActiveCfg = Krista.FM.Server.Dashboards.Debug|Any CPU
		{71322CDE-CFF9-4284-AE8B-502F3D4DEDC5}.Krista.FM.Server.Dashboards.Debug|Any CPU.Build.0 = Krista.FM.Server.Dashboards.Debug|Any CPU
		{71322CDE-CFF9-4284-AE8B-502F3D4DEDC5}.Krista.FM.Server.Dashboards.Release|Any CPU.ActiveCfg = Krista.FM.Server.Dashboards.Release|Any CPU
		{71322CDE-CFF9-4284-AE8B-502F3D4DEDC5}.Krista.FM.Server.Dashboards.Release|Any CPU.Build.0 = Krista.FM.Server.Dashboards.Release|Any CPU
		{C49FD3A6-5395-4442-A3A6-931828AC8E47}.Krista.FM.Server.Dashboards.Debug|Any CPU.ActiveCfg = Krista.FM.Server.Dashboards.Debug|Any CPU
		{C49FD3A6-5395-4442-A3A6-931828AC8E47}.Krista.FM.Server.Dashboards.Debug|Any CPU.Build.0 = Krista.FM.Server.Dashboards.Debug|Any CPU
		{C49FD3A6-5395-4442-A3A6-931828AC8E47}.Krista.FM.Server.Dashboards.Release|Any CPU.ActiveCfg = Krista.FM.Server.Dashboards.Release|Any CPU
		{C49FD3A6-5395-4442-A3A6-931828AC8E47}.Krista.FM.Server.Dashboards.Release|Any CPU.Build.0 = Krista.FM.Server.Dashboards.Release|Any CPU
		{6CCB756C-D41E-42AA-80A8-FAD1CEF6E6FB}.Krista.FM.Server.Dashboards.Debug|Any CPU.ActiveCfg = Krista.FM.Server.Dashboards.Debug|Any CPU
		{6CCB756C-D41E-42AA-80A8-FAD1CEF6E6FB}.Krista.FM.Server.Dashboards.Debug|Any CPU.Build.0 = Krista.FM.Server.Dashboards.Debug|Any CPU
		{6CCB756C-D41E-42AA-80A8-FAD1CEF6E6FB}.Krista.FM.Server.Dashboards.Release|Any CPU.ActiveCfg = Krista.FM.Server.Dashboards.Release|Any CPU
		{6CCB756C-D41E-42AA-80A8-FAD1CEF6E6FB}.Krista.FM.Server.Dashboards.Release|Any CPU.Build.0 = Krista.FM.Server.Dashboards.Release|Any CPU
		{139A2672-1E8A-4700-A5FB-0A05B34F02F6}.Krista.FM.Server.Dashboards.Debug|Any CPU.ActiveCfg = Krista.FM.Server.Dashboards.Debug|Any CPU
		{139A2672-1E8A-4700-A5FB-0A05B34F02F6}.Krista.FM.Server.Dashboards.Debug|Any CPU.Build.0 = Krista.FM.Server.Dashboards.Debug|Any CPU
		{139A2672-1E8A-4700-A5FB-0A05B34F02F6}.Krista.FM.Server.Dashboards.Release|Any CPU.ActiveCfg = Krista.FM.Server.Dashboards.Release|Any CPU
		{139A2672-1E8A-4700-A5FB-0A05B34F02F6}.Krista.FM.Server.Dashboards.Release|Any CPU.Build.0 = Krista.FM.Server.Dashboards.Release|Any CPU
		{AF342789-6944-45D9-A774-65EF22F7D828}.Krista.FM.Server.Dashboards.Debug|Any CPU.ActiveCfg = Krista.FM.Server.Dashboards.Debug|Any CPU
		{AF342789-6944-45D9-A774-65EF22F7D828}.Krista.FM.Server.Dashboards.Debug|Any CPU.Build.0 = Krista.FM.Server.Dashboards.Debug|Any CPU
		{AF342789-6944-45D9-A774-65EF22F7D828}.Krista.FM.Server.Dashboards.Release|Any CPU.ActiveCfg = Krista.FM.Server.Dashboards.Release|Any CPU
		{AF342789-6944-45D9-A774-65EF22F7D828}.Krista.FM.Server.Dashboards.Release|Any CPU.Build.0 = Krista.FM.Server.Dashboards.Release|Any CPU
		{05EA59B4-00C3-4E45-8D2F-187591505715}.Krista.FM.Server.Dashboards.Debug|Any CPU.ActiveCfg = Krista.FM.Server.Dashboards.Debug|Any CPU
		{05EA59B4-00C3-4E45-8D2F-187591505715}.Krista.FM.Server.Dashboards.Debug|Any CPU.Build.0 = Krista.FM.Server.Dashboards.Debug|Any CPU
		{05EA59B4-00C3-4E45-8D2F-187591505715}.Krista.FM.Server.Dashboards.Release|Any CPU.ActiveCfg = Krista.FM.Server.Dashboards.Release|Any CPU
		{05EA59B4-00C3-4E45-8D2F-187591505715}.Krista.FM.Server.Dashboards.Release|Any CPU.Build.0 = Krista.FM.Server.Dashboards.Release|Any CPU
		{7BEC3A0D-8521-44C3-82D0-58120E3970B3}.Krista.FM.Server.Dashboards.Debug|Any CPU.ActiveCfg = Krista.FM.Server.Dashboards.Debug|Any CPU
		{7BEC3A0D-8521-44C3-82D0-58120E3970B3}.Krista.FM.Server.Dashboards.Debug|Any CPU.Build.0 = Krista.FM.Server.Dashboards.Debug|Any CPU
		{7BEC3A0D-8521-44C3-82D0-58120E3970B3}.Krista.FM.Server.Dashboards.Release|Any CPU.ActiveCfg = Krista.FM.Server.Dashboards.Release|Any CPU
		{7BEC3A0D-8521-44C3-82D0-58120E3970B3}.Krista.FM.Server.Dashboards.Release|Any CPU.Build.0 = Krista.FM.Server.Dashboards.Release|Any CPU
		{0D81FB57-DD7C-428B-994F-564D84D5BC1B}.Krista.FM.Server.Dashboards.Debug|Any CPU.ActiveCfg = Krista.FM.Server.Dashboards.Debug|Any CPU
		{0D81FB57-DD7C-428B-994F-564D84D5BC1B}.Krista.FM.Server.Dashboards.Debug|Any CPU.Build.0 = Krista.FM.Server.Dashboards.Debug|Any CPU
		{0D81FB57-DD7C-428B-994F-564D84D5BC1B}.Krista.FM.Server.Dashboards.Release|Any CPU.ActiveCfg = Krista.FM.Server.Dashboards.Release|Any CPU
		{0D81FB57-DD7C-428B-994F-564D84D5BC1B}.Krista.FM.Server.Dashboards.Release|Any CPU.Build.0 = Krista.FM.Server.Dashboards.Release|Any CPU
		{40A5C601-7C1B-45DA-9BDD-8F0665A35563}.Krista.FM.Server.Dashboards.Debug|Any CPU.ActiveCfg = Krista.FM.Server.Dashboards.Debug|Any CPU
		{40A5C601-7C1B-45DA-9BDD-8F0665A35563}.Krista.FM.Server.Dashboards.Debug|Any CPU.Build.0 = Krista.FM.Server.Dashboards.Debug|Any CPU
		{40A5C601-7C1B-45DA-9BDD-8F0665A35563}.Krista.FM.Server.Dashboards.Release|Any CPU.ActiveCfg = Krista.FM.Server.Dashboards.Release|Any CPU
		{40A5C601-7C1B-45DA-9BDD-8F0665A35563}.Krista.FM.Server.Dashboards.Release|Any CPU.Build.0 = Krista.FM.Server.Dashboards.Release|Any CPU
		{9902CB96-AC77-4EF6-8452-EC447E995750}.Krista.FM.Server.Dashboards.Debug|Any CPU.ActiveCfg = Krista.FM.Server.Dashboards.Debug|Any CPU
		{9902CB96-AC77-4EF6-8452-EC447E995750}.Krista.FM.Server.Dashboards.Debug|Any CPU.Build.0 = Krista.FM.Server.Dashboards.Debug|Any CPU
		{9902CB96-AC77-4EF6-8452-EC447E995750}.Krista.FM.Server.Dashboards.Release|Any CPU.ActiveCfg = Krista.FM.Server.Dashboards.Release|Any CPU
		{9902CB96-AC77-4EF6-8452-EC447E995750}.Krista.FM.Server.Dashboards.Release|Any CPU.Build.0 = Krista.FM.Server.Dashboards.Release|Any CPU
		{DF429AD3-8685-48E3-9DA4-1BB15264C1B7}.Krista.FM.Server.Dashboards.Debug|Any CPU.ActiveCfg = Krista.FM.Server.Dashboards.Debug|Any CPU
		{DF429AD3-8685-48E3-9DA4-1BB15264C1B7}.Krista.FM.Server.Dashboards.Debug|Any CPU.Build.0 = Krista.FM.Server.Dashboards.Debug|Any CPU
		{DF429AD3-8685-48E3-9DA4-1BB15264C1B7}.Krista.FM.Server.Dashboards.Release|Any CPU.ActiveCfg = Krista.FM.Server.Dashboards.Release|Any CPU
		{DF429AD3-8685-48E3-9DA4-1BB15264C1B7}.Krista.FM.Server.Dashboards.Release|Any CPU.Build.0 = Krista.FM.Server.Dashboards.Release|Any CPU
		{CFFE19FB-8381-43ED-8247-320CD1EF2ECA}.Krista.FM.Server.Dashboards.Debug|Any CPU.ActiveCfg = Krista.FM.Server.Dashboards.Debug|Any CPU
		{CFFE19FB-8381-43ED-8247-320CD1EF2ECA}.Krista.FM.Server.Dashboards.Debug|Any CPU.Build.0 = Krista.FM.Server.Dashboards.Debug|Any CPU
		{CFFE19FB-8381-43ED-8247-320CD1EF2ECA}.Krista.FM.Server.Dashboards.Release|Any CPU.ActiveCfg = Krista.FM.Server.Dashboards.Release|Any CPU
		{CFFE19FB-8381-43ED-8247-320CD1EF2ECA}.Krista.FM.Server.Dashboards.Release|Any CPU.Build.0 = Krista.FM.Server.Dashboards.Release|Any CPU
		{C010320B-6F35-4030-B6A6-1410554517CF}.Krista.FM.Server.Dashboards.Debug|Any CPU.ActiveCfg = Krista.FM.Server.Dashboards.Debug|Any CPU
		{C010320B-6F35-4030-B6A6-1410554517CF}.Krista.FM.Server.Dashboards.Debug|Any CPU.Build.0 = Krista.FM.Server.Dashboards.Debug|Any CPU
		{C010320B-6F35-4030-B6A6-1410554517CF}.Krista.FM.Server.Dashboards.Release|Any CPU.ActiveCfg = Krista.FM.Server.Dashboards.Release|Any CPU
		{C010320B-6F35-4030-B6A6-1410554517CF}.Krista.FM.Server.Dashboards.Release|Any CPU.Build.0 = Krista.FM.Server.Dashboards.Release|Any CPU
		{FE289ACE-BA28-45E6-A96C-159BFFB01FF1}.Krista.FM.Server.Dashboards.Debug|Any CPU.ActiveCfg = Krista.FM.Server.Dashboards.Debug|Any CPU
		{FE289ACE-BA28-45E6-A96C-159BFFB01FF1}.Krista.FM.Server.Dashboards.Debug|Any CPU.Build.0 = Krista.FM.Server.Dashboards.Debug|Any CPU
		{FE289ACE-BA28-45E6-A96C-159BFFB01FF1}.Krista.FM.Server.Dashboards.Release|Any CPU.ActiveCfg = Krista.FM.Server.Dashboards.Release|Any CPU
		{FE289ACE-BA28-45E6-A96C-159BFFB01FF1}.Krista.FM.Server.Dashboards.Release|Any CPU.Build.0 = Krista.FM.Server.Dashboards.Release|Any CPU
		{6096F790-BB57-456E-936E-BA79BE449A93}.Krista.FM.Server.Dashboards.Debug|Any CPU.ActiveCfg = Krista.FM.Server.Dashboards.Debug|Any CPU
		{6096F790-BB57-456E-936E-BA79BE449A93}.Krista.FM.Server.Dashboards.Debug|Any CPU.Build.0 = Krista.FM.Server.Dashboards.Debug|Any CPU
		{6096F790-BB57-456E-936E-BA79BE449A93}.Krista.FM.Server.Dashboards.Release|Any CPU.ActiveCfg = Krista.FM.Server.Dashboards.Release|Any CPU
		{6096F790-BB57-456E-936E-BA79BE449A93}.Krista.FM.Server.Dashboards.Release|Any CPU.Build.0 = Krista.FM.Server.Dashboards.Release|Any CPU
		{C3354305-7099-4F92-9817-CE068D7FBF3F}.Krista.FM.Server.Dashboards.Debug|Any CPU.ActiveCfg = Krista.FM.Server.Dashboards.Debug|Any CPU
		{C3354305-7099-4F92-9817-CE068D7FBF3F}.Krista.FM.Server.Dashboards.Debug|Any CPU.Build.0 = Krista.FM.Server.Dashboards.Debug|Any CPU
		{C3354305-7099-4F92-9817-CE068D7FBF3F}.Krista.FM.Server.Dashboards.Release|Any CPU.ActiveCfg = Krista.FM.Server.Dashboards.Release|Any CPU
		{C3354305-7099-4F92-9817-CE068D7FBF3F}.Krista.FM.Server.Dashboards.Release|Any CPU.Build.0 = Krista.FM.Server.Dashboards.Release|Any CPU
		{D59882C7-AC4B-4916-B53D-604BD439C5A7}.Krista.FM.Server.Dashboards.Debug|Any CPU.ActiveCfg = Krista.FM.Server.Dashboards.Debug|Any CPU
		{D59882C7-AC4B-4916-B53D-604BD439C5A7}.Krista.FM.Server.Dashboards.Debug|Any CPU.Build.0 = Krista.FM.Server.Dashboards.Debug|Any CPU
		{D59882C7-AC4B-4916-B53D-604BD439C5A7}.Krista.FM.Server.Dashboards.Release|Any CPU.ActiveCfg = Krista.FM.Server.Dashboards.Release|Any CPU
		{D59882C7-AC4B-4916-B53D-604BD439C5A7}.Krista.FM.Server.Dashboards.Release|Any CPU.Build.0 = Krista.FM.Server.Dashboards.Release|Any CPU
		{3E5F7AAC-06C2-4F1C-84CA-332BB8333018}.Krista.FM.Server.Dashboards.Debug|Any CPU.ActiveCfg = Krista.FM.Server.Dashboards.Debug|Any CPU
		{3E5F7AAC-06C2-4F1C-84CA-332BB8333018}.Krista.FM.Server.Dashboards.Debug|Any CPU.Build.0 = Krista.FM.Server.Dashboards.Debug|Any CPU
		{3E5F7AAC-06C2-4F1C-84CA-332BB8333018}.Krista.FM.Server.Dashboards.Release|Any CPU.ActiveCfg = Krista.FM.Server.Dashboards.Release|Any CPU
		{3E5F7AAC-06C2-4F1C-84CA-332BB8333018}.Krista.FM.Server.Dashboards.Release|Any CPU.Build.0 = Krista.FM.Server.Dashboards.Release|Any CPU
		{DA2D1391-5B68-4128-AE61-BF181BBDF083}.Krista.FM.Server.Dashboards.Debug|Any CPU.ActiveCfg = Krista.FM.Server.Dashboards.Debug|Any CPU
		{DA2D1391-5B68-4128-AE61-BF181BBDF083}.Krista.FM.Server.Dashboards.Debug|Any CPU.Build.0 = Krista.FM.Server.Dashboards.Debug|Any CPU
		{DA2D1391-5B68-4128-AE61-BF181BBDF083}.Krista.FM.Server.Dashboards.Release|Any CPU.ActiveCfg = Krista.FM.Server.Dashboards.Release|Any CPU
		{DA2D1391-5B68-4128-AE61-BF181BBDF083}.Krista.FM.Server.Dashboards.Release|Any CPU.Build.0 = Krista.FM.Server.Dashboards.Release|Any CPU
		{D76411DD-F21A-4C95-A138-0BE9110C1413}.Krista.FM.Server.Dashboards.Debug|Any CPU.ActiveCfg = Krista.FM.Server.Dashboards.Debug|Any CPU
		{D76411DD-F21A-4C95-A138-0BE9110C1413}.Krista.FM.Server.Dashboards.Debug|Any CPU.Build.0 = Krista.FM.Server.Dashboards.Debug|Any CPU
		{D76411DD-F21A-4C95-A138-0BE9110C1413}.Krista.FM.Server.Dashboards.Release|Any CPU.ActiveCfg = Krista.FM.Server.Dashboards.Release|Any CPU
		{D76411DD-F21A-4C95-A138-0BE9110C1413}.Krista.FM.Server.Dashboards.Release|Any CPU.Build.0 = Krista.FM.Server.Dashboards.Release|Any CPU
		{09CCDDBC-0BCD-48EF-94A2-9BD391893F8F}.Krista.FM.Server.Dashboards.Debug|Any CPU.ActiveCfg = Krista.FM.Server.Dashboards.Debug|Any CPU
		{09CCDDBC-0BCD-48EF-94A2-9BD391893F8F}.Krista.FM.Server.Dashboards.Debug|Any CPU.Build.0 = Krista.FM.Server.Dashboards.Debug|Any CPU
		{09CCDDBC-0BCD-48EF-94A2-9BD391893F8F}.Krista.FM.Server.Dashboards.Release|Any CPU.ActiveCfg = Krista.FM.Server.Dashboards.Release|Any CPU
		{09CCDDBC-0BCD-48EF-94A2-9BD391893F8F}.Krista.FM.Server.Dashboards.Release|Any CPU.Build.0 = Krista.FM.Server.Dashboards.Release|Any CPU
		{F3F58F3E-2EC3-4896-837A-52888C93A8FB}.Krista.FM.Server.Dashboards.Debug|Any CPU.ActiveCfg = Krista.FM.Server.Dashboards.Debug|Any CPU
		{F3F58F3E-2EC3-4896-837A-52888C93A8FB}.Krista.FM.Server.Dashboards.Debug|Any CPU.Build.0 = Krista.FM.Server.Dashboards.Debug|Any CPU
		{F3F58F3E-2EC3-4896-837A-52888C93A8FB}.Krista.FM.Server.Dashboards.Release|Any CPU.ActiveCfg = Krista.FM.Server.Dashboards.Release|Any CPU
		{F3F58F3E-2EC3-4896-837A-52888C93A8FB}.Krista.FM.Server.Dashboards.Release|Any CPU.Build.0 = Krista.FM.Server.Dashboards.Release|Any CPU
		{455B7496-52B1-41AB-AC9B-0A8FEFA6F36D}.Krista.FM.Server.Dashboards.Debug|Any CPU.ActiveCfg = Krista.FM.Server.Dashboards.Debug|Any CPU
		{455B7496-52B1-41AB-AC9B-0A8FEFA6F36D}.Krista.FM.Server.Dashboards.Debug|Any CPU.Build.0 = Krista.FM.Server.Dashboards.Debug|Any CPU
		{455B7496-52B1-41AB-AC9B-0A8FEFA6F36D}.Krista.FM.Server.Dashboards.Release|Any CPU.ActiveCfg = Krista.FM.Server.Dashboards.Release|Any CPU
		{455B7496-52B1-41AB-AC9B-0A8FEFA6F36D}.Krista.FM.Server.Dashboards.Release|Any CPU.Build.0 = Krista.FM.Server.Dashboards.Release|Any CPU
		{B6762CE1-665B-494A-8DC6-39BBF3B7E34C}.Krista.FM.Server.Dashboards.Debug|Any CPU.ActiveCfg = Krista.FM.Server.Dashboards.Debug|Any CPU
		{B6762CE1-665B-494A-8DC6-39BBF3B7E34C}.Krista.FM.Server.Dashboards.Debug|Any CPU.Build.0 = Krista.FM.Server.Dashboards.Debug|Any CPU
		{B6762CE1-665B-494A-8DC6-39BBF3B7E34C}.Krista.FM.Server.Dashboards.Release|Any CPU.ActiveCfg = Krista.FM.Server.Dashboards.Release|Any CPU
		{B6762CE1-665B-494A-8DC6-39BBF3B7E34C}.Krista.FM.Server.Dashboards.Release|Any CPU.Build.0 = Krista.FM.Server.Dashboards.Release|Any CPU
		{49979BB1-C84F-425E-8589-0ED0219743ED}.Krista.FM.Server.Dashboards.Debug|Any CPU.ActiveCfg = Krista.FM.Server.Dashboards.Debug|Any CPU
		{49979BB1-C84F-425E-8589-0ED0219743ED}.Krista.FM.Server.Dashboards.Debug|Any CPU.Build.0 = Krista.FM.Server.Dashboards.Debug|Any CPU
		{49979BB1-C84F-425E-8589-0ED0219743ED}.Krista.FM.Server.Dashboards.Release|Any CPU.ActiveCfg = Krista.FM.Server.Dashboards.Release|Any CPU
		{49979BB1-C84F-425E-8589-0ED0219743ED}.Krista.FM.Server.Dashboards.Release|Any CPU.Build.0 = Krista.FM.Server.Dashboards.Release|Any CPU
		{130ED865-C216-4BFD-8DD2-90E7DB8F80FD}.Krista.FM.Server.Dashboards.Debug|Any CPU.ActiveCfg = Krista.FM.Server.Dashboards.Debug|Any CPU
		{130ED865-C216-4BFD-8DD2-90E7DB8F80FD}.Krista.FM.Server.Dashboards.Debug|Any CPU.Build.0 = Krista.FM.Server.Dashboards.Debug|Any CPU
		{130ED865-C216-4BFD-8DD2-90E7DB8F80FD}.Krista.FM.Server.Dashboards.Release|Any CPU.ActiveCfg = Krista.FM.Server.Dashboards.Release|Any CPU
		{130ED865-C216-4BFD-8DD2-90E7DB8F80FD}.Krista.FM.Server.Dashboards.Release|Any CPU.Build.0 = Krista.FM.Server.Dashboards.Release|Any CPU
		{9E322015-B2F2-4AE9-844A-7A9C893200ED}.Krista.FM.Server.Dashboards.Debug|Any CPU.ActiveCfg = Krista.FM.Server.Dashboards.Debug|Any CPU
		{9E322015-B2F2-4AE9-844A-7A9C893200ED}.Krista.FM.Server.Dashboards.Debug|Any CPU.Build.0 = Krista.FM.Server.Dashboards.Debug|Any CPU
		{9E322015-B2F2-4AE9-844A-7A9C893200ED}.Krista.FM.Server.Dashboards.Release|Any CPU.ActiveCfg = Krista.FM.Server.Dashboards.Release|Any CPU
		{9E322015-B2F2-4AE9-844A-7A9C893200ED}.Krista.FM.Server.Dashboards.Release|Any CPU.Build.0 = Krista.FM.Server.Dashboards.Release|Any CPU
		{FF59098F-CEFB-4988-A434-3BE477F7D8AB}.Krista.FM.Server.Dashboards.Debug|Any CPU.ActiveCfg = Krista.FM.Server.Dashboards.Debug|Any CPU
		{FF59098F-CEFB-4988-A434-3BE477F7D8AB}.Krista.FM.Server.Dashboards.Debug|Any CPU.Build.0 = Krista.FM.Server.Dashboards.Debug|Any CPU
		{FF59098F-CEFB-4988-A434-3BE477F7D8AB}.Krista.FM.Server.Dashboards.Release|Any CPU.ActiveCfg = Krista.FM.Server.Dashboards.Release|Any CPU
		{FF59098F-CEFB-4988-A434-3BE477F7D8AB}.Krista.FM.Server.Dashboards.Release|Any CPU.Build.0 = Krista.FM.Server.Dashboards.Release|Any CPU
		{3F9B3122-91D4-4834-84F8-1FE2F5C569FA}.Krista.FM.Server.Dashboards.Debug|Any CPU.ActiveCfg = Krista.FM.Server.Dashboards.Debug|Any CPU
		{3F9B3122-91D4-4834-84F8-1FE2F5C569FA}.Krista.FM.Server.Dashboards.Debug|Any CPU.Build.0 = Krista.FM.Server.Dashboards.Debug|Any CPU
		{3F9B3122-91D4-4834-84F8-1FE2F5C569FA}.Krista.FM.Server.Dashboards.Release|Any CPU.ActiveCfg = Krista.FM.Server.Dashboards.Release|Any CPU
		{3F9B3122-91D4-4834-84F8-1FE2F5C569FA}.Krista.FM.Server.Dashboards.Release|Any CPU.Build.0 = Krista.FM.Server.Dashboards.Release|Any CPU
		{E470C2CE-4BDF-4CF3-93B4-5E1D96392F8E}.Krista.FM.Server.Dashboards.Debug|Any CPU.ActiveCfg = Krista.FM.Server.Dashboards.Debug|Any CPU
		{E470C2CE-4BDF-4CF3-93B4-5E1D96392F8E}.Krista.FM.Server.Dashboards.Debug|Any CPU.Build.0 = Krista.FM.Server.Dashboards.Debug|Any CPU
		{E470C2CE-4BDF-4CF3-93B4-5E1D96392F8E}.Krista.FM.Server.Dashboards.Release|Any CPU.ActiveCfg = Krista.FM.Server.Dashboards.Release|Any CPU
		{E470C2CE-4BDF-4CF3-93B4-5E1D96392F8E}.Krista.FM.Server.Dashboards.Release|Any CPU.Build.0 = Krista.FM.Server.Dashboards.Release|Any CPU
		{78961544-2530-48BC-8239-3F99E83FDBA1}.Krista.FM.Server.Dashboards.Debug|Any CPU.ActiveCfg = Krista.FM.Server.Dashboards.Debug|Any CPU
		{78961544-2530-48BC-8239-3F99E83FDBA1}.Krista.FM.Server.Dashboards.Debug|Any CPU.Build.0 = Krista.FM.Server.Dashboards.Debug|Any CPU
		{78961544-2530-48BC-8239-3F99E83FDBA1}.Krista.FM.Server.Dashboards.Release|Any CPU.ActiveCfg = Krista.FM.Server.Dashboards.Release|Any CPU
		{78961544-2530-48BC-8239-3F99E83FDBA1}.Krista.FM.Server.Dashboards.Release|Any CPU.Build.0 = Krista.FM.Server.Dashboards.Release|Any CPU
		{EEA56F87-A5F9-489B-9569-7702E03EBA30}.Krista.FM.Server.Dashboards.Debug|Any CPU.ActiveCfg = Krista.FM.Server.Dashboards.Debug|Any CPU
		{EEA56F87-A5F9-489B-9569-7702E03EBA30}.Krista.FM.Server.Dashboards.Debug|Any CPU.Build.0 = Krista.FM.Server.Dashboards.Debug|Any CPU
		{EEA56F87-A5F9-489B-9569-7702E03EBA30}.Krista.FM.Server.Dashboards.Release|Any CPU.ActiveCfg = Krista.FM.Server.Dashboards.Release|Any CPU
		{EEA56F87-A5F9-489B-9569-7702E03EBA30}.Krista.FM.Server.Dashboards.Release|Any CPU.Build.0 = Krista.FM.Server.Dashboards.Release|Any CPU
		{0716F624-462A-41E8-B479-AF7DD6721B77}.Krista.FM.Server.Dashboards.Debug|Any CPU.ActiveCfg = Krista.FM.Server.Dashboards.Debug|Any CPU
		{0716F624-462A-41E8-B479-AF7DD6721B77}.Krista.FM.Server.Dashboards.Debug|Any CPU.Build.0 = Krista.FM.Server.Dashboards.Debug|Any CPU
		{0716F624-462A-41E8-B479-AF7DD6721B77}.Krista.FM.Server.Dashboards.Release|Any CPU.ActiveCfg = Krista.FM.Server.Dashboards.Release|Any CPU
		{0716F624-462A-41E8-B479-AF7DD6721B77}.Krista.FM.Server.Dashboards.Release|Any CPU.Build.0 = Krista.FM.Server.Dashboards.Release|Any CPU
		{78597787-F1DA-462E-9F3D-F565CC814BE4}.Krista.FM.Server.Dashboards.Debug|Any CPU.ActiveCfg = Krista.FM.Server.Dashboards.Debug|Any CPU
		{78597787-F1DA-462E-9F3D-F565CC814BE4}.Krista.FM.Server.Dashboards.Debug|Any CPU.Build.0 = Krista.FM.Server.Dashboards.Debug|Any CPU
		{78597787-F1DA-462E-9F3D-F565CC814BE4}.Krista.FM.Server.Dashboards.Release|Any CPU.ActiveCfg = Krista.FM.Server.Dashboards.Release|Any CPU
		{78597787-F1DA-462E-9F3D-F565CC814BE4}.Krista.FM.Server.Dashboards.Release|Any CPU.Build.0 = Krista.FM.Server.Dashboards.Release|Any CPU
		{ECC8DFF4-7F2E-4E22-BC5B-D50FEB88609B}.Krista.FM.Server.Dashboards.Debug|Any CPU.ActiveCfg = Krista.FM.Server.Dashboards.Debug|Any CPU
		{ECC8DFF4-7F2E-4E22-BC5B-D50FEB88609B}.Krista.FM.Server.Dashboards.Debug|Any CPU.Build.0 = Krista.FM.Server.Dashboards.Debug|Any CPU
		{ECC8DFF4-7F2E-4E22-BC5B-D50FEB88609B}.Krista.FM.Server.Dashboards.Release|Any CPU.ActiveCfg = Krista.FM.Server.Dashboards.Release|Any CPU
		{ECC8DFF4-7F2E-4E22-BC5B-D50FEB88609B}.Krista.FM.Server.Dashboards.Release|Any CPU.Build.0 = Krista.FM.Server.Dashboards.Release|Any CPU
		{B964612D-4627-463D-9C48-96B0B1384EC4}.Krista.FM.Server.Dashboards.Debug|Any CPU.ActiveCfg = Krista.FM.Server.Dashboards.Debug|Any CPU
		{B964612D-4627-463D-9C48-96B0B1384EC4}.Krista.FM.Server.Dashboards.Debug|Any CPU.Build.0 = Krista.FM.Server.Dashboards.Debug|Any CPU
		{B964612D-4627-463D-9C48-96B0B1384EC4}.Krista.FM.Server.Dashboards.Release|Any CPU.ActiveCfg = Krista.FM.Server.Dashboards.Release|Any CPU
		{B964612D-4627-463D-9C48-96B0B1384EC4}.Krista.FM.Server.Dashboards.Release|Any CPU.Build.0 = Krista.FM.Server.Dashboards.Release|Any CPU
		{886F51D1-CCF9-4B9B-9AF9-72683A245859}.Krista.FM.Server.Dashboards.Debug|Any CPU.ActiveCfg = Krista.FM.Server.Dashboards.Debug|Any CPU
		{886F51D1-CCF9-4B9B-9AF9-72683A245859}.Krista.FM.Server.Dashboards.Debug|Any CPU.Build.0 = Krista.FM.Server.Dashboards.Debug|Any CPU
		{886F51D1-CCF9-4B9B-9AF9-72683A245859}.Krista.FM.Server.Dashboards.Release|Any CPU.ActiveCfg = Krista.FM.Server.Dashboards.Release|Any CPU
		{886F51D1-CCF9-4B9B-9AF9-72683A245859}.Krista.FM.Server.Dashboards.Release|Any CPU.Build.0 = Krista.FM.Server.Dashboards.Release|Any CPU
		{30245F49-EC48-4647-84BF-04D72C46FF4A}.Krista.FM.Server.Dashboards.Debug|Any CPU.ActiveCfg = Krista.FM.Server.Dashboards.Debug|Any CPU
		{30245F49-EC48-4647-84BF-04D72C46FF4A}.Krista.FM.Server.Dashboards.Debug|Any CPU.Build.0 = Krista.FM.Server.Dashboards.Debug|Any CPU
		{30245F49-EC48-4647-84BF-04D72C46FF4A}.Krista.FM.Server.Dashboards.Release|Any CPU.ActiveCfg = Krista.FM.Server.Dashboards.Release|Any CPU
		{30245F49-EC48-4647-84BF-04D72C46FF4A}.Krista.FM.Server.Dashboards.Release|Any CPU.Build.0 = Krista.FM.Server.Dashboards.Release|Any CPU
		{99020752-23F7-4B10-89D4-3AF0E117CD46}.Krista.FM.Server.Dashboards.Debug|Any CPU.ActiveCfg = Krista.FM.Server.Dashboards.Debug|Any CPU
		{99020752-23F7-4B10-89D4-3AF0E117CD46}.Krista.FM.Server.Dashboards.Debug|Any CPU.Build.0 = Krista.FM.Server.Dashboards.Debug|Any CPU
		{99020752-23F7-4B10-89D4-3AF0E117CD46}.Krista.FM.Server.Dashboards.Release|Any CPU.ActiveCfg = Krista.FM.Server.Dashboards.Release|Any CPU
		{99020752-23F7-4B10-89D4-3AF0E117CD46}.Krista.FM.Server.Dashboards.Release|Any CPU.Build.0 = Krista.FM.Server.Dashboards.Release|Any CPU
	EndGlobalSection
	GlobalSection(SolutionProperties) = preSolution
		HideSolutionNode = FALSE
	EndGlobalSection
	GlobalSection(NestedProjects) = preSolution
		{A11B6335-913A-469F-93C9-C3C2AB7E7C9A} = {152DED20-533E-4A71-BD44-C431A2AE671B}
		{3ACC1FB3-694B-4860-945F-765133415279} = {626C128D-B08B-4D79-AC1C-504F9C7B1A50}
		{9AC81B03-42C9-4A98-B333-1772734DB621} = {626C128D-B08B-4D79-AC1C-504F9C7B1A50}
		{094D855F-923E-45F9-84EF-6301BED4E05C} = {626C128D-B08B-4D79-AC1C-504F9C7B1A50}
		{C3F6F2AD-48E1-4548-B67C-C7F91B30FA1A} = {626C128D-B08B-4D79-AC1C-504F9C7B1A50}
		{8AFEB075-8FEF-499D-8CC3-E9D83841D106} = {626C128D-B08B-4D79-AC1C-504F9C7B1A50}
		{447514BE-8A66-49C6-9F91-C32B663F06CC} = {626C128D-B08B-4D79-AC1C-504F9C7B1A50}
		{70508404-ABA8-4A6D-99CF-8350A1E7901D} = {626C128D-B08B-4D79-AC1C-504F9C7B1A50}
		{D95C6E8D-B4F8-4D74-B269-340D0DD9B083} = {626C128D-B08B-4D79-AC1C-504F9C7B1A50}
		{C4D49FD4-5527-4B48-B4AC-BD1379E3056C} = {626C128D-B08B-4D79-AC1C-504F9C7B1A50}
		{5A87940A-7E9D-4636-85D9-161582D3D311} = {102C8575-9213-4813-BFE3-84A023A4B7F4}
		{960532FB-BBC1-451A-9983-519D08EBC4F0} = {3ACC1FB3-694B-4860-945F-765133415279}
		{1C3C2767-0ABA-40E0-B393-E9EB9E560DB9} = {3ACC1FB3-694B-4860-945F-765133415279}
		{1C78540D-7B27-4F59-B93A-8CF01636CF77} = {3ACC1FB3-694B-4860-945F-765133415279}
		{36A4F40F-FA63-4F93-BF12-0B7C015079B0} = {3ACC1FB3-694B-4860-945F-765133415279}
		{4D052482-6633-41B3-9F64-AE11B91F5B1E} = {3ACC1FB3-694B-4860-945F-765133415279}
		{444563CE-9E19-440C-8DDB-23B1F07A8D3B} = {3ACC1FB3-694B-4860-945F-765133415279}
		{AF698C0D-642A-4B9D-8EBE-46A7462B2275} = {3ACC1FB3-694B-4860-945F-765133415279}
		{97D15D92-C3FC-4208-A060-AE5A7494C634} = {3ACC1FB3-694B-4860-945F-765133415279}
		{530BDE86-A8E2-4BA9-8778-65D792B5F8B6} = {3ACC1FB3-694B-4860-945F-765133415279}
		{DD9FCD19-3CFA-46A2-A63F-A08980592E66} = {3ACC1FB3-694B-4860-945F-765133415279}
		{9401E046-181A-4EDD-9956-1A4E85BF2792} = {3ACC1FB3-694B-4860-945F-765133415279}
		{BDF0DE7E-535E-440E-BEAA-E1DC2B34B884} = {3ACC1FB3-694B-4860-945F-765133415279}
		{0DEA340E-18B3-4A89-977E-4FD7F81E65F3} = {3ACC1FB3-694B-4860-945F-765133415279}
		{FB351B67-F02E-4F1B-B7F1-961CD46D5510} = {3ACC1FB3-694B-4860-945F-765133415279}
		{6CCB756C-D41E-42AA-80A8-FAD1CEF6E6FB} = {3ACC1FB3-694B-4860-945F-765133415279}
		{8B9D99D9-7490-4AEC-82EA-A1E1567A93A6} = {3ACC1FB3-694B-4860-945F-765133415279}
		{B9B95FEE-1F40-4E3F-B406-0B0554D2C09D} = {3ACC1FB3-694B-4860-945F-765133415279}
		{DA2D1391-5B68-4128-AE61-BF181BBDF083} = {3ACC1FB3-694B-4860-945F-765133415279}
		{D76411DD-F21A-4C95-A138-0BE9110C1413} = {3ACC1FB3-694B-4860-945F-765133415279}
		{144EF908-60A1-4D05-8B73-71BCCD52BFE7} = {3ACC1FB3-694B-4860-945F-765133415279}
		{C49FD3A6-5395-4442-A3A6-931828AC8E47} = {9AC81B03-42C9-4A98-B333-1772734DB621}
		{B439E4D9-ABB9-4395-A2C2-BCC8FA820FD7} = {9AC81B03-42C9-4A98-B333-1772734DB621}
		{5CF2EB29-CAD9-488A-BCD8-9394231EE397} = {094D855F-923E-45F9-84EF-6301BED4E05C}
		{3D530F4E-131C-452A-A82F-9CFC98F1D810} = {094D855F-923E-45F9-84EF-6301BED4E05C}
		{7BD7D789-493B-47F8-8577-1A4117FE1CC5} = {094D855F-923E-45F9-84EF-6301BED4E05C}
		{71322CDE-CFF9-4284-AE8B-502F3D4DEDC5} = {C3F6F2AD-48E1-4548-B67C-C7F91B30FA1A}
		{6EFF76E8-E755-489D-B71C-1F83F196DD40} = {C3F6F2AD-48E1-4548-B67C-C7F91B30FA1A}
		{05EA59B4-00C3-4E45-8D2F-187591505715} = {8AFEB075-8FEF-499D-8CC3-E9D83841D106}
		{7BEC3A0D-8521-44C3-82D0-58120E3970B3} = {8AFEB075-8FEF-499D-8CC3-E9D83841D106}
		{0D81FB57-DD7C-428B-994F-564D84D5BC1B} = {8AFEB075-8FEF-499D-8CC3-E9D83841D106}
		{40A5C601-7C1B-45DA-9BDD-8F0665A35563} = {447514BE-8A66-49C6-9F91-C32B663F06CC}
		{9902CB96-AC77-4EF6-8452-EC447E995750} = {447514BE-8A66-49C6-9F91-C32B663F06CC}
		{DF429AD3-8685-48E3-9DA4-1BB15264C1B7} = {B9B95FEE-1F40-4E3F-B406-0B0554D2C09D}
		{CFFE19FB-8381-43ED-8247-320CD1EF2ECA} = {B9B95FEE-1F40-4E3F-B406-0B0554D2C09D}
		{C010320B-6F35-4030-B6A6-1410554517CF} = {B9B95FEE-1F40-4E3F-B406-0B0554D2C09D}
		{FE289ACE-BA28-45E6-A96C-159BFFB01FF1} = {B9B95FEE-1F40-4E3F-B406-0B0554D2C09D}
		{6096F790-BB57-456E-936E-BA79BE449A93} = {B9B95FEE-1F40-4E3F-B406-0B0554D2C09D}
		{C3354305-7099-4F92-9817-CE068D7FBF3F} = {B9B95FEE-1F40-4E3F-B406-0B0554D2C09D}
		{D59882C7-AC4B-4916-B53D-604BD439C5A7} = {B9B95FEE-1F40-4E3F-B406-0B0554D2C09D}
		{3E5F7AAC-06C2-4F1C-84CA-332BB8333018} = {B9B95FEE-1F40-4E3F-B406-0B0554D2C09D}
		{09CCDDBC-0BCD-48EF-94A2-9BD391893F8F} = {70508404-ABA8-4A6D-99CF-8350A1E7901D}
		{F3F58F3E-2EC3-4896-837A-52888C93A8FB} = {70508404-ABA8-4A6D-99CF-8350A1E7901D}
		{455B7496-52B1-41AB-AC9B-0A8FEFA6F36D} = {D95C6E8D-B4F8-4D74-B269-340D0DD9B083}
		{B6762CE1-665B-494A-8DC6-39BBF3B7E34C} = {144EF908-60A1-4D05-8B73-71BCCD52BFE7}
		{49979BB1-C84F-425E-8589-0ED0219743ED} = {144EF908-60A1-4D05-8B73-71BCCD52BFE7}
		{130ED865-C216-4BFD-8DD2-90E7DB8F80FD} = {144EF908-60A1-4D05-8B73-71BCCD52BFE7}
		{9E322015-B2F2-4AE9-844A-7A9C893200ED} = {144EF908-60A1-4D05-8B73-71BCCD52BFE7}
		{FF59098F-CEFB-4988-A434-3BE477F7D8AB} = {144EF908-60A1-4D05-8B73-71BCCD52BFE7}
		{3F9B3122-91D4-4834-84F8-1FE2F5C569FA} = {144EF908-60A1-4D05-8B73-71BCCD52BFE7}
		{E470C2CE-4BDF-4CF3-93B4-5E1D96392F8E} = {C4D49FD4-5527-4B48-B4AC-BD1379E3056C}
		{78961544-2530-48BC-8239-3F99E83FDBA1} = {7973A506-9369-4B25-B8F9-551AC7FF0D56}
		{EEA56F87-A5F9-489B-9569-7702E03EBA30} = {7973A506-9369-4B25-B8F9-551AC7FF0D56}
		{0716F624-462A-41E8-B479-AF7DD6721B77} = {7973A506-9369-4B25-B8F9-551AC7FF0D56}
		{78597787-F1DA-462E-9F3D-F565CC814BE4} = {7973A506-9369-4B25-B8F9-551AC7FF0D56}
		{ECC8DFF4-7F2E-4E22-BC5B-D50FEB88609B} = {7973A506-9369-4B25-B8F9-551AC7FF0D56}
		{B964612D-4627-463D-9C48-96B0B1384EC4} = {7973A506-9369-4B25-B8F9-551AC7FF0D56}
		{886F51D1-CCF9-4B9B-9AF9-72683A245859} = {7973A506-9369-4B25-B8F9-551AC7FF0D56}
		{CA8B0D72-CBB4-427E-B799-C193A0ECC973} = {7973A506-9369-4B25-B8F9-551AC7FF0D56}
		{30245F49-EC48-4647-84BF-04D72C46FF4A} = {CA8B0D72-CBB4-427E-B799-C193A0ECC973}
		{99020752-23F7-4B10-89D4-3AF0E117CD46} = {CA8B0D72-CBB4-427E-B799-C193A0ECC973}
	EndGlobalSection
EndGlobal
