
Microsoft Visual Studio Solution File, Format Version 11.00
# Visual Studio 2010
Project("{2150E333-8FDC-42A3-9474-1A3956D46DE8}") = "Config", "Config", "{C4A32032-2F60-4152-B01D-6046D43975F3}"
	ProjectSection(SolutionItems) = preProject
		DashboardsDefaultImport.xml = DashboardsDefaultImport.xml
		ProjectOptions.xml = ProjectOptions.xml
		ProjectTargets.xml = ProjectTargets.xml
	EndProjectSection
EndProject
Project("{2150E333-8FDC-42A3-9474-1A3956D46DE8}") = "Components", "Components", "{152DED20-533E-4A71-BD44-C431A2AE671B}"
EndProject
Project("{2150E333-8FDC-42A3-9474-1A3956D46DE8}") = "Reports", "Reports", "{626C128D-B08B-4D79-AC1C-504F9C7B1A50}"
EndProject
Project("{2150E333-8FDC-42A3-9474-1A3956D46DE8}") = "FK_0001_0001", "FK_0001_0001", "{4A49E628-01B5-4068-AEDD-53ADC23C5E58}"
EndProject
Project("{2150E333-8FDC-42A3-9474-1A3956D46DE8}") = "FK_0001_0002", "FK_0001_0002", "{32301A27-8C7E-4F2A-B399-7D76DB1DFF34}"
EndProject
Project("{2150E333-8FDC-42A3-9474-1A3956D46DE8}") = "FK_0001_0003", "FK_0001_0003", "{27123CAD-E887-4592-96E4-B36117255E7A}"
EndProject
Project("{2150E333-8FDC-42A3-9474-1A3956D46DE8}") = "FK_0001_0004", "FK_0001_0004", "{E8464028-C680-4E20-B947-659373F3F8D0}"
EndProject
Project("{2150E333-8FDC-42A3-9474-1A3956D46DE8}") = "FK_0001_0005", "FK_0001_0005", "{083A5C7E-AB28-4239-853A-7E84A4FB75B6}"
EndProject
Project("{2150E333-8FDC-42A3-9474-1A3956D46DE8}") = "FK_0001_0006", "FK_0001_0006", "{42923053-98D5-4F94-BFF3-8C6ABC349697}"
EndProject
Project("{2150E333-8FDC-42A3-9474-1A3956D46DE8}") = "FK_0001_0007", "FK_0001_0007", "{FB9B35E8-6209-40E3-8388-9B48E7BB0D94}"
EndProject
Project("{2150E333-8FDC-42A3-9474-1A3956D46DE8}") = "FK_0001_0011", "FK_0001_0011", "{112452ED-83C6-4E25-858E-FE1AC36D53DA}"
EndProject
Project("{2150E333-8FDC-42A3-9474-1A3956D46DE8}") = "FK_0001_0012", "FK_0001_0012", "{6A077A3C-3137-444E-9BB5-B7A51DCAA9AB}"
EndProject
Project("{2150E333-8FDC-42A3-9474-1A3956D46DE8}") = "FNS_0001_0001", "FNS_0001_0001", "{00310AF3-C6BA-4658-B26D-8765FA378FDE}"
EndProject
Project("{2150E333-8FDC-42A3-9474-1A3956D46DE8}") = "FO_0002_0001", "FO_0002_0001", "{8FDCE6F9-5AE3-4FAA-AEED-49AE005A7BEB}"
EndProject
Project("{2150E333-8FDC-42A3-9474-1A3956D46DE8}") = "FO_0002_0002", "FO_0002_0002", "{0C977050-DBD5-434A-86CC-00766B6F3594}"
EndProject
Project("{2150E333-8FDC-42A3-9474-1A3956D46DE8}") = "FO_0002_0003", "FO_0002_0003", "{A68288CD-08DB-409D-A9C8-DDE7BD1BFA77}"
EndProject
Project("{2150E333-8FDC-42A3-9474-1A3956D46DE8}") = "FO_0002_0004", "FO_0002_0004", "{CB52AC7E-2BAD-4271-902A-5B362ED23E1E}"
EndProject
Project("{2150E333-8FDC-42A3-9474-1A3956D46DE8}") = "FO_0002_0006", "FO_0002_0006", "{0279AF8E-1216-461C-9921-F1FCB93FC58B}"
EndProject
Project("{2150E333-8FDC-42A3-9474-1A3956D46DE8}") = "MFRF_0001_0004", "MFRF_0001_0004", "{9289BB46-D558-4EFF-BD08-C36A175FA63B}"
EndProject
Project("{2150E333-8FDC-42A3-9474-1A3956D46DE8}") = "Dashboards", "Dashboards", "{102C8575-9213-4813-BFE3-84A023A4B7F4}"
EndProject
Project("{2150E333-8FDC-42A3-9474-1A3956D46DE8}") = "iPhoneReports", "iPhoneReports", "{C6577FF2-4407-4BAD-AB08-2AA8C5D5131F}"
EndProject
Project("{2150E333-8FDC-42A3-9474-1A3956D46DE8}") = "FK_0001_0001", "FK_0001_0001", "{0382627C-F391-4A35-8435-0E423903F2B7}"
EndProject
Project("{2150E333-8FDC-42A3-9474-1A3956D46DE8}") = "FK_0001_0002", "FK_0001_0002", "{99DE56F1-F92D-4DF7-8730-16E088B11AA9}"
EndProject
Project("{2150E333-8FDC-42A3-9474-1A3956D46DE8}") = "FK_0001_0003", "FK_0001_0003", "{BD57AD62-4936-4F47-B4DB-0A62388E37C6}"
EndProject
Project("{2150E333-8FDC-42A3-9474-1A3956D46DE8}") = "FK_0001_0004", "FK_0001_0004", "{9AC74CAB-E945-474A-935A-D041DB4247D7}"
EndProject
Project("{2150E333-8FDC-42A3-9474-1A3956D46DE8}") = "FNS_0001_0001", "FNS_0001_0001", "{3BFE0BD7-DBE2-4E6A-962F-E4029F76D62C}"
EndProject
Project("{2150E333-8FDC-42A3-9474-1A3956D46DE8}") = "MFRF_0001_0005", "MFRF_0001_0005", "{13CB2862-6658-4575-93CE-1DDA0AE48ACA}"
EndProject
Project("{2150E333-8FDC-42A3-9474-1A3956D46DE8}") = "MFRF_0002_0001", "MFRF_0002_0001", "{047D6625-3801-4ED3-B99D-5227B3E0D8AC}"
EndProject
Project("{2150E333-8FDC-42A3-9474-1A3956D46DE8}") = "FO_0002_0003", "FO_0002_0003", "{DE5F6783-322A-45EF-A646-3920DAE567C6}"
EndProject
Project("{2150E333-8FDC-42A3-9474-1A3956D46DE8}") = "FO_0002_0005", "FO_0002_0005", "{6553B8F2-C836-4843-9CF8-E9E9BC01AFA5}"
EndProject
Project("{2150E333-8FDC-42A3-9474-1A3956D46DE8}") = "FO_0002_0006", "FO_0002_0006", "{1714BAA6-C75D-4351-9CF5-8C41E67AF49A}"
EndProject
Project("{2150E333-8FDC-42A3-9474-1A3956D46DE8}") = "FO_0002_0007", "FO_0002_0007", "{8BC2C050-447B-43F3-9F70-45DB3C8F06A4}"
EndProject
Project("{2150E333-8FDC-42A3-9474-1A3956D46DE8}") = "FO_0002_0009", "FO_0002_0009", "{7EE771C9-8FBE-45A2-89BC-09EA8C192740}"
EndProject
Project("{2150E333-8FDC-42A3-9474-1A3956D46DE8}") = "FO_0002_0010", "FO_0002_0010", "{352739B7-8A37-49C0-BBF2-F1B1CE786815}"
EndProject
Project("{2150E333-8FDC-42A3-9474-1A3956D46DE8}") = "FO_0002_0008", "FO_0002_0008", "{24C1E322-71D4-468F-8C01-E5D188FE4CF7}"
EndProject
Project("{2150E333-8FDC-42A3-9474-1A3956D46DE8}") = "FO_0002_0013_02", "FO_0002_0013_02", "{71D6E7F5-C44C-461E-9A7E-AB939D87C739}"
EndProject
Project("{2150E333-8FDC-42A3-9474-1A3956D46DE8}") = "FO_0002_0013_01", "FO_0002_0013_01", "{C737D2EA-C4E6-48B2-941C-49E32A8427D7}"
EndProject
Project("{2150E333-8FDC-42A3-9474-1A3956D46DE8}") = "FO_0002_0014", "FO_0002_0014", "{4095C29B-632E-45B6-8D4B-141FDB128C54}"
EndProject
Project("{2150E333-8FDC-42A3-9474-1A3956D46DE8}") = "FK_0001_0013", "FK_0001_0013", "{AB15AF07-7970-43EE-B56C-C677933FDDA4}"
EndProject
Project("{2150E333-8FDC-42A3-9474-1A3956D46DE8}") = "MFRF_0002_0002", "MFRF_0002_0002", "{759DDE44-853A-4BF8-A07F-5ABF539B5BA5}"
EndProject
Project("{2150E333-8FDC-42A3-9474-1A3956D46DE8}") = "MFRF_0002_0003", "MFRF_0002_0003", "{48924F9D-454C-4EAA-94AB-03817A921D16}"
EndProject
Project("{2150E333-8FDC-42A3-9474-1A3956D46DE8}") = "MFRF_0002_0004", "MFRF_0002_0004", "{DD8086DA-98A7-4431-8499-99264171DA0C}"
EndProject
Project("{2150E333-8FDC-42A3-9474-1A3956D46DE8}") = "MFRF_0002_0002", "MFRF_0002_0002", "{4654D2BB-E129-4081-873E-30CC34DAA1C2}"
EndProject
Project("{2150E333-8FDC-42A3-9474-1A3956D46DE8}") = "FO_0002_0013", "FO_0002_0013", "{0372ABC2-2CAF-4293-A9E2-55FE3BDBF46C}"
EndProject
Project("{2150E333-8FDC-42A3-9474-1A3956D46DE8}") = "MFRF_0003_0001", "MFRF_0003_0001", "{EB9F0051-A563-449B-8276-F0BF37BEEDB5}"
EndProject
Project("{2150E333-8FDC-42A3-9474-1A3956D46DE8}") = "FK_0001_0015", "FK_0001_0015", "{38042415-A534-4233-BDF6-289A187747EF}"
EndProject
Project("{2150E333-8FDC-42A3-9474-1A3956D46DE8}") = "MFRF_0003_0003", "MFRF_0003_0003", "{DACD8C47-9C4C-4578-A50A-433186EB0EF0}"
EndProject
Project("{2150E333-8FDC-42A3-9474-1A3956D46DE8}") = "MFRF_0001_0005", "MFRF_0001_0005", "{95778BDC-C117-4C60-8ADB-89ADE7B4AD74}"
EndProject
Project("{2150E333-8FDC-42A3-9474-1A3956D46DE8}") = "FK_0001_0018", "FK_0001_0018", "{4C32ADEA-F02D-481A-BF6B-1E8811E16F71}"
EndProject
Project("{FAE04EC0-301F-11D3-BF4B-00C04F79EFBC}") = "Krista.FM.Server.Dashboards", "..\..\Projects\Dashboards\Krista.FM.Server.Dashboards\Krista.FM.Server.Dashboards.csproj", "{FABEB6E9-EEC1-4390-812D-A5C0D17F346B}"
EndProject
Project("{FAE04EC0-301F-11D3-BF4B-00C04F79EFBC}") = "Krista.FM.Providers.OraclePersonalizationProvider", "..\..\Projects\Dashboards\Krista.FM.Providers.OraclePersonalizationProvider\Krista.FM.Providers.OraclePersonalizationProvider.csproj", "{29E31B73-8B09-4B33-814A-D3061D4DCAFD}"
EndProject
Project("{FAE04EC0-301F-11D3-BF4B-00C04F79EFBC}") = "Krista.Diagnostics", "..\..\Projects\Common\Krista.Diagnostics\Krista.Diagnostics.csproj", "{771564CF-3F02-4A9A-91CC-F710104EC4B3}"
EndProject
Project("{FAE04EC0-301F-11D3-BF4B-00C04F79EFBC}") = "Krista.FM.Common", "..\..\Projects\Common\Krista.FM.Common\Krista.FM.Common.csproj", "{4FF19E83-61D5-4AF5-AAF7-737623059773}"
EndProject
Project("{FAE04EC0-301F-11D3-BF4B-00C04F79EFBC}") = "Krista.FM.ServerLibrary", "..\..\Projects\Common\Krista.FM.ServerLibrary\Krista.FM.ServerLibrary.csproj", "{24C607A3-2BA3-4D29-A6DB-F7F866302E76}"
EndProject
Project("{FAE04EC0-301F-11D3-BF4B-00C04F79EFBC}") = "Krista.FM.Server.Dashboards.Core", "..\..\Projects\Dashboards\Krista.FM.Server.Dashboards.Core\Krista.FM.Server.Dashboards.Core.csproj", "{134223D3-2075-431F-A85E-BEA38D1E799B}"
EndProject
Project("{FAE04EC0-301F-11D3-BF4B-00C04F79EFBC}") = "Krista.FM.Server.Dashboards.Tests", "..\..\Projects\Dashboards\Krista.FM.Server.Dashboards.Tests\Krista.FM.Server.Dashboards.Tests.csproj", "{74190CC5-B2E8-4065-AC1D-CD8C226D6EA1}"
EndProject
Project("{FAE04EC0-301F-11D3-BF4B-00C04F79EFBC}") = "Krista.FM.Server.Dashboards.Common", "..\..\Projects\Dashboards\Krista.FM.Server.Dashboards.Common\Krista.FM.Server.Dashboards.Common.csproj", "{62258010-D25C-4128-93DE-1F6553D3870B}"
EndProject
Project("{FAE04EC0-301F-11D3-BF4B-00C04F79EFBC}") = "Krista.FM.Server.Dashboards.Components", "..\..\Projects\Dashboards\Krista.FM.Server.Dashboards\Krista.FM.Server.Dashboards.Components.csproj", "{A11B6335-913A-469F-93C9-C3C2AB7E7C9A}"
EndProject
Project("{FAE04EC0-301F-11D3-BF4B-00C04F79EFBC}") = "Krista.FM.Server.Dashboards.FNS_0001_0001.DefaultAllocation", "..\..\Projects\Dashboards\Krista.FM.Server.Dashboards\Krista.FM.Server.Dashboards.FNS_0001_0001.DefaultAllocation.csproj", "{0FA0EADD-3C2A-4780-8F30-53A5CC054EE5}"
EndProject
Project("{FAE04EC0-301F-11D3-BF4B-00C04F79EFBC}") = "Krista.FM.Server.Dashboards.FNS_0001_0001.DefaultKD", "..\..\Projects\Dashboards\Krista.FM.Server.Dashboards\Krista.FM.Server.Dashboards.FNS_0001_0001.DefaultKD.csproj", "{4A75196D-5F71-46B0-9795-0EE34648EC59}"
EndProject
Project("{FAE04EC0-301F-11D3-BF4B-00C04F79EFBC}") = "Krista.FM.Server.Dashboards.FNS_0001_0001.DefaultOKVD", "..\..\Projects\Dashboards\Krista.FM.Server.Dashboards\Krista.FM.Server.Dashboards.FNS_0001_0001.DefaultOKVD.csproj", "{75D33061-957B-4725-B94B-FECB27D8BAA6}"
EndProject
Project("{FAE04EC0-301F-11D3-BF4B-00C04F79EFBC}") = "Krista.FM.Server.Dashboards.FNS_0001_0001.DefaultRegions", "..\..\Projects\Dashboards\Krista.FM.Server.Dashboards\Krista.FM.Server.Dashboards.FNS_0001_0001.DefaultRegions.csproj", "{C43B1947-6366-4EBB-8388-5EF0398FF607}"
EndProject
Project("{FAE04EC0-301F-11D3-BF4B-00C04F79EFBC}") = "Krista.FM.Server.Dashboards.FNS_0001_0001.DefaultSettlement", "..\..\Projects\Dashboards\Krista.FM.Server.Dashboards\Krista.FM.Server.Dashboards.FNS_0001_0001.DefaultSettlement.csproj", "{C95C5070-BF70-4E77-97FE-E408AEDC2165}"
EndProject
Project("{FAE04EC0-301F-11D3-BF4B-00C04F79EFBC}") = "Krista.FM.Server.Dashboards.FK_0001_0001.DefaultCompare", "..\..\Projects\Dashboards\Krista.FM.Server.Dashboards\Krista.FM.Server.Dashboards.FK_0001_0001.DefaultCompare.csproj", "{8B9D99D9-7490-4AEC-82EA-A1E1567A93A6}"
EndProject
Project("{FAE04EC0-301F-11D3-BF4B-00C04F79EFBC}") = "Krista.FM.Server.Dashboards.FK_0001_0001.DefaultDetail", "..\..\Projects\Dashboards\Krista.FM.Server.Dashboards\Krista.FM.Server.Dashboards.FK_0001_0001.DefaultDetail.csproj", "{960532FB-BBC1-451A-9983-519D08EBC4F0}"
EndProject
Project("{FAE04EC0-301F-11D3-BF4B-00C04F79EFBC}") = "Krista.FM.Server.Dashboards.FK_0001_0002.DefaultAllocation", "..\..\Projects\Dashboards\Krista.FM.Server.Dashboards\Krista.FM.Server.Dashboards.FK_0001_0002.DefaultAllocation.csproj", "{1C3C2767-0ABA-40E0-B393-E9EB9E560DB9}"
EndProject
Project("{FAE04EC0-301F-11D3-BF4B-00C04F79EFBC}") = "Krista.FM.Server.Dashboards.FK_0001_0003.DefaultAllocation", "..\..\Projects\Dashboards\Krista.FM.Server.Dashboards\Krista.FM.Server.Dashboards.FK_0001_0003.DefaultAllocation.csproj", "{36A4F40F-FA63-4F93-BF12-0B7C015079B0}"
EndProject
Project("{FAE04EC0-301F-11D3-BF4B-00C04F79EFBC}") = "Krista.FM.Server.Dashboards.FK_0001_0004.DefaultCompare", "..\..\Projects\Dashboards\Krista.FM.Server.Dashboards\Krista.FM.Server.Dashboards.FK_0001_0004.DefaultCompare.csproj", "{444563CE-9E19-440C-8DDB-23B1F07A8D3B}"
EndProject
Project("{FAE04EC0-301F-11D3-BF4B-00C04F79EFBC}") = "Krista.FM.Server.Dashboards.FK_0001_0004.DefaultDetail", "..\..\Projects\Dashboards\Krista.FM.Server.Dashboards\Krista.FM.Server.Dashboards.FK_0001_0004.DefaultDetail.csproj", "{AF698C0D-642A-4B9D-8EBE-46A7462B2275}"
EndProject
Project("{FAE04EC0-301F-11D3-BF4B-00C04F79EFBC}") = "Krista.FM.Server.Dashboards.FK_0001_0005.DefaultDetail", "..\..\Projects\Dashboards\Krista.FM.Server.Dashboards\Krista.FM.Server.Dashboards.FK_0001_0005.DefaultDetail.csproj", "{97D15D92-C3FC-4208-A060-AE5A7494C634}"
EndProject
Project("{FAE04EC0-301F-11D3-BF4B-00C04F79EFBC}") = "Krista.FM.Server.Dashboards.FK_0001_0012.DefaultAssessment", "..\..\Projects\Dashboards\Krista.FM.Server.Dashboards\Krista.FM.Server.Dashboards.FK_0001_0012.DefaultAssessment.csproj", "{530BDE86-A8E2-4BA9-8778-65D792B5F8B6}"
EndProject
Project("{FAE04EC0-301F-11D3-BF4B-00C04F79EFBC}") = "Krista.FM.Server.Dashboards.FO_0002_0003.DefaultCompareChart", "..\..\Projects\Dashboards\Krista.FM.Server.Dashboards\Krista.FM.Server.Dashboards.FO_0002_0003.DefaultCompareChart.csproj", "{6A92077F-8D36-4A51-A618-60C30CC731C7}"
EndProject
Project("{FAE04EC0-301F-11D3-BF4B-00C04F79EFBC}") = "Krista.FM.Server.Dashboards.FO_0002_0003.DefaultDetail", "..\..\Projects\Dashboards\Krista.FM.Server.Dashboards\Krista.FM.Server.Dashboards.FO_0002_0003.DefaultDetail.csproj", "{453086CA-CEF9-4511-BCA2-F56B189CC5FD}"
EndProject
Project("{FAE04EC0-301F-11D3-BF4B-00C04F79EFBC}") = "Krista.FM.Server.Dashboards.FO_0002_0006.DefaultCompare", "..\..\Projects\Dashboards\Krista.FM.Server.Dashboards\Krista.FM.Server.Dashboards.FO_0002_0006.DefaultCompare.csproj", "{7B5F2D5A-626B-4C8E-A5D8-91215E6E02AB}"
EndProject
Project("{FAE04EC0-301F-11D3-BF4B-00C04F79EFBC}") = "Krista.FM.Server.Dashboards.FO_0002_0006.DefaultDetail", "..\..\Projects\Dashboards\Krista.FM.Server.Dashboards\Krista.FM.Server.Dashboards.FO_0002_0006.DefaultDetail.csproj", "{5D1D1095-6D84-4B1E-A785-54D4A5F25375}"
EndProject
Project("{FAE04EC0-301F-11D3-BF4B-00C04F79EFBC}") = "Krista.FM.Server.Dashboards.FK_0001_0006.DefaultCredit", "..\..\Projects\Dashboards\Krista.FM.Server.Dashboards\Krista.FM.Server.Dashboards.FK_0001_0006.DefaultCredit.csproj", "{DD9FCD19-3CFA-46A2-A63F-A08980592E66}"
EndProject
Project("{FAE04EC0-301F-11D3-BF4B-00C04F79EFBC}") = "Krista.FM.Server.Dashboards.FK_0001_0007.DefaultDetail", "..\..\Projects\Dashboards\Krista.FM.Server.Dashboards\Krista.FM.Server.Dashboards.FK_0001_0007.DefaultDetail.csproj", "{9401E046-181A-4EDD-9956-1A4E85BF2792}"
EndProject
Project("{FAE04EC0-301F-11D3-BF4B-00C04F79EFBC}") = "Krista.FM.Server.Dashboards.FK_0001_0011.DefaultAssessment", "..\..\Projects\Dashboards\Krista.FM.Server.Dashboards\Krista.FM.Server.Dashboards.FK_0001_0011.DefaultAssessment.csproj", "{BDF0DE7E-535E-440E-BEAA-E1DC2B34B884}"
EndProject
Project("{FAE04EC0-301F-11D3-BF4B-00C04F79EFBC}") = "Krista.FM.Server.Dashboards.FO_0002_0002.Default", "..\..\Projects\Dashboards\Krista.FM.Server.Dashboards\Krista.FM.Server.Dashboards.FO_0002_0002.Default.csproj", "{B7F4E9BC-1077-4E65-97B4-F53D249B1272}"
EndProject
Project("{FAE04EC0-301F-11D3-BF4B-00C04F79EFBC}") = "Krista.FM.Server.Dashboards.MFRF_0001_0004.Default_FF", "..\..\Projects\Dashboards\Krista.FM.Server.Dashboards\Krista.FM.Server.Dashboards.MFRF_0001_0004.Default_FF.csproj", "{B439E4D9-ABB9-4395-A2C2-BCC8FA820FD7}"
EndProject
Project("{FAE04EC0-301F-11D3-BF4B-00C04F79EFBC}") = "Krista.FM.Server.Dashboards.DashboardFederal.Dashboard", "..\..\Projects\Dashboards\Krista.FM.Server.Dashboards\Krista.FM.Server.Dashboards.DashboardFederal.Dashboard.csproj", "{5A87940A-7E9D-4636-85D9-161582D3D311}"
EndProject
Project("{FAE04EC0-301F-11D3-BF4B-00C04F79EFBC}") = "Krista.FM.Server.Dashboards.iPhone.FK_0001_0001", "..\..\Projects\Dashboards\Krista.FM.Server.Dashboards\Krista.FM.Server.Dashboards.iPhone.FK_0001_0001.csproj", "{78961544-2530-48BC-8239-3F99E83FDBA1}"
EndProject
Project("{FAE04EC0-301F-11D3-BF4B-00C04F79EFBC}") = "Krista.FM.Server.Dashboards.iPhone.FK_0001_0002", "..\..\Projects\Dashboards\Krista.FM.Server.Dashboards\Krista.FM.Server.Dashboards.iPhone.FK_0001_0002.csproj", "{EEA56F87-A5F9-489B-9569-7702E03EBA30}"
EndProject
Project("{FAE04EC0-301F-11D3-BF4B-00C04F79EFBC}") = "Krista.FM.Server.Dashboards.iPhone.FK_0001_0003", "..\..\Projects\Dashboards\Krista.FM.Server.Dashboards\Krista.FM.Server.Dashboards.iPhone.FK_0001_0003.csproj", "{0716F624-462A-41E8-B479-AF7DD6721B77}"
EndProject
Project("{FAE04EC0-301F-11D3-BF4B-00C04F79EFBC}") = "Krista.FM.Server.Dashboards.iPhone.FK_0001_0004", "..\..\Projects\Dashboards\Krista.FM.Server.Dashboards\Krista.FM.Server.Dashboards.iPhone.FK_0001_0004.csproj", "{78597787-F1DA-462E-9F3D-F565CC814BE4}"
EndProject
Project("{FAE04EC0-301F-11D3-BF4B-00C04F79EFBC}") = "Krista.FM.Server.Dashboards.iPhone.FNS_0001_0001", "..\..\Projects\Dashboards\Krista.FM.Server.Dashboards\Krista.FM.Server.Dashboards.iPhone.FNS_0001_0001.csproj", "{97B45B73-03D9-4726-8BD1-B547D4AF1D64}"
EndProject
Project("{FAE04EC0-301F-11D3-BF4B-00C04F79EFBC}") = "Krista.FM.Server.Dashboards.iPhone.MFRF_0001_0005", "..\..\Projects\Dashboards\Krista.FM.Server.Dashboards\Krista.FM.Server.Dashboards.iPhone.MFRF_0001_0005.csproj", "{ECC8DFF4-7F2E-4E22-BC5B-D50FEB88609B}"
EndProject
Project("{FAE04EC0-301F-11D3-BF4B-00C04F79EFBC}") = "Krista.FM.Server.Dashboards.iPhone.MFRF_0002_0001", "..\..\Projects\Dashboards\Krista.FM.Server.Dashboards\Krista.FM.Server.Dashboards.iPhone.MFRF_0002_0001.csproj", "{B964612D-4627-463D-9C48-96B0B1384EC4}"
EndProject
Project("{FAE04EC0-301F-11D3-BF4B-00C04F79EFBC}") = "Krista.FM.Server.Dashboards.iPhone.FO_0002_0003", "..\..\Projects\Dashboards\Krista.FM.Server.Dashboards\Krista.FM.Server.Dashboards.iPhone.FO_0002_0003.csproj", "{7042943E-AA31-4DCC-A4EB-D6E77C1296F7}"
EndProject
Project("{FAE04EC0-301F-11D3-BF4B-00C04F79EFBC}") = "Krista.FM.Server.Dashboards.iPhone.FO_0002_0005", "..\..\Projects\Dashboards\Krista.FM.Server.Dashboards\Krista.FM.Server.Dashboards.iPhone.FO_0002_0005.csproj", "{CAD1355E-1AA4-4FE7-BA71-FE44823C6678}"
EndProject
Project("{FAE04EC0-301F-11D3-BF4B-00C04F79EFBC}") = "Krista.FM.Server.Dashboards.iPhone.FO_0002_0006", "..\..\Projects\Dashboards\Krista.FM.Server.Dashboards\Krista.FM.Server.Dashboards.iPhone.FO_0002_0006.csproj", "{C19E9B63-AC97-49FD-81ED-125E698082FE}"
EndProject
Project("{FAE04EC0-301F-11D3-BF4B-00C04F79EFBC}") = "Krista.FM.Server.Dashboards.iPhone.FO_0002_0007", "..\..\Projects\Dashboards\Krista.FM.Server.Dashboards\Krista.FM.Server.Dashboards.iPhone.FO_0002_0007.csproj", "{67569839-0F01-4E51-B622-428D3EBFCF6A}"
EndProject
Project("{FAE04EC0-301F-11D3-BF4B-00C04F79EFBC}") = "Krista.FM.Server.Dashboards.FO_0002_0010.Default", "..\..\Projects\Dashboards\Krista.FM.Server.Dashboards\Krista.FM.Server.Dashboards.FO_0002_0010.Default.csproj", "{052516F7-DFD4-42AE-9F73-2837D53F092C}"
EndProject
Project("{FAE04EC0-301F-11D3-BF4B-00C04F79EFBC}") = "Krista.FM.Server.Dashboards.FO_0002_0008.Default", "..\..\Projects\Dashboards\Krista.FM.Server.Dashboards\Krista.FM.Server.Dashboards.FO_0002_0008.Default.csproj", "{578E8F21-E7C4-4E9C-A818-1609E8B58EE7}"
EndProject
Project("{FAE04EC0-301F-11D3-BF4B-00C04F79EFBC}") = "Krista.FM.Server.Dashboards.FO_0002_0013_02.Default", "..\..\Projects\Dashboards\Krista.FM.Server.Dashboards\Krista.FM.Server.Dashboards.FO_0002_0013_02.Default.csproj", "{EBE4FA76-45EA-419C-9860-265C7A5A9804}"
EndProject
Project("{FAE04EC0-301F-11D3-BF4B-00C04F79EFBC}") = "Krista.FM.Server.Dashboards.FO_0002_0014.Default", "..\..\Projects\Dashboards\Krista.FM.Server.Dashboards\Krista.FM.Server.Dashboards.FO_0002_0014.Default.csproj", "{0C4B0C9F-3244-4E2A-95D7-4DEA95C15961}"
EndProject
Project("{FAE04EC0-301F-11D3-BF4B-00C04F79EFBC}") = "Krista.FM.Server.Dashboards.FK_0001_0013.Default", "..\..\Projects\Dashboards\Krista.FM.Server.Dashboards\Krista.FM.Server.Dashboards.FK_0001_0013.Default.csproj", "{0DEA340E-18B3-4A89-977E-4FD7F81E65F3}"
EndProject
Project("{FAE04EC0-301F-11D3-BF4B-00C04F79EFBC}") = "Krista.FM.Server.Dashboards.MFRF_0002_0002.Default", "..\..\Projects\Dashboards\Krista.FM.Server.Dashboards\Krista.FM.Server.Dashboards.MFRF_0002_0002.Default.csproj", "{7BD7D789-493B-47F8-8577-1A4117FE1CC5}"
EndProject
Project("{FAE04EC0-301F-11D3-BF4B-00C04F79EFBC}") = "Krista.FM.Server.Dashboards.MFRF_0002_0003.Default", "..\..\Projects\Dashboards\Krista.FM.Server.Dashboards\Krista.FM.Server.Dashboards.MFRF_0002_0003.Default.csproj", "{5CF2EB29-CAD9-488A-BCD8-9394231EE397}"
EndProject
Project("{FAE04EC0-301F-11D3-BF4B-00C04F79EFBC}") = "Krista.FM.Server.Dashboards.MFRF_0002_0004.Default", "..\..\Projects\Dashboards\Krista.FM.Server.Dashboards\Krista.FM.Server.Dashboards.MFRF_0002_0004.Default.csproj", "{3D530F4E-131C-452A-A82F-9CFC98F1D810}"
EndProject
Project("{FAE04EC0-301F-11D3-BF4B-00C04F79EFBC}") = "Krista.FM.Server.Dashboards.iPhone.MFRF_0002_0002", "..\..\Projects\Dashboards\Krista.FM.Server.Dashboards\Krista.FM.Server.Dashboards.iPhone.MFRF_0002_0002.csproj", "{886F51D1-CCF9-4B9B-9AF9-72683A245859}"
EndProject
Project("{FAE04EC0-301F-11D3-BF4B-00C04F79EFBC}") = "Krista.FM.Server.Dashboards.iPhone.FO_0002_0013", "..\..\Projects\Dashboards\Krista.FM.Server.Dashboards\Krista.FM.Server.Dashboards.iPhone.FO_0002_0013.csproj", "{FE73F627-80CC-4707-B191-7CDE37CDC053}"
EndProject
Project("{FAE04EC0-301F-11D3-BF4B-00C04F79EFBC}") = "Krista.FM.Server.Dashboards.MFRF_0003_0001.Default", "..\..\Projects\Dashboards\Krista.FM.Server.Dashboards\Krista.FM.Server.Dashboards.MFRF_0003_0001.Default.csproj", "{6EFF76E8-E755-489D-B71C-1F83F196DD40}"
EndProject
Project("{FAE04EC0-301F-11D3-BF4B-00C04F79EFBC}") = "Krista.FM.Server.Dashboards.FK_0001_0015.Default", "..\..\Projects\Dashboards\Krista.FM.Server.Dashboards\Krista.FM.Server.Dashboards.FK_0001_0015.Default.csproj", "{FB351B67-F02E-4F1B-B7F1-961CD46D5510}"
EndProject
Project("{FAE04EC0-301F-11D3-BF4B-00C04F79EFBC}") = "Krista.FM.Server.Dashboards.MFRF_0003_0003.Default", "..\..\Projects\Dashboards\Krista.FM.Server.Dashboards\Krista.FM.Server.Dashboards.MFRF_0003_0003.Default.csproj", "{71322CDE-CFF9-4284-AE8B-502F3D4DEDC5}"
EndProject
Project("{FAE04EC0-301F-11D3-BF4B-00C04F79EFBC}") = "Krista.FM.Server.Dashboards.MFRF_0001_0005.Default", "..\..\Projects\Dashboards\Krista.FM.Server.Dashboards\Krista.FM.Server.Dashboards.MFRF_0001_0005.Default.csproj", "{C49FD3A6-5395-4442-A3A6-931828AC8E47}"
EndProject
Project("{FAE04EC0-301F-11D3-BF4B-00C04F79EFBC}") = "Krista.FM.Server.Dashboards.FK_0001_0018.Default", "..\..\Projects\Dashboards\Krista.FM.Server.Dashboards\Krista.FM.Server.Dashboards.FK_0001_0018.Default.csproj", "{6CCB756C-D41E-42AA-80A8-FAD1CEF6E6FB}"
EndProject
Project("{FAE04EC0-301F-11D3-BF4B-00C04F79EFBC}") = "Krista.FM.Server.Dashboards.FO_0002_0003.DefaultCompare", "..\..\Projects\Dashboards\Krista.FM.Server.Dashboards\Krista.FM.Server.Dashboards.FO_0002_0003.DefaultCompare.csproj", "{09E93B28-B27A-4040-83C9-182848DCCB7D}"
EndProject
Project("{FAE04EC0-301F-11D3-BF4B-00C04F79EFBC}") = "Krista.FM.Server.Dashboards.FO_0002_0004.DefaultDetail", "..\..\Projects\Dashboards\Krista.FM.Server.Dashboards\Krista.FM.Server.Dashboards.FO_0002_0004.DefaultDetail.csproj", "{805C4FDD-008C-472F-B718-7EBBD3B50E4A}"
EndProject
Project("{FAE04EC0-301F-11D3-BF4B-00C04F79EFBC}") = "Krista.FM.Server.Dashboards.FO_0002_0013_01_Saratov.Default", "..\..\Projects\Dashboards\Krista.FM.Server.Dashboards\Krista.FM.Server.Dashboards.FO_0002_0013_01_Saratov.Default.csproj", "{5E9EFEE0-8073-4196-8546-06DAB2625042}"
EndProject
Project("{FAE04EC0-301F-11D3-BF4B-00C04F79EFBC}") = "Krista.FM.Server.Dashboards.FO_0002_0009.Default", "..\..\Projects\Dashboards\Krista.FM.Server.Dashboards\Krista.FM.Server.Dashboards.FO_0002_0009.Default.csproj", "{7D3A778F-4D54-4D32-8CE7-5ADE0EB09BC5}"
EndProject
Project("{FAE04EC0-301F-11D3-BF4B-00C04F79EFBC}") = "Krista.FM.Server.Dashboards.FO_0002_0001_Saratov.Default", "..\..\Projects\Dashboards\Krista.FM.Server.Dashboards\Krista.FM.Server.Dashboards.FO_0002_0001_Saratov.Default.csproj", "{5DFD3E86-8A0C-4433-A871-48CA78CFEC24}"
EndProject
Project("{FAE04EC0-301F-11D3-BF4B-00C04F79EFBC}") = "Krista.FM.Client.MobileReports.Common", "..\..\Projects\MobileReports.Snapshot\Krista.FM.Client.MobileReports.Common\Krista.FM.Client.MobileReports.Common.csproj", "{139A2672-1E8A-4700-A5FB-0A05B34F02F6}"
EndProject
Project("{2150E333-8FDC-42A3-9474-1A3956D46DE8}") = "По федеральным данным", "По федеральным данным", "{575984B9-7F06-4631-84C3-8172BEEB837E}"
EndProject
Project("{2150E333-8FDC-42A3-9474-1A3956D46DE8}") = "Недоимка 65н", "Недоимка 65н", "{94B704A8-FDC2-4A5C-AE86-2002BD22DBDB}"
EndProject
Project("{2150E333-8FDC-42A3-9474-1A3956D46DE8}") = "Типовые ФО_МесОтч", "Типовые ФО_МесОтч", "{48B2FC90-C651-468F-8EA8-160415565069}"
EndProject
Project("{FAE04EC0-301F-11D3-BF4B-00C04F79EFBC}") = "Krista.FM.Extensions", "..\..\Projects\Common\Krista.FM.Extentions\Krista.FM.Extensions.csproj", "{AF342789-6944-45D9-A774-65EF22F7D828}"
EndProject
Project("{FAE04EC0-301F-11D3-BF4B-00C04F79EFBC}") = "Krista.FM.Server.Dashboards.FK_0001_0002_Saratov.DefaultCompare", "..\..\Projects\Dashboards\Krista.FM.Server.Dashboards\Krista.FM.Server.Dashboards.FK_0001_0002_Saratov.DefaultCompare.csproj", "{87C6A266-3079-474D-9052-DE412ACA8A19}"
EndProject
Project("{FAE04EC0-301F-11D3-BF4B-00C04F79EFBC}") = "Krista.FM.Server.Dashboards.FK_0001_0003_Saratov.DefaultCompare", "..\..\Projects\Dashboards\Krista.FM.Server.Dashboards\Krista.FM.Server.Dashboards.FK_0001_0003_Saratov.DefaultCompare.csproj", "{A92EF946-3554-4B8C-ADAA-5D0A155C2644}"
EndProject
Project("{2150E333-8FDC-42A3-9474-1A3956D46DE8}") = "Расходы бюджета", "Расходы бюджета", "{051F7DB3-967D-4B20-8AE2-3671EC80E228}"
EndProject
Project("{FAE04EC0-301F-11D3-BF4B-00C04F79EFBC}") = "Krista.FM.Server.Dashboards.FO_0004_0001.Default", "..\..\Projects\Dashboards\Krista.FM.Server.Dashboards\Krista.FM.Server.Dashboards.FO_0004_0001.Default.csproj", "{BAB45098-1802-43BC-9522-E991C64A4599}"
EndProject
Project("{FAE04EC0-301F-11D3-BF4B-00C04F79EFBC}") = "Krista.FM.Server.Dashboards.FO_0004_0002.Default", "..\..\Projects\Dashboards\Krista.FM.Server.Dashboards\Krista.FM.Server.Dashboards.FO_0004_0002.Default.csproj", "{526FF678-6D80-4553-98AC-150F48F36EE0}"
EndProject
Project("{2150E333-8FDC-42A3-9474-1A3956D46DE8}") = "Мониторинг местных бюджетов", "Мониторинг местных бюджетов", "{EC1C6C4A-A3CB-4695-BBD1-599574307C54}"
EndProject
Project("{FAE04EC0-301F-11D3-BF4B-00C04F79EFBC}") = "Krista.FM.Server.Dashboards.FO_0046_0001.Default", "..\..\Projects\Dashboards\Krista.FM.Server.Dashboards\Krista.FM.Server.Dashboards.FO_0046_0001.Default.csproj", "{B4F1ABD2-0E30-4FA2-956F-52B7ED6D1D68}"
EndProject
Global
	GlobalSection(SolutionConfigurationPlatforms) = preSolution
		Krista.FM.Server.Dashboards.Debug|Any CPU = Krista.FM.Server.Dashboards.Debug|Any CPU
		Krista.FM.Server.Dashboards.Release|Any CPU = Krista.FM.Server.Dashboards.Release|Any CPU
	EndGlobalSection
	GlobalSection(ProjectConfigurationPlatforms) = postSolution
		{FABEB6E9-EEC1-4390-812D-A5C0D17F346B}.Krista.FM.Server.Dashboards.Debug|Any CPU.ActiveCfg = Krista.FM.Server.Dashboards.Debug|Any CPU
		{FABEB6E9-EEC1-4390-812D-A5C0D17F346B}.Krista.FM.Server.Dashboards.Debug|Any CPU.Build.0 = Krista.FM.Server.Dashboards.Debug|Any CPU
		{FABEB6E9-EEC1-4390-812D-A5C0D17F346B}.Krista.FM.Server.Dashboards.Release|Any CPU.ActiveCfg = Krista.FM.Server.Dashboards.Release|Any CPU
		{FABEB6E9-EEC1-4390-812D-A5C0D17F346B}.Krista.FM.Server.Dashboards.Release|Any CPU.Build.0 = Krista.FM.Server.Dashboards.Release|Any CPU
		{29E31B73-8B09-4B33-814A-D3061D4DCAFD}.Krista.FM.Server.Dashboards.Debug|Any CPU.ActiveCfg = Krista.FM.Server.Dashboards.Debug|Any CPU
		{29E31B73-8B09-4B33-814A-D3061D4DCAFD}.Krista.FM.Server.Dashboards.Debug|Any CPU.Build.0 = Krista.FM.Server.Dashboards.Debug|Any CPU
		{29E31B73-8B09-4B33-814A-D3061D4DCAFD}.Krista.FM.Server.Dashboards.Release|Any CPU.ActiveCfg = Krista.FM.Server.Dashboards.Release|Any CPU
		{29E31B73-8B09-4B33-814A-D3061D4DCAFD}.Krista.FM.Server.Dashboards.Release|Any CPU.Build.0 = Krista.FM.Server.Dashboards.Release|Any CPU
		{771564CF-3F02-4A9A-91CC-F710104EC4B3}.Krista.FM.Server.Dashboards.Debug|Any CPU.ActiveCfg = Krista.FM.Server.Dashboards.Debug|Any CPU
		{771564CF-3F02-4A9A-91CC-F710104EC4B3}.Krista.FM.Server.Dashboards.Debug|Any CPU.Build.0 = Krista.FM.Server.Dashboards.Debug|Any CPU
		{771564CF-3F02-4A9A-91CC-F710104EC4B3}.Krista.FM.Server.Dashboards.Release|Any CPU.ActiveCfg = Krista.FM.Server.Dashboards.Release|Any CPU
		{771564CF-3F02-4A9A-91CC-F710104EC4B3}.Krista.FM.Server.Dashboards.Release|Any CPU.Build.0 = Krista.FM.Server.Dashboards.Release|Any CPU
		{4FF19E83-61D5-4AF5-AAF7-737623059773}.Krista.FM.Server.Dashboards.Debug|Any CPU.ActiveCfg = Krista.FM.Server.Dashboards.Debug|Any CPU
		{4FF19E83-61D5-4AF5-AAF7-737623059773}.Krista.FM.Server.Dashboards.Debug|Any CPU.Build.0 = Krista.FM.Server.Dashboards.Debug|Any CPU
		{4FF19E83-61D5-4AF5-AAF7-737623059773}.Krista.FM.Server.Dashboards.Release|Any CPU.ActiveCfg = Krista.FM.Server.Dashboards.Release|Any CPU
		{4FF19E83-61D5-4AF5-AAF7-737623059773}.Krista.FM.Server.Dashboards.Release|Any CPU.Build.0 = Krista.FM.Server.Dashboards.Release|Any CPU
		{24C607A3-2BA3-4D29-A6DB-F7F866302E76}.Krista.FM.Server.Dashboards.Debug|Any CPU.ActiveCfg = Krista.FM.Server.Dashboards.Debug|Any CPU
		{24C607A3-2BA3-4D29-A6DB-F7F866302E76}.Krista.FM.Server.Dashboards.Debug|Any CPU.Build.0 = Krista.FM.Server.Dashboards.Debug|Any CPU
		{24C607A3-2BA3-4D29-A6DB-F7F866302E76}.Krista.FM.Server.Dashboards.Release|Any CPU.ActiveCfg = Krista.FM.Server.Dashboards.Release|Any CPU
		{24C607A3-2BA3-4D29-A6DB-F7F866302E76}.Krista.FM.Server.Dashboards.Release|Any CPU.Build.0 = Krista.FM.Server.Dashboards.Release|Any CPU
		{134223D3-2075-431F-A85E-BEA38D1E799B}.Krista.FM.Server.Dashboards.Debug|Any CPU.ActiveCfg = Krista.FM.Server.Dashboards.Debug|Any CPU
		{134223D3-2075-431F-A85E-BEA38D1E799B}.Krista.FM.Server.Dashboards.Debug|Any CPU.Build.0 = Krista.FM.Server.Dashboards.Debug|Any CPU
		{134223D3-2075-431F-A85E-BEA38D1E799B}.Krista.FM.Server.Dashboards.Release|Any CPU.ActiveCfg = Krista.FM.Server.Dashboards.Release|Any CPU
		{134223D3-2075-431F-A85E-BEA38D1E799B}.Krista.FM.Server.Dashboards.Release|Any CPU.Build.0 = Krista.FM.Server.Dashboards.Release|Any CPU
		{74190CC5-B2E8-4065-AC1D-CD8C226D6EA1}.Krista.FM.Server.Dashboards.Debug|Any CPU.ActiveCfg = Krista.FM.Server.Dashboards.Debug|Any CPU
		{74190CC5-B2E8-4065-AC1D-CD8C226D6EA1}.Krista.FM.Server.Dashboards.Debug|Any CPU.Build.0 = Krista.FM.Server.Dashboards.Debug|Any CPU
		{74190CC5-B2E8-4065-AC1D-CD8C226D6EA1}.Krista.FM.Server.Dashboards.Release|Any CPU.ActiveCfg = Krista.FM.Server.Dashboards.Release|Any CPU
		{74190CC5-B2E8-4065-AC1D-CD8C226D6EA1}.Krista.FM.Server.Dashboards.Release|Any CPU.Build.0 = Krista.FM.Server.Dashboards.Release|Any CPU
		{62258010-D25C-4128-93DE-1F6553D3870B}.Krista.FM.Server.Dashboards.Debug|Any CPU.ActiveCfg = Krista.FM.Server.Dashboards.Debug|Any CPU
		{62258010-D25C-4128-93DE-1F6553D3870B}.Krista.FM.Server.Dashboards.Debug|Any CPU.Build.0 = Krista.FM.Server.Dashboards.Debug|Any CPU
		{62258010-D25C-4128-93DE-1F6553D3870B}.Krista.FM.Server.Dashboards.Release|Any CPU.ActiveCfg = Krista.FM.Server.Dashboards.Release|Any CPU
		{62258010-D25C-4128-93DE-1F6553D3870B}.Krista.FM.Server.Dashboards.Release|Any CPU.Build.0 = Krista.FM.Server.Dashboards.Release|Any CPU
		{A11B6335-913A-469F-93C9-C3C2AB7E7C9A}.Krista.FM.Server.Dashboards.Debug|Any CPU.ActiveCfg = Krista.FM.Server.Dashboards.Debug|Any CPU
		{A11B6335-913A-469F-93C9-C3C2AB7E7C9A}.Krista.FM.Server.Dashboards.Debug|Any CPU.Build.0 = Krista.FM.Server.Dashboards.Debug|Any CPU
		{A11B6335-913A-469F-93C9-C3C2AB7E7C9A}.Krista.FM.Server.Dashboards.Release|Any CPU.ActiveCfg = Krista.FM.Server.Dashboards.Release|Any CPU
		{A11B6335-913A-469F-93C9-C3C2AB7E7C9A}.Krista.FM.Server.Dashboards.Release|Any CPU.Build.0 = Krista.FM.Server.Dashboards.Release|Any CPU
		{0FA0EADD-3C2A-4780-8F30-53A5CC054EE5}.Krista.FM.Server.Dashboards.Debug|Any CPU.ActiveCfg = Krista.FM.Server.Dashboards.Debug|Any CPU
		{0FA0EADD-3C2A-4780-8F30-53A5CC054EE5}.Krista.FM.Server.Dashboards.Debug|Any CPU.Build.0 = Krista.FM.Server.Dashboards.Debug|Any CPU
		{0FA0EADD-3C2A-4780-8F30-53A5CC054EE5}.Krista.FM.Server.Dashboards.Release|Any CPU.ActiveCfg = Krista.FM.Server.Dashboards.Release|Any CPU
		{0FA0EADD-3C2A-4780-8F30-53A5CC054EE5}.Krista.FM.Server.Dashboards.Release|Any CPU.Build.0 = Krista.FM.Server.Dashboards.Release|Any CPU
		{4A75196D-5F71-46B0-9795-0EE34648EC59}.Krista.FM.Server.Dashboards.Debug|Any CPU.ActiveCfg = Krista.FM.Server.Dashboards.Debug|Any CPU
		{4A75196D-5F71-46B0-9795-0EE34648EC59}.Krista.FM.Server.Dashboards.Debug|Any CPU.Build.0 = Krista.FM.Server.Dashboards.Debug|Any CPU
		{4A75196D-5F71-46B0-9795-0EE34648EC59}.Krista.FM.Server.Dashboards.Release|Any CPU.ActiveCfg = Krista.FM.Server.Dashboards.Release|Any CPU
		{4A75196D-5F71-46B0-9795-0EE34648EC59}.Krista.FM.Server.Dashboards.Release|Any CPU.Build.0 = Krista.FM.Server.Dashboards.Release|Any CPU
		{75D33061-957B-4725-B94B-FECB27D8BAA6}.Krista.FM.Server.Dashboards.Debug|Any CPU.ActiveCfg = Krista.FM.Server.Dashboards.Debug|Any CPU
		{75D33061-957B-4725-B94B-FECB27D8BAA6}.Krista.FM.Server.Dashboards.Debug|Any CPU.Build.0 = Krista.FM.Server.Dashboards.Debug|Any CPU
		{75D33061-957B-4725-B94B-FECB27D8BAA6}.Krista.FM.Server.Dashboards.Release|Any CPU.ActiveCfg = Krista.FM.Server.Dashboards.Release|Any CPU
		{75D33061-957B-4725-B94B-FECB27D8BAA6}.Krista.FM.Server.Dashboards.Release|Any CPU.Build.0 = Krista.FM.Server.Dashboards.Release|Any CPU
		{C43B1947-6366-4EBB-8388-5EF0398FF607}.Krista.FM.Server.Dashboards.Debug|Any CPU.ActiveCfg = Krista.FM.Server.Dashboards.Debug|Any CPU
		{C43B1947-6366-4EBB-8388-5EF0398FF607}.Krista.FM.Server.Dashboards.Debug|Any CPU.Build.0 = Krista.FM.Server.Dashboards.Debug|Any CPU
		{C43B1947-6366-4EBB-8388-5EF0398FF607}.Krista.FM.Server.Dashboards.Release|Any CPU.ActiveCfg = Krista.FM.Server.Dashboards.Release|Any CPU
		{C43B1947-6366-4EBB-8388-5EF0398FF607}.Krista.FM.Server.Dashboards.Release|Any CPU.Build.0 = Krista.FM.Server.Dashboards.Release|Any CPU
		{C95C5070-BF70-4E77-97FE-E408AEDC2165}.Krista.FM.Server.Dashboards.Debug|Any CPU.ActiveCfg = Krista.FM.Server.Dashboards.Debug|Any CPU
		{C95C5070-BF70-4E77-97FE-E408AEDC2165}.Krista.FM.Server.Dashboards.Debug|Any CPU.Build.0 = Krista.FM.Server.Dashboards.Debug|Any CPU
		{C95C5070-BF70-4E77-97FE-E408AEDC2165}.Krista.FM.Server.Dashboards.Release|Any CPU.ActiveCfg = Krista.FM.Server.Dashboards.Release|Any CPU
		{C95C5070-BF70-4E77-97FE-E408AEDC2165}.Krista.FM.Server.Dashboards.Release|Any CPU.Build.0 = Krista.FM.Server.Dashboards.Release|Any CPU
		{8B9D99D9-7490-4AEC-82EA-A1E1567A93A6}.Krista.FM.Server.Dashboards.Debug|Any CPU.ActiveCfg = Krista.FM.Server.Dashboards.Debug|Any CPU
		{8B9D99D9-7490-4AEC-82EA-A1E1567A93A6}.Krista.FM.Server.Dashboards.Debug|Any CPU.Build.0 = Krista.FM.Server.Dashboards.Debug|Any CPU
		{8B9D99D9-7490-4AEC-82EA-A1E1567A93A6}.Krista.FM.Server.Dashboards.Release|Any CPU.ActiveCfg = Krista.FM.Server.Dashboards.Release|Any CPU
		{8B9D99D9-7490-4AEC-82EA-A1E1567A93A6}.Krista.FM.Server.Dashboards.Release|Any CPU.Build.0 = Krista.FM.Server.Dashboards.Release|Any CPU
		{960532FB-BBC1-451A-9983-519D08EBC4F0}.Krista.FM.Server.Dashboards.Debug|Any CPU.ActiveCfg = Krista.FM.Server.Dashboards.Debug|Any CPU
		{960532FB-BBC1-451A-9983-519D08EBC4F0}.Krista.FM.Server.Dashboards.Debug|Any CPU.Build.0 = Krista.FM.Server.Dashboards.Debug|Any CPU
		{960532FB-BBC1-451A-9983-519D08EBC4F0}.Krista.FM.Server.Dashboards.Release|Any CPU.ActiveCfg = Krista.FM.Server.Dashboards.Release|Any CPU
		{960532FB-BBC1-451A-9983-519D08EBC4F0}.Krista.FM.Server.Dashboards.Release|Any CPU.Build.0 = Krista.FM.Server.Dashboards.Release|Any CPU
		{1C3C2767-0ABA-40E0-B393-E9EB9E560DB9}.Krista.FM.Server.Dashboards.Debug|Any CPU.ActiveCfg = Krista.FM.Server.Dashboards.Debug|Any CPU
		{1C3C2767-0ABA-40E0-B393-E9EB9E560DB9}.Krista.FM.Server.Dashboards.Debug|Any CPU.Build.0 = Krista.FM.Server.Dashboards.Debug|Any CPU
		{1C3C2767-0ABA-40E0-B393-E9EB9E560DB9}.Krista.FM.Server.Dashboards.Release|Any CPU.ActiveCfg = Krista.FM.Server.Dashboards.Release|Any CPU
		{1C3C2767-0ABA-40E0-B393-E9EB9E560DB9}.Krista.FM.Server.Dashboards.Release|Any CPU.Build.0 = Krista.FM.Server.Dashboards.Release|Any CPU
		{36A4F40F-FA63-4F93-BF12-0B7C015079B0}.Krista.FM.Server.Dashboards.Debug|Any CPU.ActiveCfg = Krista.FM.Server.Dashboards.Debug|Any CPU
		{36A4F40F-FA63-4F93-BF12-0B7C015079B0}.Krista.FM.Server.Dashboards.Debug|Any CPU.Build.0 = Krista.FM.Server.Dashboards.Debug|Any CPU
		{36A4F40F-FA63-4F93-BF12-0B7C015079B0}.Krista.FM.Server.Dashboards.Release|Any CPU.ActiveCfg = Krista.FM.Server.Dashboards.Release|Any CPU
		{36A4F40F-FA63-4F93-BF12-0B7C015079B0}.Krista.FM.Server.Dashboards.Release|Any CPU.Build.0 = Krista.FM.Server.Dashboards.Release|Any CPU
		{444563CE-9E19-440C-8DDB-23B1F07A8D3B}.Krista.FM.Server.Dashboards.Debug|Any CPU.ActiveCfg = Krista.FM.Server.Dashboards.Debug|Any CPU
		{444563CE-9E19-440C-8DDB-23B1F07A8D3B}.Krista.FM.Server.Dashboards.Debug|Any CPU.Build.0 = Krista.FM.Server.Dashboards.Debug|Any CPU
		{444563CE-9E19-440C-8DDB-23B1F07A8D3B}.Krista.FM.Server.Dashboards.Release|Any CPU.ActiveCfg = Krista.FM.Server.Dashboards.Release|Any CPU
		{444563CE-9E19-440C-8DDB-23B1F07A8D3B}.Krista.FM.Server.Dashboards.Release|Any CPU.Build.0 = Krista.FM.Server.Dashboards.Release|Any CPU
		{AF698C0D-642A-4B9D-8EBE-46A7462B2275}.Krista.FM.Server.Dashboards.Debug|Any CPU.ActiveCfg = Krista.FM.Server.Dashboards.Debug|Any CPU
		{AF698C0D-642A-4B9D-8EBE-46A7462B2275}.Krista.FM.Server.Dashboards.Debug|Any CPU.Build.0 = Krista.FM.Server.Dashboards.Debug|Any CPU
		{AF698C0D-642A-4B9D-8EBE-46A7462B2275}.Krista.FM.Server.Dashboards.Release|Any CPU.ActiveCfg = Krista.FM.Server.Dashboards.Release|Any CPU
		{AF698C0D-642A-4B9D-8EBE-46A7462B2275}.Krista.FM.Server.Dashboards.Release|Any CPU.Build.0 = Krista.FM.Server.Dashboards.Release|Any CPU
		{97D15D92-C3FC-4208-A060-AE5A7494C634}.Krista.FM.Server.Dashboards.Debug|Any CPU.ActiveCfg = Krista.FM.Server.Dashboards.Debug|Any CPU
		{97D15D92-C3FC-4208-A060-AE5A7494C634}.Krista.FM.Server.Dashboards.Debug|Any CPU.Build.0 = Krista.FM.Server.Dashboards.Debug|Any CPU
		{97D15D92-C3FC-4208-A060-AE5A7494C634}.Krista.FM.Server.Dashboards.Release|Any CPU.ActiveCfg = Krista.FM.Server.Dashboards.Release|Any CPU
		{97D15D92-C3FC-4208-A060-AE5A7494C634}.Krista.FM.Server.Dashboards.Release|Any CPU.Build.0 = Krista.FM.Server.Dashboards.Release|Any CPU
		{530BDE86-A8E2-4BA9-8778-65D792B5F8B6}.Krista.FM.Server.Dashboards.Debug|Any CPU.ActiveCfg = Krista.FM.Server.Dashboards.Debug|Any CPU
		{530BDE86-A8E2-4BA9-8778-65D792B5F8B6}.Krista.FM.Server.Dashboards.Debug|Any CPU.Build.0 = Krista.FM.Server.Dashboards.Debug|Any CPU
		{530BDE86-A8E2-4BA9-8778-65D792B5F8B6}.Krista.FM.Server.Dashboards.Release|Any CPU.ActiveCfg = Krista.FM.Server.Dashboards.Release|Any CPU
		{530BDE86-A8E2-4BA9-8778-65D792B5F8B6}.Krista.FM.Server.Dashboards.Release|Any CPU.Build.0 = Krista.FM.Server.Dashboards.Release|Any CPU
		{6A92077F-8D36-4A51-A618-60C30CC731C7}.Krista.FM.Server.Dashboards.Debug|Any CPU.ActiveCfg = Krista.FM.Server.Dashboards.Debug|Any CPU
		{6A92077F-8D36-4A51-A618-60C30CC731C7}.Krista.FM.Server.Dashboards.Debug|Any CPU.Build.0 = Krista.FM.Server.Dashboards.Debug|Any CPU
		{6A92077F-8D36-4A51-A618-60C30CC731C7}.Krista.FM.Server.Dashboards.Release|Any CPU.ActiveCfg = Krista.FM.Server.Dashboards.Release|Any CPU
		{6A92077F-8D36-4A51-A618-60C30CC731C7}.Krista.FM.Server.Dashboards.Release|Any CPU.Build.0 = Krista.FM.Server.Dashboards.Release|Any CPU
		{453086CA-CEF9-4511-BCA2-F56B189CC5FD}.Krista.FM.Server.Dashboards.Debug|Any CPU.ActiveCfg = Krista.FM.Server.Dashboards.Debug|Any CPU
		{453086CA-CEF9-4511-BCA2-F56B189CC5FD}.Krista.FM.Server.Dashboards.Debug|Any CPU.Build.0 = Krista.FM.Server.Dashboards.Debug|Any CPU
		{453086CA-CEF9-4511-BCA2-F56B189CC5FD}.Krista.FM.Server.Dashboards.Release|Any CPU.ActiveCfg = Krista.FM.Server.Dashboards.Release|Any CPU
		{453086CA-CEF9-4511-BCA2-F56B189CC5FD}.Krista.FM.Server.Dashboards.Release|Any CPU.Build.0 = Krista.FM.Server.Dashboards.Release|Any CPU
		{7B5F2D5A-626B-4C8E-A5D8-91215E6E02AB}.Krista.FM.Server.Dashboards.Debug|Any CPU.ActiveCfg = Krista.FM.Server.Dashboards.Debug|Any CPU
		{7B5F2D5A-626B-4C8E-A5D8-91215E6E02AB}.Krista.FM.Server.Dashboards.Debug|Any CPU.Build.0 = Krista.FM.Server.Dashboards.Debug|Any CPU
		{7B5F2D5A-626B-4C8E-A5D8-91215E6E02AB}.Krista.FM.Server.Dashboards.Release|Any CPU.ActiveCfg = Krista.FM.Server.Dashboards.Release|Any CPU
		{7B5F2D5A-626B-4C8E-A5D8-91215E6E02AB}.Krista.FM.Server.Dashboards.Release|Any CPU.Build.0 = Krista.FM.Server.Dashboards.Release|Any CPU
		{5D1D1095-6D84-4B1E-A785-54D4A5F25375}.Krista.FM.Server.Dashboards.Debug|Any CPU.ActiveCfg = Krista.FM.Server.Dashboards.Debug|Any CPU
		{5D1D1095-6D84-4B1E-A785-54D4A5F25375}.Krista.FM.Server.Dashboards.Debug|Any CPU.Build.0 = Krista.FM.Server.Dashboards.Debug|Any CPU
		{5D1D1095-6D84-4B1E-A785-54D4A5F25375}.Krista.FM.Server.Dashboards.Release|Any CPU.ActiveCfg = Krista.FM.Server.Dashboards.Release|Any CPU
		{5D1D1095-6D84-4B1E-A785-54D4A5F25375}.Krista.FM.Server.Dashboards.Release|Any CPU.Build.0 = Krista.FM.Server.Dashboards.Release|Any CPU
		{DD9FCD19-3CFA-46A2-A63F-A08980592E66}.Krista.FM.Server.Dashboards.Debug|Any CPU.ActiveCfg = Krista.FM.Server.Dashboards.Debug|Any CPU
		{DD9FCD19-3CFA-46A2-A63F-A08980592E66}.Krista.FM.Server.Dashboards.Debug|Any CPU.Build.0 = Krista.FM.Server.Dashboards.Debug|Any CPU
		{DD9FCD19-3CFA-46A2-A63F-A08980592E66}.Krista.FM.Server.Dashboards.Release|Any CPU.ActiveCfg = Krista.FM.Server.Dashboards.Release|Any CPU
		{DD9FCD19-3CFA-46A2-A63F-A08980592E66}.Krista.FM.Server.Dashboards.Release|Any CPU.Build.0 = Krista.FM.Server.Dashboards.Release|Any CPU
		{9401E046-181A-4EDD-9956-1A4E85BF2792}.Krista.FM.Server.Dashboards.Debug|Any CPU.ActiveCfg = Krista.FM.Server.Dashboards.Debug|Any CPU
		{9401E046-181A-4EDD-9956-1A4E85BF2792}.Krista.FM.Server.Dashboards.Debug|Any CPU.Build.0 = Krista.FM.Server.Dashboards.Debug|Any CPU
		{9401E046-181A-4EDD-9956-1A4E85BF2792}.Krista.FM.Server.Dashboards.Release|Any CPU.ActiveCfg = Krista.FM.Server.Dashboards.Release|Any CPU
		{9401E046-181A-4EDD-9956-1A4E85BF2792}.Krista.FM.Server.Dashboards.Release|Any CPU.Build.0 = Krista.FM.Server.Dashboards.Release|Any CPU
		{BDF0DE7E-535E-440E-BEAA-E1DC2B34B884}.Krista.FM.Server.Dashboards.Debug|Any CPU.ActiveCfg = Krista.FM.Server.Dashboards.Debug|Any CPU
		{BDF0DE7E-535E-440E-BEAA-E1DC2B34B884}.Krista.FM.Server.Dashboards.Debug|Any CPU.Build.0 = Krista.FM.Server.Dashboards.Debug|Any CPU
		{BDF0DE7E-535E-440E-BEAA-E1DC2B34B884}.Krista.FM.Server.Dashboards.Release|Any CPU.ActiveCfg = Krista.FM.Server.Dashboards.Release|Any CPU
		{BDF0DE7E-535E-440E-BEAA-E1DC2B34B884}.Krista.FM.Server.Dashboards.Release|Any CPU.Build.0 = Krista.FM.Server.Dashboards.Release|Any CPU
		{B7F4E9BC-1077-4E65-97B4-F53D249B1272}.Krista.FM.Server.Dashboards.Debug|Any CPU.ActiveCfg = Krista.FM.Server.Dashboards.Debug|Any CPU
		{B7F4E9BC-1077-4E65-97B4-F53D249B1272}.Krista.FM.Server.Dashboards.Debug|Any CPU.Build.0 = Krista.FM.Server.Dashboards.Debug|Any CPU
		{B7F4E9BC-1077-4E65-97B4-F53D249B1272}.Krista.FM.Server.Dashboards.Release|Any CPU.ActiveCfg = Krista.FM.Server.Dashboards.Release|Any CPU
		{B7F4E9BC-1077-4E65-97B4-F53D249B1272}.Krista.FM.Server.Dashboards.Release|Any CPU.Build.0 = Krista.FM.Server.Dashboards.Release|Any CPU
		{B439E4D9-ABB9-4395-A2C2-BCC8FA820FD7}.Krista.FM.Server.Dashboards.Debug|Any CPU.ActiveCfg = Krista.FM.Server.Dashboards.Debug|Any CPU
		{B439E4D9-ABB9-4395-A2C2-BCC8FA820FD7}.Krista.FM.Server.Dashboards.Debug|Any CPU.Build.0 = Krista.FM.Server.Dashboards.Debug|Any CPU
		{B439E4D9-ABB9-4395-A2C2-BCC8FA820FD7}.Krista.FM.Server.Dashboards.Release|Any CPU.ActiveCfg = Krista.FM.Server.Dashboards.Release|Any CPU
		{B439E4D9-ABB9-4395-A2C2-BCC8FA820FD7}.Krista.FM.Server.Dashboards.Release|Any CPU.Build.0 = Krista.FM.Server.Dashboards.Release|Any CPU
		{5A87940A-7E9D-4636-85D9-161582D3D311}.Krista.FM.Server.Dashboards.Debug|Any CPU.ActiveCfg = Krista.FM.Server.Dashboards.Debug|Any CPU
		{5A87940A-7E9D-4636-85D9-161582D3D311}.Krista.FM.Server.Dashboards.Debug|Any CPU.Build.0 = Krista.FM.Server.Dashboards.Debug|Any CPU
		{5A87940A-7E9D-4636-85D9-161582D3D311}.Krista.FM.Server.Dashboards.Release|Any CPU.ActiveCfg = Krista.FM.Server.Dashboards.Release|Any CPU
		{5A87940A-7E9D-4636-85D9-161582D3D311}.Krista.FM.Server.Dashboards.Release|Any CPU.Build.0 = Krista.FM.Server.Dashboards.Release|Any CPU
		{78961544-2530-48BC-8239-3F99E83FDBA1}.Krista.FM.Server.Dashboards.Debug|Any CPU.ActiveCfg = Krista.FM.Server.Dashboards.Debug|Any CPU
		{78961544-2530-48BC-8239-3F99E83FDBA1}.Krista.FM.Server.Dashboards.Debug|Any CPU.Build.0 = Krista.FM.Server.Dashboards.Debug|Any CPU
		{78961544-2530-48BC-8239-3F99E83FDBA1}.Krista.FM.Server.Dashboards.Release|Any CPU.ActiveCfg = Krista.FM.Server.Dashboards.Release|Any CPU
		{78961544-2530-48BC-8239-3F99E83FDBA1}.Krista.FM.Server.Dashboards.Release|Any CPU.Build.0 = Krista.FM.Server.Dashboards.Release|Any CPU
		{EEA56F87-A5F9-489B-9569-7702E03EBA30}.Krista.FM.Server.Dashboards.Debug|Any CPU.ActiveCfg = Krista.FM.Server.Dashboards.Debug|Any CPU
		{EEA56F87-A5F9-489B-9569-7702E03EBA30}.Krista.FM.Server.Dashboards.Debug|Any CPU.Build.0 = Krista.FM.Server.Dashboards.Debug|Any CPU
		{EEA56F87-A5F9-489B-9569-7702E03EBA30}.Krista.FM.Server.Dashboards.Release|Any CPU.ActiveCfg = Krista.FM.Server.Dashboards.Release|Any CPU
		{EEA56F87-A5F9-489B-9569-7702E03EBA30}.Krista.FM.Server.Dashboards.Release|Any CPU.Build.0 = Krista.FM.Server.Dashboards.Release|Any CPU
		{0716F624-462A-41E8-B479-AF7DD6721B77}.Krista.FM.Server.Dashboards.Debug|Any CPU.ActiveCfg = Krista.FM.Server.Dashboards.Debug|Any CPU
		{0716F624-462A-41E8-B479-AF7DD6721B77}.Krista.FM.Server.Dashboards.Debug|Any CPU.Build.0 = Krista.FM.Server.Dashboards.Debug|Any CPU
		{0716F624-462A-41E8-B479-AF7DD6721B77}.Krista.FM.Server.Dashboards.Release|Any CPU.ActiveCfg = Krista.FM.Server.Dashboards.Release|Any CPU
		{0716F624-462A-41E8-B479-AF7DD6721B77}.Krista.FM.Server.Dashboards.Release|Any CPU.Build.0 = Krista.FM.Server.Dashboards.Release|Any CPU
		{78597787-F1DA-462E-9F3D-F565CC814BE4}.Krista.FM.Server.Dashboards.Debug|Any CPU.ActiveCfg = Krista.FM.Server.Dashboards.Debug|Any CPU
		{78597787-F1DA-462E-9F3D-F565CC814BE4}.Krista.FM.Server.Dashboards.Debug|Any CPU.Build.0 = Krista.FM.Server.Dashboards.Debug|Any CPU
		{78597787-F1DA-462E-9F3D-F565CC814BE4}.Krista.FM.Server.Dashboards.Release|Any CPU.ActiveCfg = Krista.FM.Server.Dashboards.Release|Any CPU
		{78597787-F1DA-462E-9F3D-F565CC814BE4}.Krista.FM.Server.Dashboards.Release|Any CPU.Build.0 = Krista.FM.Server.Dashboards.Release|Any CPU
		{97B45B73-03D9-4726-8BD1-B547D4AF1D64}.Krista.FM.Server.Dashboards.Debug|Any CPU.ActiveCfg = Krista.FM.Server.Dashboards.Debug|Any CPU
		{97B45B73-03D9-4726-8BD1-B547D4AF1D64}.Krista.FM.Server.Dashboards.Debug|Any CPU.Build.0 = Krista.FM.Server.Dashboards.Debug|Any CPU
		{97B45B73-03D9-4726-8BD1-B547D4AF1D64}.Krista.FM.Server.Dashboards.Release|Any CPU.ActiveCfg = Krista.FM.Server.Dashboards.Release|Any CPU
		{97B45B73-03D9-4726-8BD1-B547D4AF1D64}.Krista.FM.Server.Dashboards.Release|Any CPU.Build.0 = Krista.FM.Server.Dashboards.Release|Any CPU
		{ECC8DFF4-7F2E-4E22-BC5B-D50FEB88609B}.Krista.FM.Server.Dashboards.Debug|Any CPU.ActiveCfg = Krista.FM.Server.Dashboards.Debug|Any CPU
		{ECC8DFF4-7F2E-4E22-BC5B-D50FEB88609B}.Krista.FM.Server.Dashboards.Debug|Any CPU.Build.0 = Krista.FM.Server.Dashboards.Debug|Any CPU
		{ECC8DFF4-7F2E-4E22-BC5B-D50FEB88609B}.Krista.FM.Server.Dashboards.Release|Any CPU.ActiveCfg = Krista.FM.Server.Dashboards.Release|Any CPU
		{ECC8DFF4-7F2E-4E22-BC5B-D50FEB88609B}.Krista.FM.Server.Dashboards.Release|Any CPU.Build.0 = Krista.FM.Server.Dashboards.Release|Any CPU
		{B964612D-4627-463D-9C48-96B0B1384EC4}.Krista.FM.Server.Dashboards.Debug|Any CPU.ActiveCfg = Krista.FM.Server.Dashboards.Debug|Any CPU
		{B964612D-4627-463D-9C48-96B0B1384EC4}.Krista.FM.Server.Dashboards.Debug|Any CPU.Build.0 = Krista.FM.Server.Dashboards.Debug|Any CPU
		{B964612D-4627-463D-9C48-96B0B1384EC4}.Krista.FM.Server.Dashboards.Release|Any CPU.ActiveCfg = Krista.FM.Server.Dashboards.Release|Any CPU
		{B964612D-4627-463D-9C48-96B0B1384EC4}.Krista.FM.Server.Dashboards.Release|Any CPU.Build.0 = Krista.FM.Server.Dashboards.Release|Any CPU
		{7042943E-AA31-4DCC-A4EB-D6E77C1296F7}.Krista.FM.Server.Dashboards.Debug|Any CPU.ActiveCfg = Krista.FM.Server.Dashboards.Debug|Any CPU
		{7042943E-AA31-4DCC-A4EB-D6E77C1296F7}.Krista.FM.Server.Dashboards.Debug|Any CPU.Build.0 = Krista.FM.Server.Dashboards.Debug|Any CPU
		{7042943E-AA31-4DCC-A4EB-D6E77C1296F7}.Krista.FM.Server.Dashboards.Release|Any CPU.ActiveCfg = Krista.FM.Server.Dashboards.Release|Any CPU
		{7042943E-AA31-4DCC-A4EB-D6E77C1296F7}.Krista.FM.Server.Dashboards.Release|Any CPU.Build.0 = Krista.FM.Server.Dashboards.Release|Any CPU
		{CAD1355E-1AA4-4FE7-BA71-FE44823C6678}.Krista.FM.Server.Dashboards.Debug|Any CPU.ActiveCfg = Krista.FM.Server.Dashboards.Debug|Any CPU
		{CAD1355E-1AA4-4FE7-BA71-FE44823C6678}.Krista.FM.Server.Dashboards.Debug|Any CPU.Build.0 = Krista.FM.Server.Dashboards.Debug|Any CPU
		{CAD1355E-1AA4-4FE7-BA71-FE44823C6678}.Krista.FM.Server.Dashboards.Release|Any CPU.ActiveCfg = Krista.FM.Server.Dashboards.Release|Any CPU
		{CAD1355E-1AA4-4FE7-BA71-FE44823C6678}.Krista.FM.Server.Dashboards.Release|Any CPU.Build.0 = Krista.FM.Server.Dashboards.Release|Any CPU
		{C19E9B63-AC97-49FD-81ED-125E698082FE}.Krista.FM.Server.Dashboards.Debug|Any CPU.ActiveCfg = Krista.FM.Server.Dashboards.Debug|Any CPU
		{C19E9B63-AC97-49FD-81ED-125E698082FE}.Krista.FM.Server.Dashboards.Debug|Any CPU.Build.0 = Krista.FM.Server.Dashboards.Debug|Any CPU
		{C19E9B63-AC97-49FD-81ED-125E698082FE}.Krista.FM.Server.Dashboards.Release|Any CPU.ActiveCfg = Krista.FM.Server.Dashboards.Release|Any CPU
		{C19E9B63-AC97-49FD-81ED-125E698082FE}.Krista.FM.Server.Dashboards.Release|Any CPU.Build.0 = Krista.FM.Server.Dashboards.Release|Any CPU
		{67569839-0F01-4E51-B622-428D3EBFCF6A}.Krista.FM.Server.Dashboards.Debug|Any CPU.ActiveCfg = Krista.FM.Server.Dashboards.Debug|Any CPU
		{67569839-0F01-4E51-B622-428D3EBFCF6A}.Krista.FM.Server.Dashboards.Debug|Any CPU.Build.0 = Krista.FM.Server.Dashboards.Debug|Any CPU
		{67569839-0F01-4E51-B622-428D3EBFCF6A}.Krista.FM.Server.Dashboards.Release|Any CPU.ActiveCfg = Krista.FM.Server.Dashboards.Release|Any CPU
		{67569839-0F01-4E51-B622-428D3EBFCF6A}.Krista.FM.Server.Dashboards.Release|Any CPU.Build.0 = Krista.FM.Server.Dashboards.Release|Any CPU
		{052516F7-DFD4-42AE-9F73-2837D53F092C}.Krista.FM.Server.Dashboards.Debug|Any CPU.ActiveCfg = Krista.FM.Server.Dashboards.Debug|Any CPU
		{052516F7-DFD4-42AE-9F73-2837D53F092C}.Krista.FM.Server.Dashboards.Debug|Any CPU.Build.0 = Krista.FM.Server.Dashboards.Debug|Any CPU
		{052516F7-DFD4-42AE-9F73-2837D53F092C}.Krista.FM.Server.Dashboards.Release|Any CPU.ActiveCfg = Krista.FM.Server.Dashboards.Release|Any CPU
		{052516F7-DFD4-42AE-9F73-2837D53F092C}.Krista.FM.Server.Dashboards.Release|Any CPU.Build.0 = Krista.FM.Server.Dashboards.Release|Any CPU
		{578E8F21-E7C4-4E9C-A818-1609E8B58EE7}.Krista.FM.Server.Dashboards.Debug|Any CPU.ActiveCfg = Krista.FM.Server.Dashboards.Debug|Any CPU
		{578E8F21-E7C4-4E9C-A818-1609E8B58EE7}.Krista.FM.Server.Dashboards.Debug|Any CPU.Build.0 = Krista.FM.Server.Dashboards.Debug|Any CPU
		{578E8F21-E7C4-4E9C-A818-1609E8B58EE7}.Krista.FM.Server.Dashboards.Release|Any CPU.ActiveCfg = Krista.FM.Server.Dashboards.Release|Any CPU
		{578E8F21-E7C4-4E9C-A818-1609E8B58EE7}.Krista.FM.Server.Dashboards.Release|Any CPU.Build.0 = Krista.FM.Server.Dashboards.Release|Any CPU
		{EBE4FA76-45EA-419C-9860-265C7A5A9804}.Krista.FM.Server.Dashboards.Debug|Any CPU.ActiveCfg = Krista.FM.Server.Dashboards.Debug|Any CPU
		{EBE4FA76-45EA-419C-9860-265C7A5A9804}.Krista.FM.Server.Dashboards.Debug|Any CPU.Build.0 = Krista.FM.Server.Dashboards.Debug|Any CPU
		{EBE4FA76-45EA-419C-9860-265C7A5A9804}.Krista.FM.Server.Dashboards.Release|Any CPU.ActiveCfg = Krista.FM.Server.Dashboards.Release|Any CPU
		{EBE4FA76-45EA-419C-9860-265C7A5A9804}.Krista.FM.Server.Dashboards.Release|Any CPU.Build.0 = Krista.FM.Server.Dashboards.Release|Any CPU
		{0C4B0C9F-3244-4E2A-95D7-4DEA95C15961}.Krista.FM.Server.Dashboards.Debug|Any CPU.ActiveCfg = Krista.FM.Server.Dashboards.Debug|Any CPU
		{0C4B0C9F-3244-4E2A-95D7-4DEA95C15961}.Krista.FM.Server.Dashboards.Debug|Any CPU.Build.0 = Krista.FM.Server.Dashboards.Debug|Any CPU
		{0C4B0C9F-3244-4E2A-95D7-4DEA95C15961}.Krista.FM.Server.Dashboards.Release|Any CPU.ActiveCfg = Krista.FM.Server.Dashboards.Release|Any CPU
		{0C4B0C9F-3244-4E2A-95D7-4DEA95C15961}.Krista.FM.Server.Dashboards.Release|Any CPU.Build.0 = Krista.FM.Server.Dashboards.Release|Any CPU
		{0DEA340E-18B3-4A89-977E-4FD7F81E65F3}.Krista.FM.Server.Dashboards.Debug|Any CPU.ActiveCfg = Krista.FM.Server.Dashboards.Debug|Any CPU
		{0DEA340E-18B3-4A89-977E-4FD7F81E65F3}.Krista.FM.Server.Dashboards.Debug|Any CPU.Build.0 = Krista.FM.Server.Dashboards.Debug|Any CPU
		{0DEA340E-18B3-4A89-977E-4FD7F81E65F3}.Krista.FM.Server.Dashboards.Release|Any CPU.ActiveCfg = Krista.FM.Server.Dashboards.Release|Any CPU
		{0DEA340E-18B3-4A89-977E-4FD7F81E65F3}.Krista.FM.Server.Dashboards.Release|Any CPU.Build.0 = Krista.FM.Server.Dashboards.Release|Any CPU
		{7BD7D789-493B-47F8-8577-1A4117FE1CC5}.Krista.FM.Server.Dashboards.Debug|Any CPU.ActiveCfg = Krista.FM.Server.Dashboards.Debug|Any CPU
		{7BD7D789-493B-47F8-8577-1A4117FE1CC5}.Krista.FM.Server.Dashboards.Debug|Any CPU.Build.0 = Krista.FM.Server.Dashboards.Debug|Any CPU
		{7BD7D789-493B-47F8-8577-1A4117FE1CC5}.Krista.FM.Server.Dashboards.Release|Any CPU.ActiveCfg = Krista.FM.Server.Dashboards.Release|Any CPU
		{7BD7D789-493B-47F8-8577-1A4117FE1CC5}.Krista.FM.Server.Dashboards.Release|Any CPU.Build.0 = Krista.FM.Server.Dashboards.Release|Any CPU
		{5CF2EB29-CAD9-488A-BCD8-9394231EE397}.Krista.FM.Server.Dashboards.Debug|Any CPU.ActiveCfg = Krista.FM.Server.Dashboards.Debug|Any CPU
		{5CF2EB29-CAD9-488A-BCD8-9394231EE397}.Krista.FM.Server.Dashboards.Debug|Any CPU.Build.0 = Krista.FM.Server.Dashboards.Debug|Any CPU
		{5CF2EB29-CAD9-488A-BCD8-9394231EE397}.Krista.FM.Server.Dashboards.Release|Any CPU.ActiveCfg = Krista.FM.Server.Dashboards.Release|Any CPU
		{5CF2EB29-CAD9-488A-BCD8-9394231EE397}.Krista.FM.Server.Dashboards.Release|Any CPU.Build.0 = Krista.FM.Server.Dashboards.Release|Any CPU
		{3D530F4E-131C-452A-A82F-9CFC98F1D810}.Krista.FM.Server.Dashboards.Debug|Any CPU.ActiveCfg = Krista.FM.Server.Dashboards.Debug|Any CPU
		{3D530F4E-131C-452A-A82F-9CFC98F1D810}.Krista.FM.Server.Dashboards.Debug|Any CPU.Build.0 = Krista.FM.Server.Dashboards.Debug|Any CPU
		{3D530F4E-131C-452A-A82F-9CFC98F1D810}.Krista.FM.Server.Dashboards.Release|Any CPU.ActiveCfg = Krista.FM.Server.Dashboards.Release|Any CPU
		{3D530F4E-131C-452A-A82F-9CFC98F1D810}.Krista.FM.Server.Dashboards.Release|Any CPU.Build.0 = Krista.FM.Server.Dashboards.Release|Any CPU
		{886F51D1-CCF9-4B9B-9AF9-72683A245859}.Krista.FM.Server.Dashboards.Debug|Any CPU.ActiveCfg = Krista.FM.Server.Dashboards.Debug|Any CPU
		{886F51D1-CCF9-4B9B-9AF9-72683A245859}.Krista.FM.Server.Dashboards.Debug|Any CPU.Build.0 = Krista.FM.Server.Dashboards.Debug|Any CPU
		{886F51D1-CCF9-4B9B-9AF9-72683A245859}.Krista.FM.Server.Dashboards.Release|Any CPU.ActiveCfg = Krista.FM.Server.Dashboards.Release|Any CPU
		{886F51D1-CCF9-4B9B-9AF9-72683A245859}.Krista.FM.Server.Dashboards.Release|Any CPU.Build.0 = Krista.FM.Server.Dashboards.Release|Any CPU
		{FE73F627-80CC-4707-B191-7CDE37CDC053}.Krista.FM.Server.Dashboards.Debug|Any CPU.ActiveCfg = Krista.FM.Server.Dashboards.Debug|Any CPU
		{FE73F627-80CC-4707-B191-7CDE37CDC053}.Krista.FM.Server.Dashboards.Debug|Any CPU.Build.0 = Krista.FM.Server.Dashboards.Debug|Any CPU
		{FE73F627-80CC-4707-B191-7CDE37CDC053}.Krista.FM.Server.Dashboards.Release|Any CPU.ActiveCfg = Krista.FM.Server.Dashboards.Release|Any CPU
		{FE73F627-80CC-4707-B191-7CDE37CDC053}.Krista.FM.Server.Dashboards.Release|Any CPU.Build.0 = Krista.FM.Server.Dashboards.Release|Any CPU
		{6EFF76E8-E755-489D-B71C-1F83F196DD40}.Krista.FM.Server.Dashboards.Debug|Any CPU.ActiveCfg = Krista.FM.Server.Dashboards.Debug|Any CPU
		{6EFF76E8-E755-489D-B71C-1F83F196DD40}.Krista.FM.Server.Dashboards.Debug|Any CPU.Build.0 = Krista.FM.Server.Dashboards.Debug|Any CPU
		{6EFF76E8-E755-489D-B71C-1F83F196DD40}.Krista.FM.Server.Dashboards.Release|Any CPU.ActiveCfg = Krista.FM.Server.Dashboards.Release|Any CPU
		{6EFF76E8-E755-489D-B71C-1F83F196DD40}.Krista.FM.Server.Dashboards.Release|Any CPU.Build.0 = Krista.FM.Server.Dashboards.Release|Any CPU
		{FB351B67-F02E-4F1B-B7F1-961CD46D5510}.Krista.FM.Server.Dashboards.Debug|Any CPU.ActiveCfg = Krista.FM.Server.Dashboards.Debug|Any CPU
		{FB351B67-F02E-4F1B-B7F1-961CD46D5510}.Krista.FM.Server.Dashboards.Debug|Any CPU.Build.0 = Krista.FM.Server.Dashboards.Debug|Any CPU
		{FB351B67-F02E-4F1B-B7F1-961CD46D5510}.Krista.FM.Server.Dashboards.Release|Any CPU.ActiveCfg = Krista.FM.Server.Dashboards.Release|Any CPU
		{FB351B67-F02E-4F1B-B7F1-961CD46D5510}.Krista.FM.Server.Dashboards.Release|Any CPU.Build.0 = Krista.FM.Server.Dashboards.Release|Any CPU
		{71322CDE-CFF9-4284-AE8B-502F3D4DEDC5}.Krista.FM.Server.Dashboards.Debug|Any CPU.ActiveCfg = Krista.FM.Server.Dashboards.Debug|Any CPU
		{71322CDE-CFF9-4284-AE8B-502F3D4DEDC5}.Krista.FM.Server.Dashboards.Debug|Any CPU.Build.0 = Krista.FM.Server.Dashboards.Debug|Any CPU
		{71322CDE-CFF9-4284-AE8B-502F3D4DEDC5}.Krista.FM.Server.Dashboards.Release|Any CPU.ActiveCfg = Krista.FM.Server.Dashboards.Release|Any CPU
		{71322CDE-CFF9-4284-AE8B-502F3D4DEDC5}.Krista.FM.Server.Dashboards.Release|Any CPU.Build.0 = Krista.FM.Server.Dashboards.Release|Any CPU
		{C49FD3A6-5395-4442-A3A6-931828AC8E47}.Krista.FM.Server.Dashboards.Debug|Any CPU.ActiveCfg = Krista.FM.Server.Dashboards.Debug|Any CPU
		{C49FD3A6-5395-4442-A3A6-931828AC8E47}.Krista.FM.Server.Dashboards.Debug|Any CPU.Build.0 = Krista.FM.Server.Dashboards.Debug|Any CPU
		{C49FD3A6-5395-4442-A3A6-931828AC8E47}.Krista.FM.Server.Dashboards.Release|Any CPU.ActiveCfg = Krista.FM.Server.Dashboards.Release|Any CPU
		{C49FD3A6-5395-4442-A3A6-931828AC8E47}.Krista.FM.Server.Dashboards.Release|Any CPU.Build.0 = Krista.FM.Server.Dashboards.Release|Any CPU
		{6CCB756C-D41E-42AA-80A8-FAD1CEF6E6FB}.Krista.FM.Server.Dashboards.Debug|Any CPU.ActiveCfg = Krista.FM.Server.Dashboards.Debug|Any CPU
		{6CCB756C-D41E-42AA-80A8-FAD1CEF6E6FB}.Krista.FM.Server.Dashboards.Debug|Any CPU.Build.0 = Krista.FM.Server.Dashboards.Debug|Any CPU
		{6CCB756C-D41E-42AA-80A8-FAD1CEF6E6FB}.Krista.FM.Server.Dashboards.Release|Any CPU.ActiveCfg = Krista.FM.Server.Dashboards.Release|Any CPU
		{6CCB756C-D41E-42AA-80A8-FAD1CEF6E6FB}.Krista.FM.Server.Dashboards.Release|Any CPU.Build.0 = Krista.FM.Server.Dashboards.Release|Any CPU
		{09E93B28-B27A-4040-83C9-182848DCCB7D}.Krista.FM.Server.Dashboards.Debug|Any CPU.ActiveCfg = Krista.FM.Server.Dashboards.Debug|Any CPU
		{09E93B28-B27A-4040-83C9-182848DCCB7D}.Krista.FM.Server.Dashboards.Debug|Any CPU.Build.0 = Krista.FM.Server.Dashboards.Debug|Any CPU
		{09E93B28-B27A-4040-83C9-182848DCCB7D}.Krista.FM.Server.Dashboards.Release|Any CPU.ActiveCfg = Krista.FM.Server.Dashboards.Release|Any CPU
		{09E93B28-B27A-4040-83C9-182848DCCB7D}.Krista.FM.Server.Dashboards.Release|Any CPU.Build.0 = Krista.FM.Server.Dashboards.Release|Any CPU
		{805C4FDD-008C-472F-B718-7EBBD3B50E4A}.Krista.FM.Server.Dashboards.Debug|Any CPU.ActiveCfg = Krista.FM.Server.Dashboards.Debug|Any CPU
		{805C4FDD-008C-472F-B718-7EBBD3B50E4A}.Krista.FM.Server.Dashboards.Debug|Any CPU.Build.0 = Krista.FM.Server.Dashboards.Debug|Any CPU
		{805C4FDD-008C-472F-B718-7EBBD3B50E4A}.Krista.FM.Server.Dashboards.Release|Any CPU.ActiveCfg = Krista.FM.Server.Dashboards.Release|Any CPU
		{805C4FDD-008C-472F-B718-7EBBD3B50E4A}.Krista.FM.Server.Dashboards.Release|Any CPU.Build.0 = Krista.FM.Server.Dashboards.Release|Any CPU
		{5E9EFEE0-8073-4196-8546-06DAB2625042}.Krista.FM.Server.Dashboards.Debug|Any CPU.ActiveCfg = Krista.FM.Server.Dashboards.Debug|Any CPU
		{5E9EFEE0-8073-4196-8546-06DAB2625042}.Krista.FM.Server.Dashboards.Debug|Any CPU.Build.0 = Krista.FM.Server.Dashboards.Debug|Any CPU
		{5E9EFEE0-8073-4196-8546-06DAB2625042}.Krista.FM.Server.Dashboards.Release|Any CPU.ActiveCfg = Krista.FM.Server.Dashboards.Release|Any CPU
		{5E9EFEE0-8073-4196-8546-06DAB2625042}.Krista.FM.Server.Dashboards.Release|Any CPU.Build.0 = Krista.FM.Server.Dashboards.Release|Any CPU
		{7D3A778F-4D54-4D32-8CE7-5ADE0EB09BC5}.Krista.FM.Server.Dashboards.Debug|Any CPU.ActiveCfg = Krista.FM.Server.Dashboards.Debug|Any CPU
		{7D3A778F-4D54-4D32-8CE7-5ADE0EB09BC5}.Krista.FM.Server.Dashboards.Debug|Any CPU.Build.0 = Krista.FM.Server.Dashboards.Debug|Any CPU
		{7D3A778F-4D54-4D32-8CE7-5ADE0EB09BC5}.Krista.FM.Server.Dashboards.Release|Any CPU.ActiveCfg = Krista.FM.Server.Dashboards.Release|Any CPU
		{7D3A778F-4D54-4D32-8CE7-5ADE0EB09BC5}.Krista.FM.Server.Dashboards.Release|Any CPU.Build.0 = Krista.FM.Server.Dashboards.Release|Any CPU
		{5DFD3E86-8A0C-4433-A871-48CA78CFEC24}.Krista.FM.Server.Dashboards.Debug|Any CPU.ActiveCfg = Krista.FM.Server.Dashboards.Debug|Any CPU
		{5DFD3E86-8A0C-4433-A871-48CA78CFEC24}.Krista.FM.Server.Dashboards.Debug|Any CPU.Build.0 = Krista.FM.Server.Dashboards.Debug|Any CPU
		{5DFD3E86-8A0C-4433-A871-48CA78CFEC24}.Krista.FM.Server.Dashboards.Release|Any CPU.ActiveCfg = Krista.FM.Server.Dashboards.Release|Any CPU
		{5DFD3E86-8A0C-4433-A871-48CA78CFEC24}.Krista.FM.Server.Dashboards.Release|Any CPU.Build.0 = Krista.FM.Server.Dashboards.Release|Any CPU
		{139A2672-1E8A-4700-A5FB-0A05B34F02F6}.Krista.FM.Server.Dashboards.Debug|Any CPU.ActiveCfg = Krista.FM.Server.Dashboards.Debug|Any CPU
		{139A2672-1E8A-4700-A5FB-0A05B34F02F6}.Krista.FM.Server.Dashboards.Debug|Any CPU.Build.0 = Krista.FM.Server.Dashboards.Debug|Any CPU
		{139A2672-1E8A-4700-A5FB-0A05B34F02F6}.Krista.FM.Server.Dashboards.Release|Any CPU.ActiveCfg = Krista.FM.Server.Dashboards.Release|Any CPU
		{139A2672-1E8A-4700-A5FB-0A05B34F02F6}.Krista.FM.Server.Dashboards.Release|Any CPU.Build.0 = Krista.FM.Server.Dashboards.Release|Any CPU
		{AF342789-6944-45D9-A774-65EF22F7D828}.Krista.FM.Server.Dashboards.Debug|Any CPU.ActiveCfg = Krista.FM.Server.Dashboards.Debug|Any CPU
		{AF342789-6944-45D9-A774-65EF22F7D828}.Krista.FM.Server.Dashboards.Debug|Any CPU.Build.0 = Krista.FM.Server.Dashboards.Debug|Any CPU
		{AF342789-6944-45D9-A774-65EF22F7D828}.Krista.FM.Server.Dashboards.Release|Any CPU.ActiveCfg = Krista.FM.Server.Dashboards.Release|Any CPU
		{AF342789-6944-45D9-A774-65EF22F7D828}.Krista.FM.Server.Dashboards.Release|Any CPU.Build.0 = Krista.FM.Server.Dashboards.Release|Any CPU
		{87C6A266-3079-474D-9052-DE412ACA8A19}.Krista.FM.Server.Dashboards.Debug|Any CPU.ActiveCfg = Krista.FM.Server.Dashboards.Debug|Any CPU
		{87C6A266-3079-474D-9052-DE412ACA8A19}.Krista.FM.Server.Dashboards.Debug|Any CPU.Build.0 = Krista.FM.Server.Dashboards.Debug|Any CPU
		{87C6A266-3079-474D-9052-DE412ACA8A19}.Krista.FM.Server.Dashboards.Release|Any CPU.ActiveCfg = Krista.FM.Server.Dashboards.Release|Any CPU
		{87C6A266-3079-474D-9052-DE412ACA8A19}.Krista.FM.Server.Dashboards.Release|Any CPU.Build.0 = Krista.FM.Server.Dashboards.Release|Any CPU
		{A92EF946-3554-4B8C-ADAA-5D0A155C2644}.Krista.FM.Server.Dashboards.Debug|Any CPU.ActiveCfg = Krista.FM.Server.Dashboards.Debug|Any CPU
		{A92EF946-3554-4B8C-ADAA-5D0A155C2644}.Krista.FM.Server.Dashboards.Debug|Any CPU.Build.0 = Krista.FM.Server.Dashboards.Debug|Any CPU
		{A92EF946-3554-4B8C-ADAA-5D0A155C2644}.Krista.FM.Server.Dashboards.Release|Any CPU.ActiveCfg = Krista.FM.Server.Dashboards.Release|Any CPU
		{A92EF946-3554-4B8C-ADAA-5D0A155C2644}.Krista.FM.Server.Dashboards.Release|Any CPU.Build.0 = Krista.FM.Server.Dashboards.Release|Any CPU
		{BAB45098-1802-43BC-9522-E991C64A4599}.Krista.FM.Server.Dashboards.Debug|Any CPU.ActiveCfg = Krista.FM.Server.Dashboards.Debug|Any CPU
		{BAB45098-1802-43BC-9522-E991C64A4599}.Krista.FM.Server.Dashboards.Debug|Any CPU.Build.0 = Krista.FM.Server.Dashboards.Debug|Any CPU
		{BAB45098-1802-43BC-9522-E991C64A4599}.Krista.FM.Server.Dashboards.Release|Any CPU.ActiveCfg = Krista.FM.Server.Dashboards.Release|Any CPU
		{BAB45098-1802-43BC-9522-E991C64A4599}.Krista.FM.Server.Dashboards.Release|Any CPU.Build.0 = Krista.FM.Server.Dashboards.Release|Any CPU
		{526FF678-6D80-4553-98AC-150F48F36EE0}.Krista.FM.Server.Dashboards.Debug|Any CPU.ActiveCfg = Krista.FM.Server.Dashboards.Debug|Any CPU
		{526FF678-6D80-4553-98AC-150F48F36EE0}.Krista.FM.Server.Dashboards.Debug|Any CPU.Build.0 = Krista.FM.Server.Dashboards.Debug|Any CPU
		{526FF678-6D80-4553-98AC-150F48F36EE0}.Krista.FM.Server.Dashboards.Release|Any CPU.ActiveCfg = Krista.FM.Server.Dashboards.Release|Any CPU
		{526FF678-6D80-4553-98AC-150F48F36EE0}.Krista.FM.Server.Dashboards.Release|Any CPU.Build.0 = Krista.FM.Server.Dashboards.Release|Any CPU
		{B4F1ABD2-0E30-4FA2-956F-52B7ED6D1D68}.Krista.FM.Server.Dashboards.Debug|Any CPU.ActiveCfg = Krista.FM.Server.Dashboards.Debug|Any CPU
		{B4F1ABD2-0E30-4FA2-956F-52B7ED6D1D68}.Krista.FM.Server.Dashboards.Debug|Any CPU.Build.0 = Krista.FM.Server.Dashboards.Debug|Any CPU
		{B4F1ABD2-0E30-4FA2-956F-52B7ED6D1D68}.Krista.FM.Server.Dashboards.Release|Any CPU.ActiveCfg = Krista.FM.Server.Dashboards.Release|Any CPU
		{B4F1ABD2-0E30-4FA2-956F-52B7ED6D1D68}.Krista.FM.Server.Dashboards.Release|Any CPU.Build.0 = Krista.FM.Server.Dashboards.Release|Any CPU
	EndGlobalSection
	GlobalSection(SolutionProperties) = preSolution
		HideSolutionNode = FALSE
	EndGlobalSection
	GlobalSection(NestedProjects) = preSolution
		{A11B6335-913A-469F-93C9-C3C2AB7E7C9A} = {152DED20-533E-4A71-BD44-C431A2AE671B}
		{575984B9-7F06-4631-84C3-8172BEEB837E} = {626C128D-B08B-4D79-AC1C-504F9C7B1A50}
		{94B704A8-FDC2-4A5C-AE86-2002BD22DBDB} = {626C128D-B08B-4D79-AC1C-504F9C7B1A50}
		{48B2FC90-C651-468F-8EA8-160415565069} = {626C128D-B08B-4D79-AC1C-504F9C7B1A50}
		{051F7DB3-967D-4B20-8AE2-3671EC80E228} = {626C128D-B08B-4D79-AC1C-504F9C7B1A50}
		{EC1C6C4A-A3CB-4695-BBD1-599574307C54} = {626C128D-B08B-4D79-AC1C-504F9C7B1A50}
		{32301A27-8C7E-4F2A-B399-7D76DB1DFF34} = {575984B9-7F06-4631-84C3-8172BEEB837E}
		{27123CAD-E887-4592-96E4-B36117255E7A} = {575984B9-7F06-4631-84C3-8172BEEB837E}
		{E8464028-C680-4E20-B947-659373F3F8D0} = {575984B9-7F06-4631-84C3-8172BEEB837E}
		{083A5C7E-AB28-4239-853A-7E84A4FB75B6} = {575984B9-7F06-4631-84C3-8172BEEB837E}
		{42923053-98D5-4F94-BFF3-8C6ABC349697} = {575984B9-7F06-4631-84C3-8172BEEB837E}
		{FB9B35E8-6209-40E3-8388-9B48E7BB0D94} = {575984B9-7F06-4631-84C3-8172BEEB837E}
		{112452ED-83C6-4E25-858E-FE1AC36D53DA} = {575984B9-7F06-4631-84C3-8172BEEB837E}
		{6A077A3C-3137-444E-9BB5-B7A51DCAA9AB} = {575984B9-7F06-4631-84C3-8172BEEB837E}
		{9289BB46-D558-4EFF-BD08-C36A175FA63B} = {575984B9-7F06-4631-84C3-8172BEEB837E}
		{AB15AF07-7970-43EE-B56C-C677933FDDA4} = {575984B9-7F06-4631-84C3-8172BEEB837E}
		{759DDE44-853A-4BF8-A07F-5ABF539B5BA5} = {575984B9-7F06-4631-84C3-8172BEEB837E}
		{48924F9D-454C-4EAA-94AB-03817A921D16} = {575984B9-7F06-4631-84C3-8172BEEB837E}
		{DD8086DA-98A7-4431-8499-99264171DA0C} = {575984B9-7F06-4631-84C3-8172BEEB837E}
		{EB9F0051-A563-449B-8276-F0BF37BEEDB5} = {575984B9-7F06-4631-84C3-8172BEEB837E}
		{38042415-A534-4233-BDF6-289A187747EF} = {575984B9-7F06-4631-84C3-8172BEEB837E}
		{DACD8C47-9C4C-4578-A50A-433186EB0EF0} = {575984B9-7F06-4631-84C3-8172BEEB837E}
		{95778BDC-C117-4C60-8ADB-89ADE7B4AD74} = {575984B9-7F06-4631-84C3-8172BEEB837E}
		{4C32ADEA-F02D-481A-BF6B-1E8811E16F71} = {575984B9-7F06-4631-84C3-8172BEEB837E}
		{4A49E628-01B5-4068-AEDD-53ADC23C5E58} = {575984B9-7F06-4631-84C3-8172BEEB837E}
		{1C3C2767-0ABA-40E0-B393-E9EB9E560DB9} = {32301A27-8C7E-4F2A-B399-7D76DB1DFF34}
		{87C6A266-3079-474D-9052-DE412ACA8A19} = {32301A27-8C7E-4F2A-B399-7D76DB1DFF34}
		{36A4F40F-FA63-4F93-BF12-0B7C015079B0} = {27123CAD-E887-4592-96E4-B36117255E7A}
		{A92EF946-3554-4B8C-ADAA-5D0A155C2644} = {27123CAD-E887-4592-96E4-B36117255E7A}
		{444563CE-9E19-440C-8DDB-23B1F07A8D3B} = {E8464028-C680-4E20-B947-659373F3F8D0}
		{AF698C0D-642A-4B9D-8EBE-46A7462B2275} = {E8464028-C680-4E20-B947-659373F3F8D0}
		{97D15D92-C3FC-4208-A060-AE5A7494C634} = {083A5C7E-AB28-4239-853A-7E84A4FB75B6}
		{DD9FCD19-3CFA-46A2-A63F-A08980592E66} = {42923053-98D5-4F94-BFF3-8C6ABC349697}
		{9401E046-181A-4EDD-9956-1A4E85BF2792} = {FB9B35E8-6209-40E3-8388-9B48E7BB0D94}
		{BDF0DE7E-535E-440E-BEAA-E1DC2B34B884} = {112452ED-83C6-4E25-858E-FE1AC36D53DA}
		{530BDE86-A8E2-4BA9-8778-65D792B5F8B6} = {6A077A3C-3137-444E-9BB5-B7A51DCAA9AB}
		{00310AF3-C6BA-4658-B26D-8765FA378FDE} = {94B704A8-FDC2-4A5C-AE86-2002BD22DBDB}
		{0C977050-DBD5-434A-86CC-00766B6F3594} = {48B2FC90-C651-468F-8EA8-160415565069}
		{A68288CD-08DB-409D-A9C8-DDE7BD1BFA77} = {48B2FC90-C651-468F-8EA8-160415565069}
		{CB52AC7E-2BAD-4271-902A-5B362ED23E1E} = {48B2FC90-C651-468F-8EA8-160415565069}
		{0279AF8E-1216-461C-9921-F1FCB93FC58B} = {48B2FC90-C651-468F-8EA8-160415565069}
		{7EE771C9-8FBE-45A2-89BC-09EA8C192740} = {48B2FC90-C651-468F-8EA8-160415565069}
		{352739B7-8A37-49C0-BBF2-F1B1CE786815} = {48B2FC90-C651-468F-8EA8-160415565069}
		{24C1E322-71D4-468F-8C01-E5D188FE4CF7} = {48B2FC90-C651-468F-8EA8-160415565069}
		{71D6E7F5-C44C-461E-9A7E-AB939D87C739} = {48B2FC90-C651-468F-8EA8-160415565069}
		{C737D2EA-C4E6-48B2-941C-49E32A8427D7} = {48B2FC90-C651-468F-8EA8-160415565069}
		{4095C29B-632E-45B6-8D4B-141FDB128C54} = {48B2FC90-C651-468F-8EA8-160415565069}
		{8FDCE6F9-5AE3-4FAA-AEED-49AE005A7BEB} = {48B2FC90-C651-468F-8EA8-160415565069}
		{B7F4E9BC-1077-4E65-97B4-F53D249B1272} = {0C977050-DBD5-434A-86CC-00766B6F3594}
		{6A92077F-8D36-4A51-A618-60C30CC731C7} = {A68288CD-08DB-409D-A9C8-DDE7BD1BFA77}
		{453086CA-CEF9-4511-BCA2-F56B189CC5FD} = {A68288CD-08DB-409D-A9C8-DDE7BD1BFA77}
		{09E93B28-B27A-4040-83C9-182848DCCB7D} = {A68288CD-08DB-409D-A9C8-DDE7BD1BFA77}
		{805C4FDD-008C-472F-B718-7EBBD3B50E4A} = {CB52AC7E-2BAD-4271-902A-5B362ED23E1E}
		{7B5F2D5A-626B-4C8E-A5D8-91215E6E02AB} = {0279AF8E-1216-461C-9921-F1FCB93FC58B}
		{5D1D1095-6D84-4B1E-A785-54D4A5F25375} = {0279AF8E-1216-461C-9921-F1FCB93FC58B}
		{B439E4D9-ABB9-4395-A2C2-BCC8FA820FD7} = {9289BB46-D558-4EFF-BD08-C36A175FA63B}
		{5A87940A-7E9D-4636-85D9-161582D3D311} = {102C8575-9213-4813-BFE3-84A023A4B7F4}
		{0382627C-F391-4A35-8435-0E423903F2B7} = {C6577FF2-4407-4BAD-AB08-2AA8C5D5131F}
		{99DE56F1-F92D-4DF7-8730-16E088B11AA9} = {C6577FF2-4407-4BAD-AB08-2AA8C5D5131F}
		{BD57AD62-4936-4F47-B4DB-0A62388E37C6} = {C6577FF2-4407-4BAD-AB08-2AA8C5D5131F}
		{9AC74CAB-E945-474A-935A-D041DB4247D7} = {C6577FF2-4407-4BAD-AB08-2AA8C5D5131F}
		{3BFE0BD7-DBE2-4E6A-962F-E4029F76D62C} = {C6577FF2-4407-4BAD-AB08-2AA8C5D5131F}
		{13CB2862-6658-4575-93CE-1DDA0AE48ACA} = {C6577FF2-4407-4BAD-AB08-2AA8C5D5131F}
		{047D6625-3801-4ED3-B99D-5227B3E0D8AC} = {C6577FF2-4407-4BAD-AB08-2AA8C5D5131F}
		{DE5F6783-322A-45EF-A646-3920DAE567C6} = {C6577FF2-4407-4BAD-AB08-2AA8C5D5131F}
		{6553B8F2-C836-4843-9CF8-E9E9BC01AFA5} = {C6577FF2-4407-4BAD-AB08-2AA8C5D5131F}
		{1714BAA6-C75D-4351-9CF5-8C41E67AF49A} = {C6577FF2-4407-4BAD-AB08-2AA8C5D5131F}
		{8BC2C050-447B-43F3-9F70-45DB3C8F06A4} = {C6577FF2-4407-4BAD-AB08-2AA8C5D5131F}
		{4654D2BB-E129-4081-873E-30CC34DAA1C2} = {C6577FF2-4407-4BAD-AB08-2AA8C5D5131F}
		{0372ABC2-2CAF-4293-A9E2-55FE3BDBF46C} = {C6577FF2-4407-4BAD-AB08-2AA8C5D5131F}
		{78961544-2530-48BC-8239-3F99E83FDBA1} = {0382627C-F391-4A35-8435-0E423903F2B7}
		{EEA56F87-A5F9-489B-9569-7702E03EBA30} = {99DE56F1-F92D-4DF7-8730-16E088B11AA9}
		{0716F624-462A-41E8-B479-AF7DD6721B77} = {BD57AD62-4936-4F47-B4DB-0A62388E37C6}
		{78597787-F1DA-462E-9F3D-F565CC814BE4} = {9AC74CAB-E945-474A-935A-D041DB4247D7}
		{97B45B73-03D9-4726-8BD1-B547D4AF1D64} = {3BFE0BD7-DBE2-4E6A-962F-E4029F76D62C}
		{ECC8DFF4-7F2E-4E22-BC5B-D50FEB88609B} = {13CB2862-6658-4575-93CE-1DDA0AE48ACA}
		{B964612D-4627-463D-9C48-96B0B1384EC4} = {047D6625-3801-4ED3-B99D-5227B3E0D8AC}
		{7042943E-AA31-4DCC-A4EB-D6E77C1296F7} = {DE5F6783-322A-45EF-A646-3920DAE567C6}
		{CAD1355E-1AA4-4FE7-BA71-FE44823C6678} = {6553B8F2-C836-4843-9CF8-E9E9BC01AFA5}
		{C19E9B63-AC97-49FD-81ED-125E698082FE} = {1714BAA6-C75D-4351-9CF5-8C41E67AF49A}
		{67569839-0F01-4E51-B622-428D3EBFCF6A} = {8BC2C050-447B-43F3-9F70-45DB3C8F06A4}
		{7D3A778F-4D54-4D32-8CE7-5ADE0EB09BC5} = {7EE771C9-8FBE-45A2-89BC-09EA8C192740}
		{052516F7-DFD4-42AE-9F73-2837D53F092C} = {352739B7-8A37-49C0-BBF2-F1B1CE786815}
		{578E8F21-E7C4-4E9C-A818-1609E8B58EE7} = {24C1E322-71D4-468F-8C01-E5D188FE4CF7}
		{EBE4FA76-45EA-419C-9860-265C7A5A9804} = {71D6E7F5-C44C-461E-9A7E-AB939D87C739}
		{5E9EFEE0-8073-4196-8546-06DAB2625042} = {C737D2EA-C4E6-48B2-941C-49E32A8427D7}
		{0C4B0C9F-3244-4E2A-95D7-4DEA95C15961} = {4095C29B-632E-45B6-8D4B-141FDB128C54}
		{0DEA340E-18B3-4A89-977E-4FD7F81E65F3} = {AB15AF07-7970-43EE-B56C-C677933FDDA4}
		{7BD7D789-493B-47F8-8577-1A4117FE1CC5} = {759DDE44-853A-4BF8-A07F-5ABF539B5BA5}
		{5CF2EB29-CAD9-488A-BCD8-9394231EE397} = {48924F9D-454C-4EAA-94AB-03817A921D16}
		{3D530F4E-131C-452A-A82F-9CFC98F1D810} = {DD8086DA-98A7-4431-8499-99264171DA0C}
		{886F51D1-CCF9-4B9B-9AF9-72683A245859} = {4654D2BB-E129-4081-873E-30CC34DAA1C2}
		{FE73F627-80CC-4707-B191-7CDE37CDC053} = {0372ABC2-2CAF-4293-A9E2-55FE3BDBF46C}
		{6EFF76E8-E755-489D-B71C-1F83F196DD40} = {EB9F0051-A563-449B-8276-F0BF37BEEDB5}
		{FB351B67-F02E-4F1B-B7F1-961CD46D5510} = {38042415-A534-4233-BDF6-289A187747EF}
		{71322CDE-CFF9-4284-AE8B-502F3D4DEDC5} = {DACD8C47-9C4C-4578-A50A-433186EB0EF0}
		{C49FD3A6-5395-4442-A3A6-931828AC8E47} = {95778BDC-C117-4C60-8ADB-89ADE7B4AD74}
		{6CCB756C-D41E-42AA-80A8-FAD1CEF6E6FB} = {4C32ADEA-F02D-481A-BF6B-1E8811E16F71}
		{4A75196D-5F71-46B0-9795-0EE34648EC59} = {00310AF3-C6BA-4658-B26D-8765FA378FDE}
		{75D33061-957B-4725-B94B-FECB27D8BAA6} = {00310AF3-C6BA-4658-B26D-8765FA378FDE}
		{C43B1947-6366-4EBB-8388-5EF0398FF607} = {00310AF3-C6BA-4658-B26D-8765FA378FDE}
		{C95C5070-BF70-4E77-97FE-E408AEDC2165} = {00310AF3-C6BA-4658-B26D-8765FA378FDE}
		{0FA0EADD-3C2A-4780-8F30-53A5CC054EE5} = {00310AF3-C6BA-4658-B26D-8765FA378FDE}
		{960532FB-BBC1-451A-9983-519D08EBC4F0} = {4A49E628-01B5-4068-AEDD-53ADC23C5E58}
		{8B9D99D9-7490-4AEC-82EA-A1E1567A93A6} = {4A49E628-01B5-4068-AEDD-53ADC23C5E58}
		{5DFD3E86-8A0C-4433-A871-48CA78CFEC24} = {8FDCE6F9-5AE3-4FAA-AEED-49AE005A7BEB}
		{BAB45098-1802-43BC-9522-E991C64A4599} = {051F7DB3-967D-4B20-8AE2-3671EC80E228}
		{526FF678-6D80-4553-98AC-150F48F36EE0} = {051F7DB3-967D-4B20-8AE2-3671EC80E228}
		{B4F1ABD2-0E30-4FA2-956F-52B7ED6D1D68} = {EC1C6C4A-A3CB-4695-BBD1-599574307C54}
	EndGlobalSection
EndGlobal
