
Microsoft Visual Studio Solution File, Format Version 11.00
# Visual Studio 2010
Project("{2150E333-8FDC-42A3-9474-1A3956D46DE8}") = "Config", "Config", "{C4A32032-2F60-4152-B01D-6046D43975F3}"
	ProjectSection(SolutionItems) = preProject
		DashboardsDefaultImport.xml = DashboardsDefaultImport.xml
		ProjectOptions.xml = ProjectOptions.xml
		ProjectTargets.xml = ProjectTargets.xml
	EndProjectSection
EndProject
Project("{2150E333-8FDC-42A3-9474-1A3956D46DE8}") = "Components", "Components", "{152DED20-533E-4A71-BD44-C431A2AE671B}"
EndProject
Project("{2150E333-8FDC-42A3-9474-1A3956D46DE8}") = "Reports", "Reports", "{626C128D-B08B-4D79-AC1C-504F9C7B1A50}"
EndProject
Project("{2150E333-8FDC-42A3-9474-1A3956D46DE8}") = "FK_0001_0001", "FK_0001_0001", "{4A49E628-01B5-4068-AEDD-53ADC23C5E58}"
EndProject
Project("{2150E333-8FDC-42A3-9474-1A3956D46DE8}") = "FK_0001_0002", "FK_0001_0002", "{32301A27-8C7E-4F2A-B399-7D76DB1DFF34}"
EndProject
Project("{2150E333-8FDC-42A3-9474-1A3956D46DE8}") = "FK_0001_0003", "FK_0001_0003", "{27123CAD-E887-4592-96E4-B36117255E7A}"
EndProject
Project("{2150E333-8FDC-42A3-9474-1A3956D46DE8}") = "FK_0001_0004", "FK_0001_0004", "{E8464028-C680-4E20-B947-659373F3F8D0}"
EndProject
Project("{2150E333-8FDC-42A3-9474-1A3956D46DE8}") = "FK_0001_0005", "FK_0001_0005", "{083A5C7E-AB28-4239-853A-7E84A4FB75B6}"
EndProject
Project("{2150E333-8FDC-42A3-9474-1A3956D46DE8}") = "FK_0001_0006", "FK_0001_0006", "{42923053-98D5-4F94-BFF3-8C6ABC349697}"
EndProject
Project("{2150E333-8FDC-42A3-9474-1A3956D46DE8}") = "FK_0001_0007", "FK_0001_0007", "{FB9B35E8-6209-40E3-8388-9B48E7BB0D94}"
EndProject
Project("{2150E333-8FDC-42A3-9474-1A3956D46DE8}") = "FK_0001_0011", "FK_0001_0011", "{112452ED-83C6-4E25-858E-FE1AC36D53DA}"
EndProject
Project("{2150E333-8FDC-42A3-9474-1A3956D46DE8}") = "FK_0001_0012", "FK_0001_0012", "{6A077A3C-3137-444E-9BB5-B7A51DCAA9AB}"
EndProject
Project("{2150E333-8FDC-42A3-9474-1A3956D46DE8}") = "FNS_0001_0001", "FNS_0001_0001", "{00310AF3-C6BA-4658-B26D-8765FA378FDE}"
EndProject
Project("{2150E333-8FDC-42A3-9474-1A3956D46DE8}") = "MFRF_0001_0004", "MFRF_0001_0004", "{9289BB46-D558-4EFF-BD08-C36A175FA63B}"
EndProject
Project("{2150E333-8FDC-42A3-9474-1A3956D46DE8}") = "Dashboards", "Dashboards", "{102C8575-9213-4813-BFE3-84A023A4B7F4}"
EndProject
Project("{2150E333-8FDC-42A3-9474-1A3956D46DE8}") = "FK_0001_0013", "FK_0001_0013", "{AB15AF07-7970-43EE-B56C-C677933FDDA4}"
EndProject
Project("{2150E333-8FDC-42A3-9474-1A3956D46DE8}") = "MFRF_0002_0002", "MFRF_0002_0002", "{759DDE44-853A-4BF8-A07F-5ABF539B5BA5}"
EndProject
Project("{2150E333-8FDC-42A3-9474-1A3956D46DE8}") = "MFRF_0002_0003", "MFRF_0002_0003", "{48924F9D-454C-4EAA-94AB-03817A921D16}"
EndProject
Project("{2150E333-8FDC-42A3-9474-1A3956D46DE8}") = "MFRF_0002_0004", "MFRF_0002_0004", "{DD8086DA-98A7-4431-8499-99264171DA0C}"
EndProject
Project("{2150E333-8FDC-42A3-9474-1A3956D46DE8}") = "FK_0001_0015", "FK_0001_0015", "{38042415-A534-4233-BDF6-289A187747EF}"
EndProject
Project("{2150E333-8FDC-42A3-9474-1A3956D46DE8}") = "MFRF_0001_0005", "MFRF_0001_0005", "{95778BDC-C117-4C60-8ADB-89ADE7B4AD74}"
EndProject
Project("{2150E333-8FDC-42A3-9474-1A3956D46DE8}") = "FK_0001_0018", "FK_0001_0018", "{4C32ADEA-F02D-481A-BF6B-1E8811E16F71}"
EndProject
Project("{FAE04EC0-301F-11D3-BF4B-00C04F79EFBC}") = "Krista.FM.Server.Dashboards", "..\..\Projects\Dashboards\Krista.FM.Server.Dashboards\Krista.FM.Server.Dashboards.csproj", "{FABEB6E9-EEC1-4390-812D-A5C0D17F346B}"
EndProject
Project("{FAE04EC0-301F-11D3-BF4B-00C04F79EFBC}") = "Krista.FM.Providers.OraclePersonalizationProvider", "..\..\Projects\Dashboards\Krista.FM.Providers.OraclePersonalizationProvider\Krista.FM.Providers.OraclePersonalizationProvider.csproj", "{29E31B73-8B09-4B33-814A-D3061D4DCAFD}"
EndProject
Project("{FAE04EC0-301F-11D3-BF4B-00C04F79EFBC}") = "Krista.Diagnostics", "..\..\Projects\Common\Krista.Diagnostics\Krista.Diagnostics.csproj", "{771564CF-3F02-4A9A-91CC-F710104EC4B3}"
EndProject
Project("{FAE04EC0-301F-11D3-BF4B-00C04F79EFBC}") = "Krista.FM.Common", "..\..\Projects\Common\Krista.FM.Common\Krista.FM.Common.csproj", "{4FF19E83-61D5-4AF5-AAF7-737623059773}"
EndProject
Project("{FAE04EC0-301F-11D3-BF4B-00C04F79EFBC}") = "Krista.FM.ServerLibrary", "..\..\Projects\Common\Krista.FM.ServerLibrary\Krista.FM.ServerLibrary.csproj", "{24C607A3-2BA3-4D29-A6DB-F7F866302E76}"
EndProject
Project("{FAE04EC0-301F-11D3-BF4B-00C04F79EFBC}") = "Krista.FM.Server.Dashboards.Core", "..\..\Projects\Dashboards\Krista.FM.Server.Dashboards.Core\Krista.FM.Server.Dashboards.Core.csproj", "{134223D3-2075-431F-A85E-BEA38D1E799B}"
EndProject
Project("{FAE04EC0-301F-11D3-BF4B-00C04F79EFBC}") = "Krista.FM.Server.Dashboards.Tests", "..\..\Projects\Dashboards\Krista.FM.Server.Dashboards.Tests\Krista.FM.Server.Dashboards.Tests.csproj", "{74190CC5-B2E8-4065-AC1D-CD8C226D6EA1}"
EndProject
Project("{FAE04EC0-301F-11D3-BF4B-00C04F79EFBC}") = "Krista.FM.Server.Dashboards.Common", "..\..\Projects\Dashboards\Krista.FM.Server.Dashboards.Common\Krista.FM.Server.Dashboards.Common.csproj", "{62258010-D25C-4128-93DE-1F6553D3870B}"
EndProject
Project("{FAE04EC0-301F-11D3-BF4B-00C04F79EFBC}") = "Krista.FM.Server.Dashboards.Components", "..\..\Projects\Dashboards\Krista.FM.Server.Dashboards\Krista.FM.Server.Dashboards.Components.csproj", "{A11B6335-913A-469F-93C9-C3C2AB7E7C9A}"
EndProject
Project("{FAE04EC0-301F-11D3-BF4B-00C04F79EFBC}") = "Krista.FM.Server.Dashboards.FNS_0001_0001.DefaultAllocation", "..\..\Projects\Dashboards\Krista.FM.Server.Dashboards\Krista.FM.Server.Dashboards.FNS_0001_0001.DefaultAllocation.csproj", "{0FA0EADD-3C2A-4780-8F30-53A5CC054EE5}"
EndProject
Project("{FAE04EC0-301F-11D3-BF4B-00C04F79EFBC}") = "Krista.FM.Server.Dashboards.FNS_0001_0001.DefaultKD", "..\..\Projects\Dashboards\Krista.FM.Server.Dashboards\Krista.FM.Server.Dashboards.FNS_0001_0001.DefaultKD.csproj", "{4A75196D-5F71-46B0-9795-0EE34648EC59}"
EndProject
Project("{FAE04EC0-301F-11D3-BF4B-00C04F79EFBC}") = "Krista.FM.Server.Dashboards.FNS_0001_0001.DefaultOKVD", "..\..\Projects\Dashboards\Krista.FM.Server.Dashboards\Krista.FM.Server.Dashboards.FNS_0001_0001.DefaultOKVD.csproj", "{75D33061-957B-4725-B94B-FECB27D8BAA6}"
EndProject
Project("{FAE04EC0-301F-11D3-BF4B-00C04F79EFBC}") = "Krista.FM.Server.Dashboards.FNS_0001_0001.DefaultRegions", "..\..\Projects\Dashboards\Krista.FM.Server.Dashboards\Krista.FM.Server.Dashboards.FNS_0001_0001.DefaultRegions.csproj", "{C43B1947-6366-4EBB-8388-5EF0398FF607}"
EndProject
Project("{FAE04EC0-301F-11D3-BF4B-00C04F79EFBC}") = "Krista.FM.Server.Dashboards.FNS_0001_0001.DefaultSettlement", "..\..\Projects\Dashboards\Krista.FM.Server.Dashboards\Krista.FM.Server.Dashboards.FNS_0001_0001.DefaultSettlement.csproj", "{C95C5070-BF70-4E77-97FE-E408AEDC2165}"
EndProject
Project("{FAE04EC0-301F-11D3-BF4B-00C04F79EFBC}") = "Krista.FM.Server.Dashboards.FK_0001_0001.DefaultCompare", "..\..\Projects\Dashboards\Krista.FM.Server.Dashboards\Krista.FM.Server.Dashboards.FK_0001_0001.DefaultCompare.csproj", "{8B9D99D9-7490-4AEC-82EA-A1E1567A93A6}"
EndProject
Project("{FAE04EC0-301F-11D3-BF4B-00C04F79EFBC}") = "Krista.FM.Server.Dashboards.FK_0001_0001.DefaultDetail", "..\..\Projects\Dashboards\Krista.FM.Server.Dashboards\Krista.FM.Server.Dashboards.FK_0001_0001.DefaultDetail.csproj", "{960532FB-BBC1-451A-9983-519D08EBC4F0}"
EndProject
Project("{FAE04EC0-301F-11D3-BF4B-00C04F79EFBC}") = "Krista.FM.Server.Dashboards.FK_0001_0002.DefaultAllocation", "..\..\Projects\Dashboards\Krista.FM.Server.Dashboards\Krista.FM.Server.Dashboards.FK_0001_0002.DefaultAllocation.csproj", "{1C3C2767-0ABA-40E0-B393-E9EB9E560DB9}"
EndProject
Project("{FAE04EC0-301F-11D3-BF4B-00C04F79EFBC}") = "Krista.FM.Server.Dashboards.FK_0001_0002.DefaultCompare", "..\..\Projects\Dashboards\Krista.FM.Server.Dashboards\Krista.FM.Server.Dashboards.FK_0001_0002.DefaultCompare.csproj", "{1C78540D-7B27-4F59-B93A-8CF01636CF77}"
EndProject
Project("{FAE04EC0-301F-11D3-BF4B-00C04F79EFBC}") = "Krista.FM.Server.Dashboards.FK_0001_0003.DefaultAllocation", "..\..\Projects\Dashboards\Krista.FM.Server.Dashboards\Krista.FM.Server.Dashboards.FK_0001_0003.DefaultAllocation.csproj", "{36A4F40F-FA63-4F93-BF12-0B7C015079B0}"
EndProject
Project("{FAE04EC0-301F-11D3-BF4B-00C04F79EFBC}") = "Krista.FM.Server.Dashboards.FK_0001_0003.DefaultCompare", "..\..\Projects\Dashboards\Krista.FM.Server.Dashboards\Krista.FM.Server.Dashboards.FK_0001_0003.DefaultCompare.csproj", "{4D052482-6633-41B3-9F64-AE11B91F5B1E}"
EndProject
Project("{FAE04EC0-301F-11D3-BF4B-00C04F79EFBC}") = "Krista.FM.Server.Dashboards.FK_0001_0004.DefaultCompare", "..\..\Projects\Dashboards\Krista.FM.Server.Dashboards\Krista.FM.Server.Dashboards.FK_0001_0004.DefaultCompare.csproj", "{444563CE-9E19-440C-8DDB-23B1F07A8D3B}"
EndProject
Project("{FAE04EC0-301F-11D3-BF4B-00C04F79EFBC}") = "Krista.FM.Server.Dashboards.FK_0001_0004.DefaultDetail", "..\..\Projects\Dashboards\Krista.FM.Server.Dashboards\Krista.FM.Server.Dashboards.FK_0001_0004.DefaultDetail.csproj", "{AF698C0D-642A-4B9D-8EBE-46A7462B2275}"
EndProject
Project("{FAE04EC0-301F-11D3-BF4B-00C04F79EFBC}") = "Krista.FM.Server.Dashboards.FK_0001_0005.DefaultDetail", "..\..\Projects\Dashboards\Krista.FM.Server.Dashboards\Krista.FM.Server.Dashboards.FK_0001_0005.DefaultDetail.csproj", "{97D15D92-C3FC-4208-A060-AE5A7494C634}"
EndProject
Project("{FAE04EC0-301F-11D3-BF4B-00C04F79EFBC}") = "Krista.FM.Server.Dashboards.FK_0001_0012.DefaultAssessment", "..\..\Projects\Dashboards\Krista.FM.Server.Dashboards\Krista.FM.Server.Dashboards.FK_0001_0012.DefaultAssessment.csproj", "{530BDE86-A8E2-4BA9-8778-65D792B5F8B6}"
EndProject
Project("{FAE04EC0-301F-11D3-BF4B-00C04F79EFBC}") = "Krista.FM.Server.Dashboards.FK_0001_0006.DefaultCredit", "..\..\Projects\Dashboards\Krista.FM.Server.Dashboards\Krista.FM.Server.Dashboards.FK_0001_0006.DefaultCredit.csproj", "{DD9FCD19-3CFA-46A2-A63F-A08980592E66}"
EndProject
Project("{FAE04EC0-301F-11D3-BF4B-00C04F79EFBC}") = "Krista.FM.Server.Dashboards.FK_0001_0007.DefaultDetail", "..\..\Projects\Dashboards\Krista.FM.Server.Dashboards\Krista.FM.Server.Dashboards.FK_0001_0007.DefaultDetail.csproj", "{9401E046-181A-4EDD-9956-1A4E85BF2792}"
EndProject
Project("{FAE04EC0-301F-11D3-BF4B-00C04F79EFBC}") = "Krista.FM.Server.Dashboards.FK_0001_0011.DefaultAssessment", "..\..\Projects\Dashboards\Krista.FM.Server.Dashboards\Krista.FM.Server.Dashboards.FK_0001_0011.DefaultAssessment.csproj", "{BDF0DE7E-535E-440E-BEAA-E1DC2B34B884}"
EndProject
Project("{FAE04EC0-301F-11D3-BF4B-00C04F79EFBC}") = "Krista.FM.Server.Dashboards.MFRF_0001_0004.Default_FF", "..\..\Projects\Dashboards\Krista.FM.Server.Dashboards\Krista.FM.Server.Dashboards.MFRF_0001_0004.Default_FF.csproj", "{B439E4D9-ABB9-4395-A2C2-BCC8FA820FD7}"
EndProject
Project("{FAE04EC0-301F-11D3-BF4B-00C04F79EFBC}") = "Krista.FM.Server.Dashboards.DashboardFederal.Dashboard", "..\..\Projects\Dashboards\Krista.FM.Server.Dashboards\Krista.FM.Server.Dashboards.DashboardFederal.Dashboard.csproj", "{5A87940A-7E9D-4636-85D9-161582D3D311}"
EndProject
Project("{FAE04EC0-301F-11D3-BF4B-00C04F79EFBC}") = "Krista.FM.Server.Dashboards.FK_0001_0013.Default", "..\..\Projects\Dashboards\Krista.FM.Server.Dashboards\Krista.FM.Server.Dashboards.FK_0001_0013.Default.csproj", "{0DEA340E-18B3-4A89-977E-4FD7F81E65F3}"
EndProject
Project("{FAE04EC0-301F-11D3-BF4B-00C04F79EFBC}") = "Krista.FM.Server.Dashboards.MFRF_0002_0002.Default", "..\..\Projects\Dashboards\Krista.FM.Server.Dashboards\Krista.FM.Server.Dashboards.MFRF_0002_0002.Default.csproj", "{7BD7D789-493B-47F8-8577-1A4117FE1CC5}"
EndProject
Project("{FAE04EC0-301F-11D3-BF4B-00C04F79EFBC}") = "Krista.FM.Server.Dashboards.MFRF_0002_0003.Default", "..\..\Projects\Dashboards\Krista.FM.Server.Dashboards\Krista.FM.Server.Dashboards.MFRF_0002_0003.Default.csproj", "{5CF2EB29-CAD9-488A-BCD8-9394231EE397}"
EndProject
Project("{FAE04EC0-301F-11D3-BF4B-00C04F79EFBC}") = "Krista.FM.Server.Dashboards.MFRF_0002_0004.Default", "..\..\Projects\Dashboards\Krista.FM.Server.Dashboards\Krista.FM.Server.Dashboards.MFRF_0002_0004.Default.csproj", "{3D530F4E-131C-452A-A82F-9CFC98F1D810}"
EndProject
Project("{FAE04EC0-301F-11D3-BF4B-00C04F79EFBC}") = "Krista.FM.Server.Dashboards.MFRF_0003_0001.Default", "..\..\Projects\Dashboards\Krista.FM.Server.Dashboards\Krista.FM.Server.Dashboards.MFRF_0003_0001.Default.csproj", "{6EFF76E8-E755-489D-B71C-1F83F196DD40}"
EndProject
Project("{FAE04EC0-301F-11D3-BF4B-00C04F79EFBC}") = "Krista.FM.Server.Dashboards.FK_0001_0015.Default", "..\..\Projects\Dashboards\Krista.FM.Server.Dashboards\Krista.FM.Server.Dashboards.FK_0001_0015.Default.csproj", "{FB351B67-F02E-4F1B-B7F1-961CD46D5510}"
EndProject
Project("{FAE04EC0-301F-11D3-BF4B-00C04F79EFBC}") = "Krista.FM.Server.Dashboards.MFRF_0003_0003.Default", "..\..\Projects\Dashboards\Krista.FM.Server.Dashboards\Krista.FM.Server.Dashboards.MFRF_0003_0003.Default.csproj", "{71322CDE-CFF9-4284-AE8B-502F3D4DEDC5}"
EndProject
Project("{FAE04EC0-301F-11D3-BF4B-00C04F79EFBC}") = "Krista.FM.Server.Dashboards.MFRF_0001_0005.Default", "..\..\Projects\Dashboards\Krista.FM.Server.Dashboards\Krista.FM.Server.Dashboards.MFRF_0001_0005.Default.csproj", "{C49FD3A6-5395-4442-A3A6-931828AC8E47}"
EndProject
Project("{FAE04EC0-301F-11D3-BF4B-00C04F79EFBC}") = "Krista.FM.Server.Dashboards.FK_0001_0018.Default", "..\..\Projects\Dashboards\Krista.FM.Server.Dashboards\Krista.FM.Server.Dashboards.FK_0001_0018.Default.csproj", "{6CCB756C-D41E-42AA-80A8-FAD1CEF6E6FB}"
EndProject
Project("{FAE04EC0-301F-11D3-BF4B-00C04F79EFBC}") = "Krista.FM.Server.Dashboards.FO_0002_0001.Default", "..\..\Projects\Dashboards\Krista.FM.Server.Dashboards\Krista.FM.Server.Dashboards.FO_0002_0001.Default.csproj", "{5DFD3E86-8A0C-4433-A871-48CA78CFEC24}"
EndProject
Project("{FAE04EC0-301F-11D3-BF4B-00C04F79EFBC}") = "Krista.FM.Server.Dashboards.FO_0002_0002.Default", "..\..\Projects\Dashboards\Krista.FM.Server.Dashboards\Krista.FM.Server.Dashboards.FO_0002_0002.Default.csproj", "{B7F4E9BC-1077-4E65-97B4-F53D249B1272}"
EndProject
Project("{FAE04EC0-301F-11D3-BF4B-00C04F79EFBC}") = "Krista.FM.Client.MobileReports.Common", "..\..\Projects\MobileReports.Snapshot\Krista.FM.Client.MobileReports.Common\Krista.FM.Client.MobileReports.Common.csproj", "{139A2672-1E8A-4700-A5FB-0A05B34F02F6}"
EndProject
Project("{2150E333-8FDC-42A3-9474-1A3956D46DE8}") = "По федеральным данным", "По федеральным данным", "{3ACC1FB3-694B-4860-945F-765133415279}"
EndProject
Project("{2150E333-8FDC-42A3-9474-1A3956D46DE8}") = "Недоимка 65н", "Недоимка 65н", "{8F6D634A-7575-4480-BB64-3C7F1268D288}"
EndProject
Project("{2150E333-8FDC-42A3-9474-1A3956D46DE8}") = "Типовые ФО_МесОтч", "Типовые ФО_МесОтч", "{55F6E9D9-0F6C-4A78-960C-78D9A0BDA27D}"
EndProject
Project("{FAE04EC0-301F-11D3-BF4B-00C04F79EFBC}") = "Krista.FM.Extensions", "..\..\Projects\Common\Krista.FM.Extentions\Krista.FM.Extensions.csproj", "{AF342789-6944-45D9-A774-65EF22F7D828}"
EndProject
Project("{FAE04EC0-301F-11D3-BF4B-00C04F79EFBC}") = "Krista.FM.Server.Dashboards.FO_0002_0003.DefaultDetail", "..\..\Projects\Dashboards\Krista.FM.Server.Dashboards\Krista.FM.Server.Dashboards.FO_0002_0003.DefaultDetail.csproj", "{453086CA-CEF9-4511-BCA2-F56B189CC5FD}"
EndProject
Project("{FAE04EC0-301F-11D3-BF4B-00C04F79EFBC}") = "Krista.FM.Server.Dashboards.FO_0002_0004.DefaultDetail", "..\..\Projects\Dashboards\Krista.FM.Server.Dashboards\Krista.FM.Server.Dashboards.FO_0002_0004.DefaultDetail.csproj", "{805C4FDD-008C-472F-B718-7EBBD3B50E4A}"
EndProject
Project("{FAE04EC0-301F-11D3-BF4B-00C04F79EFBC}") = "Krista.FM.Server.Dashboards.FO_0002_0006.DefaultDetail", "..\..\Projects\Dashboards\Krista.FM.Server.Dashboards\Krista.FM.Server.Dashboards.FO_0002_0006.DefaultDetail.csproj", "{5D1D1095-6D84-4B1E-A785-54D4A5F25375}"
EndProject
Project("{2150E333-8FDC-42A3-9474-1A3956D46DE8}") = "Мониторинг цен", "Мониторинг цен", "{8AFEB075-8FEF-499D-8CC3-E9D83841D106}"
EndProject
Project("{FAE04EC0-301F-11D3-BF4B-00C04F79EFBC}") = "Krista.FM.Server.Dashboards.FSGS_0001_0001.default", "..\..\Projects\Dashboards\Krista.FM.Server.Dashboards\Krista.FM.Server.Dashboards.FSGS_0001_0001.default.csproj", "{05EA59B4-00C3-4E45-8D2F-187591505715}"
EndProject
Project("{FAE04EC0-301F-11D3-BF4B-00C04F79EFBC}") = "Krista.FM.Server.Dashboards.FSGS_0001_0002.default", "..\..\Projects\Dashboards\Krista.FM.Server.Dashboards\Krista.FM.Server.Dashboards.FSGS_0001_0002.default.csproj", "{7BEC3A0D-8521-44C3-82D0-58120E3970B3}"
EndProject
Project("{FAE04EC0-301F-11D3-BF4B-00C04F79EFBC}") = "Krista.FM.Server.Dashboards.FSGS_0001_0003.default", "..\..\Projects\Dashboards\Krista.FM.Server.Dashboards\Krista.FM.Server.Dashboards.FSGS_0001_0003.default.csproj", "{0D81FB57-DD7C-428B-994F-564D84D5BC1B}"
EndProject
Project("{2150E333-8FDC-42A3-9474-1A3956D46DE8}") = "СЭП", "СЭП", "{447514BE-8A66-49C6-9F91-C32B663F06CC}"
EndProject
Project("{FAE04EC0-301F-11D3-BF4B-00C04F79EFBC}") = "Krista.FM.Server.Dashboards.SEP_001.Default", "..\..\Projects\Dashboards\Krista.FM.Server.Dashboards\Krista.FM.Server.Dashboards.SEP_001.Default.csproj", "{40A5C601-7C1B-45DA-9BDD-8F0665A35563}"
EndProject
Project("{FAE04EC0-301F-11D3-BF4B-00C04F79EFBC}") = "Krista.FM.Server.Dashboards.SEP_002.Default", "..\..\Projects\Dashboards\Krista.FM.Server.Dashboards\Krista.FM.Server.Dashboards.SEP_002.Default.csproj", "{9902CB96-AC77-4EF6-8452-EC447E995750}"
EndProject
Project("{2150E333-8FDC-42A3-9474-1A3956D46DE8}") = "Паспорт субъекта", "Паспорт субъекта", "{C86FCA75-08E8-48BA-A252-AFBA22F310D3}"
EndProject
Project("{FAE04EC0-301F-11D3-BF4B-00C04F79EFBC}") = "Krista.FM.Server.Dashboards.FO_0002_0030_Krasnodar.Default", "..\..\Projects\Dashboards\Krista.FM.Server.Dashboards\Krista.FM.Server.Dashboards.FO_0002_0030_Krasnodar.Default.csproj", "{F917BF95-9F29-489B-BF57-9A348BCBF1D7}"
EndProject
Project("{2150E333-8FDC-42A3-9474-1A3956D46DE8}") = "FK_0001_0017", "FK_0001_0017", "{4682603C-B2B1-4F5A-A65D-DC80BB47D17A}"
EndProject
Project("{FAE04EC0-301F-11D3-BF4B-00C04F79EFBC}") = "Krista.FM.Server.Dashboards.FK_0001_0017_01.Default", "..\..\Projects\Dashboards\Krista.FM.Server.Dashboards\Krista.FM.Server.Dashboards.FK_0001_0017_01.Default.csproj", "{DA2D1391-5B68-4128-AE61-BF181BBDF083}"
EndProject
Project("{FAE04EC0-301F-11D3-BF4B-00C04F79EFBC}") = "Krista.FM.Server.Dashboards.FK_0001_0017_02.Default", "..\..\Projects\Dashboards\Krista.FM.Server.Dashboards\Krista.FM.Server.Dashboards.FK_0001_0017_02.Default.csproj", "{D76411DD-F21A-4C95-A138-0BE9110C1413}"
EndProject
Project("{2150E333-8FDC-42A3-9474-1A3956D46DE8}") = "Оценка недополученных доходов", "Оценка недополученных доходов", "{755B6889-A1F3-419F-BE65-1582792140D2}"
EndProject
Project("{FAE04EC0-301F-11D3-BF4B-00C04F79EFBC}") = "Krista.FM.Server.Dashboards.FNS_0004_0001.Default", "..\..\Projects\Dashboards\Krista.FM.Server.Dashboards\Krista.FM.Server.Dashboards.FNS_0004_0001.Default.csproj", "{292B50DA-534D-4505-A46D-56CD17BF064E}"
EndProject
Project("{FAE04EC0-301F-11D3-BF4B-00C04F79EFBC}") = "Krista.FM.Server.Dashboards.FNS_0004_0002.Default", "..\..\Projects\Dashboards\Krista.FM.Server.Dashboards\Krista.FM.Server.Dashboards.FNS_0004_0002.Default.csproj", "{F3F58F3E-2EC3-4896-837A-52888C93A8FB}"
EndProject
Project("{2150E333-8FDC-42A3-9474-1A3956D46DE8}") = "Гос. долг", "Гос. долг", "{5E0EEB65-FDEC-4E39-8036-47093CEBC4B5}"
EndProject
Project("{FAE04EC0-301F-11D3-BF4B-00C04F79EFBC}") = "Krista.FM.Server.Dashboards.FO_0002_0014.Default", "..\..\Projects\Dashboards\Krista.FM.Server.Dashboards\Krista.FM.Server.Dashboards.FO_0002_0014.Default.csproj", "{0C4B0C9F-3244-4E2A-95D7-4DEA95C15961}"
EndProject
Global
	GlobalSection(SolutionConfigurationPlatforms) = preSolution
		Krista.FM.Server.Dashboards.Debug|Any CPU = Krista.FM.Server.Dashboards.Debug|Any CPU
		Krista.FM.Server.Dashboards.Release|Any CPU = Krista.FM.Server.Dashboards.Release|Any CPU
	EndGlobalSection
	GlobalSection(ProjectConfigurationPlatforms) = postSolution
		{FABEB6E9-EEC1-4390-812D-A5C0D17F346B}.Krista.FM.Server.Dashboards.Debug|Any CPU.ActiveCfg = Krista.FM.Server.Dashboards.Debug|Any CPU
		{FABEB6E9-EEC1-4390-812D-A5C0D17F346B}.Krista.FM.Server.Dashboards.Debug|Any CPU.Build.0 = Krista.FM.Server.Dashboards.Debug|Any CPU
		{FABEB6E9-EEC1-4390-812D-A5C0D17F346B}.Krista.FM.Server.Dashboards.Release|Any CPU.ActiveCfg = Krista.FM.Server.Dashboards.Release|Any CPU
		{FABEB6E9-EEC1-4390-812D-A5C0D17F346B}.Krista.FM.Server.Dashboards.Release|Any CPU.Build.0 = Krista.FM.Server.Dashboards.Release|Any CPU
		{29E31B73-8B09-4B33-814A-D3061D4DCAFD}.Krista.FM.Server.Dashboards.Debug|Any CPU.ActiveCfg = Krista.FM.Server.Dashboards.Debug|Any CPU
		{29E31B73-8B09-4B33-814A-D3061D4DCAFD}.Krista.FM.Server.Dashboards.Debug|Any CPU.Build.0 = Krista.FM.Server.Dashboards.Debug|Any CPU
		{29E31B73-8B09-4B33-814A-D3061D4DCAFD}.Krista.FM.Server.Dashboards.Release|Any CPU.ActiveCfg = Krista.FM.Server.Dashboards.Release|Any CPU
		{29E31B73-8B09-4B33-814A-D3061D4DCAFD}.Krista.FM.Server.Dashboards.Release|Any CPU.Build.0 = Krista.FM.Server.Dashboards.Release|Any CPU
		{771564CF-3F02-4A9A-91CC-F710104EC4B3}.Krista.FM.Server.Dashboards.Debug|Any CPU.ActiveCfg = Krista.FM.Server.Dashboards.Debug|Any CPU
		{771564CF-3F02-4A9A-91CC-F710104EC4B3}.Krista.FM.Server.Dashboards.Debug|Any CPU.Build.0 = Krista.FM.Server.Dashboards.Debug|Any CPU
		{771564CF-3F02-4A9A-91CC-F710104EC4B3}.Krista.FM.Server.Dashboards.Release|Any CPU.ActiveCfg = Krista.FM.Server.Dashboards.Release|Any CPU
		{771564CF-3F02-4A9A-91CC-F710104EC4B3}.Krista.FM.Server.Dashboards.Release|Any CPU.Build.0 = Krista.FM.Server.Dashboards.Release|Any CPU
		{4FF19E83-61D5-4AF5-AAF7-737623059773}.Krista.FM.Server.Dashboards.Debug|Any CPU.ActiveCfg = Krista.FM.Server.Dashboards.Debug|Any CPU
		{4FF19E83-61D5-4AF5-AAF7-737623059773}.Krista.FM.Server.Dashboards.Debug|Any CPU.Build.0 = Krista.FM.Server.Dashboards.Debug|Any CPU
		{4FF19E83-61D5-4AF5-AAF7-737623059773}.Krista.FM.Server.Dashboards.Release|Any CPU.ActiveCfg = Krista.FM.Server.Dashboards.Release|Any CPU
		{4FF19E83-61D5-4AF5-AAF7-737623059773}.Krista.FM.Server.Dashboards.Release|Any CPU.Build.0 = Krista.FM.Server.Dashboards.Release|Any CPU
		{24C607A3-2BA3-4D29-A6DB-F7F866302E76}.Krista.FM.Server.Dashboards.Debug|Any CPU.ActiveCfg = Krista.FM.Server.Dashboards.Debug|Any CPU
		{24C607A3-2BA3-4D29-A6DB-F7F866302E76}.Krista.FM.Server.Dashboards.Debug|Any CPU.Build.0 = Krista.FM.Server.Dashboards.Debug|Any CPU
		{24C607A3-2BA3-4D29-A6DB-F7F866302E76}.Krista.FM.Server.Dashboards.Release|Any CPU.ActiveCfg = Krista.FM.Server.Dashboards.Release|Any CPU
		{24C607A3-2BA3-4D29-A6DB-F7F866302E76}.Krista.FM.Server.Dashboards.Release|Any CPU.Build.0 = Krista.FM.Server.Dashboards.Release|Any CPU
		{134223D3-2075-431F-A85E-BEA38D1E799B}.Krista.FM.Server.Dashboards.Debug|Any CPU.ActiveCfg = Krista.FM.Server.Dashboards.Debug|Any CPU
		{134223D3-2075-431F-A85E-BEA38D1E799B}.Krista.FM.Server.Dashboards.Debug|Any CPU.Build.0 = Krista.FM.Server.Dashboards.Debug|Any CPU
		{134223D3-2075-431F-A85E-BEA38D1E799B}.Krista.FM.Server.Dashboards.Release|Any CPU.ActiveCfg = Krista.FM.Server.Dashboards.Release|Any CPU
		{134223D3-2075-431F-A85E-BEA38D1E799B}.Krista.FM.Server.Dashboards.Release|Any CPU.Build.0 = Krista.FM.Server.Dashboards.Release|Any CPU
		{74190CC5-B2E8-4065-AC1D-CD8C226D6EA1}.Krista.FM.Server.Dashboards.Debug|Any CPU.ActiveCfg = Krista.FM.Server.Dashboards.Debug|Any CPU
		{74190CC5-B2E8-4065-AC1D-CD8C226D6EA1}.Krista.FM.Server.Dashboards.Debug|Any CPU.Build.0 = Krista.FM.Server.Dashboards.Debug|Any CPU
		{74190CC5-B2E8-4065-AC1D-CD8C226D6EA1}.Krista.FM.Server.Dashboards.Release|Any CPU.ActiveCfg = Krista.FM.Server.Dashboards.Release|Any CPU
		{74190CC5-B2E8-4065-AC1D-CD8C226D6EA1}.Krista.FM.Server.Dashboards.Release|Any CPU.Build.0 = Krista.FM.Server.Dashboards.Release|Any CPU
		{62258010-D25C-4128-93DE-1F6553D3870B}.Krista.FM.Server.Dashboards.Debug|Any CPU.ActiveCfg = Krista.FM.Server.Dashboards.Debug|Any CPU
		{62258010-D25C-4128-93DE-1F6553D3870B}.Krista.FM.Server.Dashboards.Debug|Any CPU.Build.0 = Krista.FM.Server.Dashboards.Debug|Any CPU
		{62258010-D25C-4128-93DE-1F6553D3870B}.Krista.FM.Server.Dashboards.Release|Any CPU.ActiveCfg = Krista.FM.Server.Dashboards.Release|Any CPU
		{62258010-D25C-4128-93DE-1F6553D3870B}.Krista.FM.Server.Dashboards.Release|Any CPU.Build.0 = Krista.FM.Server.Dashboards.Release|Any CPU
		{A11B6335-913A-469F-93C9-C3C2AB7E7C9A}.Krista.FM.Server.Dashboards.Debug|Any CPU.ActiveCfg = Krista.FM.Server.Dashboards.Debug|Any CPU
		{A11B6335-913A-469F-93C9-C3C2AB7E7C9A}.Krista.FM.Server.Dashboards.Debug|Any CPU.Build.0 = Krista.FM.Server.Dashboards.Debug|Any CPU
		{A11B6335-913A-469F-93C9-C3C2AB7E7C9A}.Krista.FM.Server.Dashboards.Release|Any CPU.ActiveCfg = Krista.FM.Server.Dashboards.Release|Any CPU
		{A11B6335-913A-469F-93C9-C3C2AB7E7C9A}.Krista.FM.Server.Dashboards.Release|Any CPU.Build.0 = Krista.FM.Server.Dashboards.Release|Any CPU
		{0FA0EADD-3C2A-4780-8F30-53A5CC054EE5}.Krista.FM.Server.Dashboards.Debug|Any CPU.ActiveCfg = Krista.FM.Server.Dashboards.Debug|Any CPU
		{0FA0EADD-3C2A-4780-8F30-53A5CC054EE5}.Krista.FM.Server.Dashboards.Debug|Any CPU.Build.0 = Krista.FM.Server.Dashboards.Debug|Any CPU
		{0FA0EADD-3C2A-4780-8F30-53A5CC054EE5}.Krista.FM.Server.Dashboards.Release|Any CPU.ActiveCfg = Krista.FM.Server.Dashboards.Release|Any CPU
		{0FA0EADD-3C2A-4780-8F30-53A5CC054EE5}.Krista.FM.Server.Dashboards.Release|Any CPU.Build.0 = Krista.FM.Server.Dashboards.Release|Any CPU
		{4A75196D-5F71-46B0-9795-0EE34648EC59}.Krista.FM.Server.Dashboards.Debug|Any CPU.ActiveCfg = Krista.FM.Server.Dashboards.Debug|Any CPU
		{4A75196D-5F71-46B0-9795-0EE34648EC59}.Krista.FM.Server.Dashboards.Debug|Any CPU.Build.0 = Krista.FM.Server.Dashboards.Debug|Any CPU
		{4A75196D-5F71-46B0-9795-0EE34648EC59}.Krista.FM.Server.Dashboards.Release|Any CPU.ActiveCfg = Krista.FM.Server.Dashboards.Release|Any CPU
		{4A75196D-5F71-46B0-9795-0EE34648EC59}.Krista.FM.Server.Dashboards.Release|Any CPU.Build.0 = Krista.FM.Server.Dashboards.Release|Any CPU
		{75D33061-957B-4725-B94B-FECB27D8BAA6}.Krista.FM.Server.Dashboards.Debug|Any CPU.ActiveCfg = Krista.FM.Server.Dashboards.Debug|Any CPU
		{75D33061-957B-4725-B94B-FECB27D8BAA6}.Krista.FM.Server.Dashboards.Debug|Any CPU.Build.0 = Krista.FM.Server.Dashboards.Debug|Any CPU
		{75D33061-957B-4725-B94B-FECB27D8BAA6}.Krista.FM.Server.Dashboards.Release|Any CPU.ActiveCfg = Krista.FM.Server.Dashboards.Release|Any CPU
		{75D33061-957B-4725-B94B-FECB27D8BAA6}.Krista.FM.Server.Dashboards.Release|Any CPU.Build.0 = Krista.FM.Server.Dashboards.Release|Any CPU
		{C43B1947-6366-4EBB-8388-5EF0398FF607}.Krista.FM.Server.Dashboards.Debug|Any CPU.ActiveCfg = Krista.FM.Server.Dashboards.Debug|Any CPU
		{C43B1947-6366-4EBB-8388-5EF0398FF607}.Krista.FM.Server.Dashboards.Debug|Any CPU.Build.0 = Krista.FM.Server.Dashboards.Debug|Any CPU
		{C43B1947-6366-4EBB-8388-5EF0398FF607}.Krista.FM.Server.Dashboards.Release|Any CPU.ActiveCfg = Krista.FM.Server.Dashboards.Release|Any CPU
		{C43B1947-6366-4EBB-8388-5EF0398FF607}.Krista.FM.Server.Dashboards.Release|Any CPU.Build.0 = Krista.FM.Server.Dashboards.Release|Any CPU
		{C95C5070-BF70-4E77-97FE-E408AEDC2165}.Krista.FM.Server.Dashboards.Debug|Any CPU.ActiveCfg = Krista.FM.Server.Dashboards.Debug|Any CPU
		{C95C5070-BF70-4E77-97FE-E408AEDC2165}.Krista.FM.Server.Dashboards.Debug|Any CPU.Build.0 = Krista.FM.Server.Dashboards.Debug|Any CPU
		{C95C5070-BF70-4E77-97FE-E408AEDC2165}.Krista.FM.Server.Dashboards.Release|Any CPU.ActiveCfg = Krista.FM.Server.Dashboards.Release|Any CPU
		{C95C5070-BF70-4E77-97FE-E408AEDC2165}.Krista.FM.Server.Dashboards.Release|Any CPU.Build.0 = Krista.FM.Server.Dashboards.Release|Any CPU
		{8B9D99D9-7490-4AEC-82EA-A1E1567A93A6}.Krista.FM.Server.Dashboards.Debug|Any CPU.ActiveCfg = Krista.FM.Server.Dashboards.Debug|Any CPU
		{8B9D99D9-7490-4AEC-82EA-A1E1567A93A6}.Krista.FM.Server.Dashboards.Debug|Any CPU.Build.0 = Krista.FM.Server.Dashboards.Debug|Any CPU
		{8B9D99D9-7490-4AEC-82EA-A1E1567A93A6}.Krista.FM.Server.Dashboards.Release|Any CPU.ActiveCfg = Krista.FM.Server.Dashboards.Release|Any CPU
		{8B9D99D9-7490-4AEC-82EA-A1E1567A93A6}.Krista.FM.Server.Dashboards.Release|Any CPU.Build.0 = Krista.FM.Server.Dashboards.Release|Any CPU
		{960532FB-BBC1-451A-9983-519D08EBC4F0}.Krista.FM.Server.Dashboards.Debug|Any CPU.ActiveCfg = Krista.FM.Server.Dashboards.Debug|Any CPU
		{960532FB-BBC1-451A-9983-519D08EBC4F0}.Krista.FM.Server.Dashboards.Debug|Any CPU.Build.0 = Krista.FM.Server.Dashboards.Debug|Any CPU
		{960532FB-BBC1-451A-9983-519D08EBC4F0}.Krista.FM.Server.Dashboards.Release|Any CPU.ActiveCfg = Krista.FM.Server.Dashboards.Release|Any CPU
		{960532FB-BBC1-451A-9983-519D08EBC4F0}.Krista.FM.Server.Dashboards.Release|Any CPU.Build.0 = Krista.FM.Server.Dashboards.Release|Any CPU
		{1C3C2767-0ABA-40E0-B393-E9EB9E560DB9}.Krista.FM.Server.Dashboards.Debug|Any CPU.ActiveCfg = Krista.FM.Server.Dashboards.Debug|Any CPU
		{1C3C2767-0ABA-40E0-B393-E9EB9E560DB9}.Krista.FM.Server.Dashboards.Debug|Any CPU.Build.0 = Krista.FM.Server.Dashboards.Debug|Any CPU
		{1C3C2767-0ABA-40E0-B393-E9EB9E560DB9}.Krista.FM.Server.Dashboards.Release|Any CPU.ActiveCfg = Krista.FM.Server.Dashboards.Release|Any CPU
		{1C3C2767-0ABA-40E0-B393-E9EB9E560DB9}.Krista.FM.Server.Dashboards.Release|Any CPU.Build.0 = Krista.FM.Server.Dashboards.Release|Any CPU
		{1C78540D-7B27-4F59-B93A-8CF01636CF77}.Krista.FM.Server.Dashboards.Debug|Any CPU.ActiveCfg = Krista.FM.Server.Dashboards.Debug|Any CPU
		{1C78540D-7B27-4F59-B93A-8CF01636CF77}.Krista.FM.Server.Dashboards.Debug|Any CPU.Build.0 = Krista.FM.Server.Dashboards.Debug|Any CPU
		{1C78540D-7B27-4F59-B93A-8CF01636CF77}.Krista.FM.Server.Dashboards.Release|Any CPU.ActiveCfg = Krista.FM.Server.Dashboards.Release|Any CPU
		{1C78540D-7B27-4F59-B93A-8CF01636CF77}.Krista.FM.Server.Dashboards.Release|Any CPU.Build.0 = Krista.FM.Server.Dashboards.Release|Any CPU
		{36A4F40F-FA63-4F93-BF12-0B7C015079B0}.Krista.FM.Server.Dashboards.Debug|Any CPU.ActiveCfg = Krista.FM.Server.Dashboards.Debug|Any CPU
		{36A4F40F-FA63-4F93-BF12-0B7C015079B0}.Krista.FM.Server.Dashboards.Debug|Any CPU.Build.0 = Krista.FM.Server.Dashboards.Debug|Any CPU
		{36A4F40F-FA63-4F93-BF12-0B7C015079B0}.Krista.FM.Server.Dashboards.Release|Any CPU.ActiveCfg = Krista.FM.Server.Dashboards.Release|Any CPU
		{36A4F40F-FA63-4F93-BF12-0B7C015079B0}.Krista.FM.Server.Dashboards.Release|Any CPU.Build.0 = Krista.FM.Server.Dashboards.Release|Any CPU
		{4D052482-6633-41B3-9F64-AE11B91F5B1E}.Krista.FM.Server.Dashboards.Debug|Any CPU.ActiveCfg = Krista.FM.Server.Dashboards.Debug|Any CPU
		{4D052482-6633-41B3-9F64-AE11B91F5B1E}.Krista.FM.Server.Dashboards.Debug|Any CPU.Build.0 = Krista.FM.Server.Dashboards.Debug|Any CPU
		{4D052482-6633-41B3-9F64-AE11B91F5B1E}.Krista.FM.Server.Dashboards.Release|Any CPU.ActiveCfg = Krista.FM.Server.Dashboards.Release|Any CPU
		{4D052482-6633-41B3-9F64-AE11B91F5B1E}.Krista.FM.Server.Dashboards.Release|Any CPU.Build.0 = Krista.FM.Server.Dashboards.Release|Any CPU
		{444563CE-9E19-440C-8DDB-23B1F07A8D3B}.Krista.FM.Server.Dashboards.Debug|Any CPU.ActiveCfg = Krista.FM.Server.Dashboards.Debug|Any CPU
		{444563CE-9E19-440C-8DDB-23B1F07A8D3B}.Krista.FM.Server.Dashboards.Debug|Any CPU.Build.0 = Krista.FM.Server.Dashboards.Debug|Any CPU
		{444563CE-9E19-440C-8DDB-23B1F07A8D3B}.Krista.FM.Server.Dashboards.Release|Any CPU.ActiveCfg = Krista.FM.Server.Dashboards.Release|Any CPU
		{444563CE-9E19-440C-8DDB-23B1F07A8D3B}.Krista.FM.Server.Dashboards.Release|Any CPU.Build.0 = Krista.FM.Server.Dashboards.Release|Any CPU
		{AF698C0D-642A-4B9D-8EBE-46A7462B2275}.Krista.FM.Server.Dashboards.Debug|Any CPU.ActiveCfg = Krista.FM.Server.Dashboards.Debug|Any CPU
		{AF698C0D-642A-4B9D-8EBE-46A7462B2275}.Krista.FM.Server.Dashboards.Debug|Any CPU.Build.0 = Krista.FM.Server.Dashboards.Debug|Any CPU
		{AF698C0D-642A-4B9D-8EBE-46A7462B2275}.Krista.FM.Server.Dashboards.Release|Any CPU.ActiveCfg = Krista.FM.Server.Dashboards.Release|Any CPU
		{AF698C0D-642A-4B9D-8EBE-46A7462B2275}.Krista.FM.Server.Dashboards.Release|Any CPU.Build.0 = Krista.FM.Server.Dashboards.Release|Any CPU
		{97D15D92-C3FC-4208-A060-AE5A7494C634}.Krista.FM.Server.Dashboards.Debug|Any CPU.ActiveCfg = Krista.FM.Server.Dashboards.Debug|Any CPU
		{97D15D92-C3FC-4208-A060-AE5A7494C634}.Krista.FM.Server.Dashboards.Debug|Any CPU.Build.0 = Krista.FM.Server.Dashboards.Debug|Any CPU
		{97D15D92-C3FC-4208-A060-AE5A7494C634}.Krista.FM.Server.Dashboards.Release|Any CPU.ActiveCfg = Krista.FM.Server.Dashboards.Release|Any CPU
		{97D15D92-C3FC-4208-A060-AE5A7494C634}.Krista.FM.Server.Dashboards.Release|Any CPU.Build.0 = Krista.FM.Server.Dashboards.Release|Any CPU
		{530BDE86-A8E2-4BA9-8778-65D792B5F8B6}.Krista.FM.Server.Dashboards.Debug|Any CPU.ActiveCfg = Krista.FM.Server.Dashboards.Debug|Any CPU
		{530BDE86-A8E2-4BA9-8778-65D792B5F8B6}.Krista.FM.Server.Dashboards.Debug|Any CPU.Build.0 = Krista.FM.Server.Dashboards.Debug|Any CPU
		{530BDE86-A8E2-4BA9-8778-65D792B5F8B6}.Krista.FM.Server.Dashboards.Release|Any CPU.ActiveCfg = Krista.FM.Server.Dashboards.Release|Any CPU
		{530BDE86-A8E2-4BA9-8778-65D792B5F8B6}.Krista.FM.Server.Dashboards.Release|Any CPU.Build.0 = Krista.FM.Server.Dashboards.Release|Any CPU
		{DD9FCD19-3CFA-46A2-A63F-A08980592E66}.Krista.FM.Server.Dashboards.Debug|Any CPU.ActiveCfg = Krista.FM.Server.Dashboards.Debug|Any CPU
		{DD9FCD19-3CFA-46A2-A63F-A08980592E66}.Krista.FM.Server.Dashboards.Debug|Any CPU.Build.0 = Krista.FM.Server.Dashboards.Debug|Any CPU
		{DD9FCD19-3CFA-46A2-A63F-A08980592E66}.Krista.FM.Server.Dashboards.Release|Any CPU.ActiveCfg = Krista.FM.Server.Dashboards.Release|Any CPU
		{DD9FCD19-3CFA-46A2-A63F-A08980592E66}.Krista.FM.Server.Dashboards.Release|Any CPU.Build.0 = Krista.FM.Server.Dashboards.Release|Any CPU
		{9401E046-181A-4EDD-9956-1A4E85BF2792}.Krista.FM.Server.Dashboards.Debug|Any CPU.ActiveCfg = Krista.FM.Server.Dashboards.Debug|Any CPU
		{9401E046-181A-4EDD-9956-1A4E85BF2792}.Krista.FM.Server.Dashboards.Debug|Any CPU.Build.0 = Krista.FM.Server.Dashboards.Debug|Any CPU
		{9401E046-181A-4EDD-9956-1A4E85BF2792}.Krista.FM.Server.Dashboards.Release|Any CPU.ActiveCfg = Krista.FM.Server.Dashboards.Release|Any CPU
		{9401E046-181A-4EDD-9956-1A4E85BF2792}.Krista.FM.Server.Dashboards.Release|Any CPU.Build.0 = Krista.FM.Server.Dashboards.Release|Any CPU
		{BDF0DE7E-535E-440E-BEAA-E1DC2B34B884}.Krista.FM.Server.Dashboards.Debug|Any CPU.ActiveCfg = Krista.FM.Server.Dashboards.Debug|Any CPU
		{BDF0DE7E-535E-440E-BEAA-E1DC2B34B884}.Krista.FM.Server.Dashboards.Debug|Any CPU.Build.0 = Krista.FM.Server.Dashboards.Debug|Any CPU
		{BDF0DE7E-535E-440E-BEAA-E1DC2B34B884}.Krista.FM.Server.Dashboards.Release|Any CPU.ActiveCfg = Krista.FM.Server.Dashboards.Release|Any CPU
		{BDF0DE7E-535E-440E-BEAA-E1DC2B34B884}.Krista.FM.Server.Dashboards.Release|Any CPU.Build.0 = Krista.FM.Server.Dashboards.Release|Any CPU
		{B439E4D9-ABB9-4395-A2C2-BCC8FA820FD7}.Krista.FM.Server.Dashboards.Debug|Any CPU.ActiveCfg = Krista.FM.Server.Dashboards.Debug|Any CPU
		{B439E4D9-ABB9-4395-A2C2-BCC8FA820FD7}.Krista.FM.Server.Dashboards.Debug|Any CPU.Build.0 = Krista.FM.Server.Dashboards.Debug|Any CPU
		{B439E4D9-ABB9-4395-A2C2-BCC8FA820FD7}.Krista.FM.Server.Dashboards.Release|Any CPU.ActiveCfg = Krista.FM.Server.Dashboards.Release|Any CPU
		{B439E4D9-ABB9-4395-A2C2-BCC8FA820FD7}.Krista.FM.Server.Dashboards.Release|Any CPU.Build.0 = Krista.FM.Server.Dashboards.Release|Any CPU
		{5A87940A-7E9D-4636-85D9-161582D3D311}.Krista.FM.Server.Dashboards.Debug|Any CPU.ActiveCfg = Krista.FM.Server.Dashboards.Debug|Any CPU
		{5A87940A-7E9D-4636-85D9-161582D3D311}.Krista.FM.Server.Dashboards.Debug|Any CPU.Build.0 = Krista.FM.Server.Dashboards.Debug|Any CPU
		{5A87940A-7E9D-4636-85D9-161582D3D311}.Krista.FM.Server.Dashboards.Release|Any CPU.ActiveCfg = Krista.FM.Server.Dashboards.Release|Any CPU
		{5A87940A-7E9D-4636-85D9-161582D3D311}.Krista.FM.Server.Dashboards.Release|Any CPU.Build.0 = Krista.FM.Server.Dashboards.Release|Any CPU
		{0DEA340E-18B3-4A89-977E-4FD7F81E65F3}.Krista.FM.Server.Dashboards.Debug|Any CPU.ActiveCfg = Krista.FM.Server.Dashboards.Debug|Any CPU
		{0DEA340E-18B3-4A89-977E-4FD7F81E65F3}.Krista.FM.Server.Dashboards.Debug|Any CPU.Build.0 = Krista.FM.Server.Dashboards.Debug|Any CPU
		{0DEA340E-18B3-4A89-977E-4FD7F81E65F3}.Krista.FM.Server.Dashboards.Release|Any CPU.ActiveCfg = Krista.FM.Server.Dashboards.Release|Any CPU
		{0DEA340E-18B3-4A89-977E-4FD7F81E65F3}.Krista.FM.Server.Dashboards.Release|Any CPU.Build.0 = Krista.FM.Server.Dashboards.Release|Any CPU
		{7BD7D789-493B-47F8-8577-1A4117FE1CC5}.Krista.FM.Server.Dashboards.Debug|Any CPU.ActiveCfg = Krista.FM.Server.Dashboards.Debug|Any CPU
		{7BD7D789-493B-47F8-8577-1A4117FE1CC5}.Krista.FM.Server.Dashboards.Debug|Any CPU.Build.0 = Krista.FM.Server.Dashboards.Debug|Any CPU
		{7BD7D789-493B-47F8-8577-1A4117FE1CC5}.Krista.FM.Server.Dashboards.Release|Any CPU.ActiveCfg = Krista.FM.Server.Dashboards.Release|Any CPU
		{7BD7D789-493B-47F8-8577-1A4117FE1CC5}.Krista.FM.Server.Dashboards.Release|Any CPU.Build.0 = Krista.FM.Server.Dashboards.Release|Any CPU
		{5CF2EB29-CAD9-488A-BCD8-9394231EE397}.Krista.FM.Server.Dashboards.Debug|Any CPU.ActiveCfg = Krista.FM.Server.Dashboards.Debug|Any CPU
		{5CF2EB29-CAD9-488A-BCD8-9394231EE397}.Krista.FM.Server.Dashboards.Debug|Any CPU.Build.0 = Krista.FM.Server.Dashboards.Debug|Any CPU
		{5CF2EB29-CAD9-488A-BCD8-9394231EE397}.Krista.FM.Server.Dashboards.Release|Any CPU.ActiveCfg = Krista.FM.Server.Dashboards.Release|Any CPU
		{5CF2EB29-CAD9-488A-BCD8-9394231EE397}.Krista.FM.Server.Dashboards.Release|Any CPU.Build.0 = Krista.FM.Server.Dashboards.Release|Any CPU
		{3D530F4E-131C-452A-A82F-9CFC98F1D810}.Krista.FM.Server.Dashboards.Debug|Any CPU.ActiveCfg = Krista.FM.Server.Dashboards.Debug|Any CPU
		{3D530F4E-131C-452A-A82F-9CFC98F1D810}.Krista.FM.Server.Dashboards.Debug|Any CPU.Build.0 = Krista.FM.Server.Dashboards.Debug|Any CPU
		{3D530F4E-131C-452A-A82F-9CFC98F1D810}.Krista.FM.Server.Dashboards.Release|Any CPU.ActiveCfg = Krista.FM.Server.Dashboards.Release|Any CPU
		{3D530F4E-131C-452A-A82F-9CFC98F1D810}.Krista.FM.Server.Dashboards.Release|Any CPU.Build.0 = Krista.FM.Server.Dashboards.Release|Any CPU
		{6EFF76E8-E755-489D-B71C-1F83F196DD40}.Krista.FM.Server.Dashboards.Debug|Any CPU.ActiveCfg = Krista.FM.Server.Dashboards.Debug|Any CPU
		{6EFF76E8-E755-489D-B71C-1F83F196DD40}.Krista.FM.Server.Dashboards.Debug|Any CPU.Build.0 = Krista.FM.Server.Dashboards.Debug|Any CPU
		{6EFF76E8-E755-489D-B71C-1F83F196DD40}.Krista.FM.Server.Dashboards.Release|Any CPU.ActiveCfg = Krista.FM.Server.Dashboards.Release|Any CPU
		{6EFF76E8-E755-489D-B71C-1F83F196DD40}.Krista.FM.Server.Dashboards.Release|Any CPU.Build.0 = Krista.FM.Server.Dashboards.Release|Any CPU
		{FB351B67-F02E-4F1B-B7F1-961CD46D5510}.Krista.FM.Server.Dashboards.Debug|Any CPU.ActiveCfg = Krista.FM.Server.Dashboards.Debug|Any CPU
		{FB351B67-F02E-4F1B-B7F1-961CD46D5510}.Krista.FM.Server.Dashboards.Debug|Any CPU.Build.0 = Krista.FM.Server.Dashboards.Debug|Any CPU
		{FB351B67-F02E-4F1B-B7F1-961CD46D5510}.Krista.FM.Server.Dashboards.Release|Any CPU.ActiveCfg = Krista.FM.Server.Dashboards.Release|Any CPU
		{FB351B67-F02E-4F1B-B7F1-961CD46D5510}.Krista.FM.Server.Dashboards.Release|Any CPU.Build.0 = Krista.FM.Server.Dashboards.Release|Any CPU
		{71322CDE-CFF9-4284-AE8B-502F3D4DEDC5}.Krista.FM.Server.Dashboards.Debug|Any CPU.ActiveCfg = Krista.FM.Server.Dashboards.Debug|Any CPU
		{71322CDE-CFF9-4284-AE8B-502F3D4DEDC5}.Krista.FM.Server.Dashboards.Debug|Any CPU.Build.0 = Krista.FM.Server.Dashboards.Debug|Any CPU
		{71322CDE-CFF9-4284-AE8B-502F3D4DEDC5}.Krista.FM.Server.Dashboards.Release|Any CPU.ActiveCfg = Krista.FM.Server.Dashboards.Release|Any CPU
		{71322CDE-CFF9-4284-AE8B-502F3D4DEDC5}.Krista.FM.Server.Dashboards.Release|Any CPU.Build.0 = Krista.FM.Server.Dashboards.Release|Any CPU
		{C49FD3A6-5395-4442-A3A6-931828AC8E47}.Krista.FM.Server.Dashboards.Debug|Any CPU.ActiveCfg = Krista.FM.Server.Dashboards.Debug|Any CPU
		{C49FD3A6-5395-4442-A3A6-931828AC8E47}.Krista.FM.Server.Dashboards.Debug|Any CPU.Build.0 = Krista.FM.Server.Dashboards.Debug|Any CPU
		{C49FD3A6-5395-4442-A3A6-931828AC8E47}.Krista.FM.Server.Dashboards.Release|Any CPU.ActiveCfg = Krista.FM.Server.Dashboards.Release|Any CPU
		{C49FD3A6-5395-4442-A3A6-931828AC8E47}.Krista.FM.Server.Dashboards.Release|Any CPU.Build.0 = Krista.FM.Server.Dashboards.Release|Any CPU
		{6CCB756C-D41E-42AA-80A8-FAD1CEF6E6FB}.Krista.FM.Server.Dashboards.Debug|Any CPU.ActiveCfg = Krista.FM.Server.Dashboards.Debug|Any CPU
		{6CCB756C-D41E-42AA-80A8-FAD1CEF6E6FB}.Krista.FM.Server.Dashboards.Debug|Any CPU.Build.0 = Krista.FM.Server.Dashboards.Debug|Any CPU
		{6CCB756C-D41E-42AA-80A8-FAD1CEF6E6FB}.Krista.FM.Server.Dashboards.Release|Any CPU.ActiveCfg = Krista.FM.Server.Dashboards.Release|Any CPU
		{6CCB756C-D41E-42AA-80A8-FAD1CEF6E6FB}.Krista.FM.Server.Dashboards.Release|Any CPU.Build.0 = Krista.FM.Server.Dashboards.Release|Any CPU
		{5DFD3E86-8A0C-4433-A871-48CA78CFEC24}.Krista.FM.Server.Dashboards.Debug|Any CPU.ActiveCfg = Krista.FM.Server.Dashboards.Debug|Any CPU
		{5DFD3E86-8A0C-4433-A871-48CA78CFEC24}.Krista.FM.Server.Dashboards.Debug|Any CPU.Build.0 = Krista.FM.Server.Dashboards.Debug|Any CPU
		{5DFD3E86-8A0C-4433-A871-48CA78CFEC24}.Krista.FM.Server.Dashboards.Release|Any CPU.ActiveCfg = Krista.FM.Server.Dashboards.Release|Any CPU
		{5DFD3E86-8A0C-4433-A871-48CA78CFEC24}.Krista.FM.Server.Dashboards.Release|Any CPU.Build.0 = Krista.FM.Server.Dashboards.Release|Any CPU
		{B7F4E9BC-1077-4E65-97B4-F53D249B1272}.Krista.FM.Server.Dashboards.Debug|Any CPU.ActiveCfg = Krista.FM.Server.Dashboards.Debug|Any CPU
		{B7F4E9BC-1077-4E65-97B4-F53D249B1272}.Krista.FM.Server.Dashboards.Debug|Any CPU.Build.0 = Krista.FM.Server.Dashboards.Debug|Any CPU
		{B7F4E9BC-1077-4E65-97B4-F53D249B1272}.Krista.FM.Server.Dashboards.Release|Any CPU.ActiveCfg = Krista.FM.Server.Dashboards.Release|Any CPU
		{B7F4E9BC-1077-4E65-97B4-F53D249B1272}.Krista.FM.Server.Dashboards.Release|Any CPU.Build.0 = Krista.FM.Server.Dashboards.Release|Any CPU
		{139A2672-1E8A-4700-A5FB-0A05B34F02F6}.Krista.FM.Server.Dashboards.Debug|Any CPU.ActiveCfg = Krista.FM.Server.Dashboards.Debug|Any CPU
		{139A2672-1E8A-4700-A5FB-0A05B34F02F6}.Krista.FM.Server.Dashboards.Debug|Any CPU.Build.0 = Krista.FM.Server.Dashboards.Debug|Any CPU
		{139A2672-1E8A-4700-A5FB-0A05B34F02F6}.Krista.FM.Server.Dashboards.Release|Any CPU.ActiveCfg = Krista.FM.Server.Dashboards.Release|Any CPU
		{139A2672-1E8A-4700-A5FB-0A05B34F02F6}.Krista.FM.Server.Dashboards.Release|Any CPU.Build.0 = Krista.FM.Server.Dashboards.Release|Any CPU
		{AF342789-6944-45D9-A774-65EF22F7D828}.Krista.FM.Server.Dashboards.Debug|Any CPU.ActiveCfg = Krista.FM.Server.Dashboards.Debug|Any CPU
		{AF342789-6944-45D9-A774-65EF22F7D828}.Krista.FM.Server.Dashboards.Debug|Any CPU.Build.0 = Krista.FM.Server.Dashboards.Debug|Any CPU
		{AF342789-6944-45D9-A774-65EF22F7D828}.Krista.FM.Server.Dashboards.Release|Any CPU.ActiveCfg = Krista.FM.Server.Dashboards.Release|Any CPU
		{AF342789-6944-45D9-A774-65EF22F7D828}.Krista.FM.Server.Dashboards.Release|Any CPU.Build.0 = Krista.FM.Server.Dashboards.Release|Any CPU
		{453086CA-CEF9-4511-BCA2-F56B189CC5FD}.Krista.FM.Server.Dashboards.Debug|Any CPU.ActiveCfg = Krista.FM.Server.Dashboards.Debug|Any CPU
		{453086CA-CEF9-4511-BCA2-F56B189CC5FD}.Krista.FM.Server.Dashboards.Debug|Any CPU.Build.0 = Krista.FM.Server.Dashboards.Debug|Any CPU
		{453086CA-CEF9-4511-BCA2-F56B189CC5FD}.Krista.FM.Server.Dashboards.Release|Any CPU.ActiveCfg = Krista.FM.Server.Dashboards.Release|Any CPU
		{453086CA-CEF9-4511-BCA2-F56B189CC5FD}.Krista.FM.Server.Dashboards.Release|Any CPU.Build.0 = Krista.FM.Server.Dashboards.Release|Any CPU
		{805C4FDD-008C-472F-B718-7EBBD3B50E4A}.Krista.FM.Server.Dashboards.Debug|Any CPU.ActiveCfg = Krista.FM.Server.Dashboards.Debug|Any CPU
		{805C4FDD-008C-472F-B718-7EBBD3B50E4A}.Krista.FM.Server.Dashboards.Debug|Any CPU.Build.0 = Krista.FM.Server.Dashboards.Debug|Any CPU
		{805C4FDD-008C-472F-B718-7EBBD3B50E4A}.Krista.FM.Server.Dashboards.Release|Any CPU.ActiveCfg = Krista.FM.Server.Dashboards.Release|Any CPU
		{805C4FDD-008C-472F-B718-7EBBD3B50E4A}.Krista.FM.Server.Dashboards.Release|Any CPU.Build.0 = Krista.FM.Server.Dashboards.Release|Any CPU
		{5D1D1095-6D84-4B1E-A785-54D4A5F25375}.Krista.FM.Server.Dashboards.Debug|Any CPU.ActiveCfg = Krista.FM.Server.Dashboards.Debug|Any CPU
		{5D1D1095-6D84-4B1E-A785-54D4A5F25375}.Krista.FM.Server.Dashboards.Debug|Any CPU.Build.0 = Krista.FM.Server.Dashboards.Debug|Any CPU
		{5D1D1095-6D84-4B1E-A785-54D4A5F25375}.Krista.FM.Server.Dashboards.Release|Any CPU.ActiveCfg = Krista.FM.Server.Dashboards.Release|Any CPU
		{5D1D1095-6D84-4B1E-A785-54D4A5F25375}.Krista.FM.Server.Dashboards.Release|Any CPU.Build.0 = Krista.FM.Server.Dashboards.Release|Any CPU
		{05EA59B4-00C3-4E45-8D2F-187591505715}.Krista.FM.Server.Dashboards.Debug|Any CPU.ActiveCfg = Krista.FM.Server.Dashboards.Debug|Any CPU
		{05EA59B4-00C3-4E45-8D2F-187591505715}.Krista.FM.Server.Dashboards.Debug|Any CPU.Build.0 = Krista.FM.Server.Dashboards.Debug|Any CPU
		{05EA59B4-00C3-4E45-8D2F-187591505715}.Krista.FM.Server.Dashboards.Release|Any CPU.ActiveCfg = Krista.FM.Server.Dashboards.Release|Any CPU
		{05EA59B4-00C3-4E45-8D2F-187591505715}.Krista.FM.Server.Dashboards.Release|Any CPU.Build.0 = Krista.FM.Server.Dashboards.Release|Any CPU
		{7BEC3A0D-8521-44C3-82D0-58120E3970B3}.Krista.FM.Server.Dashboards.Debug|Any CPU.ActiveCfg = Krista.FM.Server.Dashboards.Debug|Any CPU
		{7BEC3A0D-8521-44C3-82D0-58120E3970B3}.Krista.FM.Server.Dashboards.Debug|Any CPU.Build.0 = Krista.FM.Server.Dashboards.Debug|Any CPU
		{7BEC3A0D-8521-44C3-82D0-58120E3970B3}.Krista.FM.Server.Dashboards.Release|Any CPU.ActiveCfg = Krista.FM.Server.Dashboards.Release|Any CPU
		{7BEC3A0D-8521-44C3-82D0-58120E3970B3}.Krista.FM.Server.Dashboards.Release|Any CPU.Build.0 = Krista.FM.Server.Dashboards.Release|Any CPU
		{0D81FB57-DD7C-428B-994F-564D84D5BC1B}.Krista.FM.Server.Dashboards.Debug|Any CPU.ActiveCfg = Krista.FM.Server.Dashboards.Debug|Any CPU
		{0D81FB57-DD7C-428B-994F-564D84D5BC1B}.Krista.FM.Server.Dashboards.Debug|Any CPU.Build.0 = Krista.FM.Server.Dashboards.Debug|Any CPU
		{0D81FB57-DD7C-428B-994F-564D84D5BC1B}.Krista.FM.Server.Dashboards.Release|Any CPU.ActiveCfg = Krista.FM.Server.Dashboards.Release|Any CPU
		{0D81FB57-DD7C-428B-994F-564D84D5BC1B}.Krista.FM.Server.Dashboards.Release|Any CPU.Build.0 = Krista.FM.Server.Dashboards.Release|Any CPU
		{40A5C601-7C1B-45DA-9BDD-8F0665A35563}.Krista.FM.Server.Dashboards.Debug|Any CPU.ActiveCfg = Krista.FM.Server.Dashboards.Debug|Any CPU
		{40A5C601-7C1B-45DA-9BDD-8F0665A35563}.Krista.FM.Server.Dashboards.Debug|Any CPU.Build.0 = Krista.FM.Server.Dashboards.Debug|Any CPU
		{40A5C601-7C1B-45DA-9BDD-8F0665A35563}.Krista.FM.Server.Dashboards.Release|Any CPU.ActiveCfg = Krista.FM.Server.Dashboards.Release|Any CPU
		{40A5C601-7C1B-45DA-9BDD-8F0665A35563}.Krista.FM.Server.Dashboards.Release|Any CPU.Build.0 = Krista.FM.Server.Dashboards.Release|Any CPU
		{9902CB96-AC77-4EF6-8452-EC447E995750}.Krista.FM.Server.Dashboards.Debug|Any CPU.ActiveCfg = Krista.FM.Server.Dashboards.Debug|Any CPU
		{9902CB96-AC77-4EF6-8452-EC447E995750}.Krista.FM.Server.Dashboards.Debug|Any CPU.Build.0 = Krista.FM.Server.Dashboards.Debug|Any CPU
		{9902CB96-AC77-4EF6-8452-EC447E995750}.Krista.FM.Server.Dashboards.Release|Any CPU.ActiveCfg = Krista.FM.Server.Dashboards.Release|Any CPU
		{9902CB96-AC77-4EF6-8452-EC447E995750}.Krista.FM.Server.Dashboards.Release|Any CPU.Build.0 = Krista.FM.Server.Dashboards.Release|Any CPU
		{F917BF95-9F29-489B-BF57-9A348BCBF1D7}.Krista.FM.Server.Dashboards.Debug|Any CPU.ActiveCfg = Krista.FM.Server.Dashboards.Debug|Any CPU
		{F917BF95-9F29-489B-BF57-9A348BCBF1D7}.Krista.FM.Server.Dashboards.Debug|Any CPU.Build.0 = Krista.FM.Server.Dashboards.Debug|Any CPU
		{F917BF95-9F29-489B-BF57-9A348BCBF1D7}.Krista.FM.Server.Dashboards.Release|Any CPU.ActiveCfg = Krista.FM.Server.Dashboards.Release|Any CPU
		{F917BF95-9F29-489B-BF57-9A348BCBF1D7}.Krista.FM.Server.Dashboards.Release|Any CPU.Build.0 = Krista.FM.Server.Dashboards.Release|Any CPU
		{DA2D1391-5B68-4128-AE61-BF181BBDF083}.Krista.FM.Server.Dashboards.Debug|Any CPU.ActiveCfg = Krista.FM.Server.Dashboards.Debug|Any CPU
		{DA2D1391-5B68-4128-AE61-BF181BBDF083}.Krista.FM.Server.Dashboards.Debug|Any CPU.Build.0 = Krista.FM.Server.Dashboards.Debug|Any CPU
		{DA2D1391-5B68-4128-AE61-BF181BBDF083}.Krista.FM.Server.Dashboards.Release|Any CPU.ActiveCfg = Krista.FM.Server.Dashboards.Release|Any CPU
		{DA2D1391-5B68-4128-AE61-BF181BBDF083}.Krista.FM.Server.Dashboards.Release|Any CPU.Build.0 = Krista.FM.Server.Dashboards.Release|Any CPU
		{D76411DD-F21A-4C95-A138-0BE9110C1413}.Krista.FM.Server.Dashboards.Debug|Any CPU.ActiveCfg = Krista.FM.Server.Dashboards.Debug|Any CPU
		{D76411DD-F21A-4C95-A138-0BE9110C1413}.Krista.FM.Server.Dashboards.Debug|Any CPU.Build.0 = Krista.FM.Server.Dashboards.Debug|Any CPU
		{D76411DD-F21A-4C95-A138-0BE9110C1413}.Krista.FM.Server.Dashboards.Release|Any CPU.ActiveCfg = Krista.FM.Server.Dashboards.Release|Any CPU
		{D76411DD-F21A-4C95-A138-0BE9110C1413}.Krista.FM.Server.Dashboards.Release|Any CPU.Build.0 = Krista.FM.Server.Dashboards.Release|Any CPU
		{292B50DA-534D-4505-A46D-56CD17BF064E}.Krista.FM.Server.Dashboards.Debug|Any CPU.ActiveCfg = Krista.FM.Server.Dashboards.Debug|Any CPU
		{292B50DA-534D-4505-A46D-56CD17BF064E}.Krista.FM.Server.Dashboards.Debug|Any CPU.Build.0 = Krista.FM.Server.Dashboards.Debug|Any CPU
		{292B50DA-534D-4505-A46D-56CD17BF064E}.Krista.FM.Server.Dashboards.Release|Any CPU.ActiveCfg = Krista.FM.Server.Dashboards.Release|Any CPU
		{292B50DA-534D-4505-A46D-56CD17BF064E}.Krista.FM.Server.Dashboards.Release|Any CPU.Build.0 = Krista.FM.Server.Dashboards.Release|Any CPU
		{F3F58F3E-2EC3-4896-837A-52888C93A8FB}.Krista.FM.Server.Dashboards.Debug|Any CPU.ActiveCfg = Krista.FM.Server.Dashboards.Debug|Any CPU
		{F3F58F3E-2EC3-4896-837A-52888C93A8FB}.Krista.FM.Server.Dashboards.Debug|Any CPU.Build.0 = Krista.FM.Server.Dashboards.Debug|Any CPU
		{F3F58F3E-2EC3-4896-837A-52888C93A8FB}.Krista.FM.Server.Dashboards.Release|Any CPU.ActiveCfg = Krista.FM.Server.Dashboards.Release|Any CPU
		{F3F58F3E-2EC3-4896-837A-52888C93A8FB}.Krista.FM.Server.Dashboards.Release|Any CPU.Build.0 = Krista.FM.Server.Dashboards.Release|Any CPU
		{0C4B0C9F-3244-4E2A-95D7-4DEA95C15961}.Krista.FM.Server.Dashboards.Debug|Any CPU.ActiveCfg = Krista.FM.Server.Dashboards.Debug|Any CPU
		{0C4B0C9F-3244-4E2A-95D7-4DEA95C15961}.Krista.FM.Server.Dashboards.Debug|Any CPU.Build.0 = Krista.FM.Server.Dashboards.Debug|Any CPU
		{0C4B0C9F-3244-4E2A-95D7-4DEA95C15961}.Krista.FM.Server.Dashboards.Release|Any CPU.ActiveCfg = Krista.FM.Server.Dashboards.Release|Any CPU
		{0C4B0C9F-3244-4E2A-95D7-4DEA95C15961}.Krista.FM.Server.Dashboards.Release|Any CPU.Build.0 = Krista.FM.Server.Dashboards.Release|Any CPU
	EndGlobalSection
	GlobalSection(SolutionProperties) = preSolution
		HideSolutionNode = FALSE
	EndGlobalSection
	GlobalSection(NestedProjects) = preSolution
		{A11B6335-913A-469F-93C9-C3C2AB7E7C9A} = {152DED20-533E-4A71-BD44-C431A2AE671B}
		{3ACC1FB3-694B-4860-945F-765133415279} = {626C128D-B08B-4D79-AC1C-504F9C7B1A50}
		{8F6D634A-7575-4480-BB64-3C7F1268D288} = {626C128D-B08B-4D79-AC1C-504F9C7B1A50}
		{55F6E9D9-0F6C-4A78-960C-78D9A0BDA27D} = {626C128D-B08B-4D79-AC1C-504F9C7B1A50}
		{8AFEB075-8FEF-499D-8CC3-E9D83841D106} = {626C128D-B08B-4D79-AC1C-504F9C7B1A50}
		{447514BE-8A66-49C6-9F91-C32B663F06CC} = {626C128D-B08B-4D79-AC1C-504F9C7B1A50}
		{C86FCA75-08E8-48BA-A252-AFBA22F310D3} = {626C128D-B08B-4D79-AC1C-504F9C7B1A50}
		{32301A27-8C7E-4F2A-B399-7D76DB1DFF34} = {3ACC1FB3-694B-4860-945F-765133415279}
		{27123CAD-E887-4592-96E4-B36117255E7A} = {3ACC1FB3-694B-4860-945F-765133415279}
		{E8464028-C680-4E20-B947-659373F3F8D0} = {3ACC1FB3-694B-4860-945F-765133415279}
		{083A5C7E-AB28-4239-853A-7E84A4FB75B6} = {3ACC1FB3-694B-4860-945F-765133415279}
		{42923053-98D5-4F94-BFF3-8C6ABC349697} = {3ACC1FB3-694B-4860-945F-765133415279}
		{FB9B35E8-6209-40E3-8388-9B48E7BB0D94} = {3ACC1FB3-694B-4860-945F-765133415279}
		{112452ED-83C6-4E25-858E-FE1AC36D53DA} = {3ACC1FB3-694B-4860-945F-765133415279}
		{6A077A3C-3137-444E-9BB5-B7A51DCAA9AB} = {3ACC1FB3-694B-4860-945F-765133415279}
		{9289BB46-D558-4EFF-BD08-C36A175FA63B} = {3ACC1FB3-694B-4860-945F-765133415279}
		{AB15AF07-7970-43EE-B56C-C677933FDDA4} = {3ACC1FB3-694B-4860-945F-765133415279}
		{759DDE44-853A-4BF8-A07F-5ABF539B5BA5} = {3ACC1FB3-694B-4860-945F-765133415279}
		{48924F9D-454C-4EAA-94AB-03817A921D16} = {3ACC1FB3-694B-4860-945F-765133415279}
		{DD8086DA-98A7-4431-8499-99264171DA0C} = {3ACC1FB3-694B-4860-945F-765133415279}
		{38042415-A534-4233-BDF6-289A187747EF} = {3ACC1FB3-694B-4860-945F-765133415279}
		{95778BDC-C117-4C60-8ADB-89ADE7B4AD74} = {3ACC1FB3-694B-4860-945F-765133415279}
		{4C32ADEA-F02D-481A-BF6B-1E8811E16F71} = {3ACC1FB3-694B-4860-945F-765133415279}
		{4A49E628-01B5-4068-AEDD-53ADC23C5E58} = {3ACC1FB3-694B-4860-945F-765133415279}
		{5E0EEB65-FDEC-4E39-8036-47093CEBC4B5} = {3ACC1FB3-694B-4860-945F-765133415279}
		{4682603C-B2B1-4F5A-A65D-DC80BB47D17A} = {3ACC1FB3-694B-4860-945F-765133415279}
		{755B6889-A1F3-419F-BE65-1582792140D2} = {3ACC1FB3-694B-4860-945F-765133415279}
		{1C3C2767-0ABA-40E0-B393-E9EB9E560DB9} = {32301A27-8C7E-4F2A-B399-7D76DB1DFF34}
		{1C78540D-7B27-4F59-B93A-8CF01636CF77} = {32301A27-8C7E-4F2A-B399-7D76DB1DFF34}
		{36A4F40F-FA63-4F93-BF12-0B7C015079B0} = {27123CAD-E887-4592-96E4-B36117255E7A}
		{4D052482-6633-41B3-9F64-AE11B91F5B1E} = {27123CAD-E887-4592-96E4-B36117255E7A}
		{444563CE-9E19-440C-8DDB-23B1F07A8D3B} = {E8464028-C680-4E20-B947-659373F3F8D0}
		{AF698C0D-642A-4B9D-8EBE-46A7462B2275} = {E8464028-C680-4E20-B947-659373F3F8D0}
		{97D15D92-C3FC-4208-A060-AE5A7494C634} = {083A5C7E-AB28-4239-853A-7E84A4FB75B6}
		{DD9FCD19-3CFA-46A2-A63F-A08980592E66} = {42923053-98D5-4F94-BFF3-8C6ABC349697}
		{9401E046-181A-4EDD-9956-1A4E85BF2792} = {FB9B35E8-6209-40E3-8388-9B48E7BB0D94}
		{BDF0DE7E-535E-440E-BEAA-E1DC2B34B884} = {112452ED-83C6-4E25-858E-FE1AC36D53DA}
		{530BDE86-A8E2-4BA9-8778-65D792B5F8B6} = {6A077A3C-3137-444E-9BB5-B7A51DCAA9AB}
		{00310AF3-C6BA-4658-B26D-8765FA378FDE} = {8F6D634A-7575-4480-BB64-3C7F1268D288}
		{0C4B0C9F-3244-4E2A-95D7-4DEA95C15961} = {55F6E9D9-0F6C-4A78-960C-78D9A0BDA27D}
		{5DFD3E86-8A0C-4433-A871-48CA78CFEC24} = {55F6E9D9-0F6C-4A78-960C-78D9A0BDA27D}
		{B7F4E9BC-1077-4E65-97B4-F53D249B1272} = {55F6E9D9-0F6C-4A78-960C-78D9A0BDA27D}
		{453086CA-CEF9-4511-BCA2-F56B189CC5FD} = {55F6E9D9-0F6C-4A78-960C-78D9A0BDA27D}
		{805C4FDD-008C-472F-B718-7EBBD3B50E4A} = {55F6E9D9-0F6C-4A78-960C-78D9A0BDA27D}
		{5D1D1095-6D84-4B1E-A785-54D4A5F25375} = {55F6E9D9-0F6C-4A78-960C-78D9A0BDA27D}
		{B439E4D9-ABB9-4395-A2C2-BCC8FA820FD7} = {9289BB46-D558-4EFF-BD08-C36A175FA63B}
		{5A87940A-7E9D-4636-85D9-161582D3D311} = {102C8575-9213-4813-BFE3-84A023A4B7F4}
		{0DEA340E-18B3-4A89-977E-4FD7F81E65F3} = {AB15AF07-7970-43EE-B56C-C677933FDDA4}
		{7BD7D789-493B-47F8-8577-1A4117FE1CC5} = {759DDE44-853A-4BF8-A07F-5ABF539B5BA5}
		{5CF2EB29-CAD9-488A-BCD8-9394231EE397} = {48924F9D-454C-4EAA-94AB-03817A921D16}
		{3D530F4E-131C-452A-A82F-9CFC98F1D810} = {DD8086DA-98A7-4431-8499-99264171DA0C}
		{FB351B67-F02E-4F1B-B7F1-961CD46D5510} = {38042415-A534-4233-BDF6-289A187747EF}
		{C49FD3A6-5395-4442-A3A6-931828AC8E47} = {95778BDC-C117-4C60-8ADB-89ADE7B4AD74}
		{6CCB756C-D41E-42AA-80A8-FAD1CEF6E6FB} = {4C32ADEA-F02D-481A-BF6B-1E8811E16F71}
		{4A75196D-5F71-46B0-9795-0EE34648EC59} = {00310AF3-C6BA-4658-B26D-8765FA378FDE}
		{75D33061-957B-4725-B94B-FECB27D8BAA6} = {00310AF3-C6BA-4658-B26D-8765FA378FDE}
		{C43B1947-6366-4EBB-8388-5EF0398FF607} = {00310AF3-C6BA-4658-B26D-8765FA378FDE}
		{C95C5070-BF70-4E77-97FE-E408AEDC2165} = {00310AF3-C6BA-4658-B26D-8765FA378FDE}
		{0FA0EADD-3C2A-4780-8F30-53A5CC054EE5} = {00310AF3-C6BA-4658-B26D-8765FA378FDE}
		{960532FB-BBC1-451A-9983-519D08EBC4F0} = {4A49E628-01B5-4068-AEDD-53ADC23C5E58}
		{8B9D99D9-7490-4AEC-82EA-A1E1567A93A6} = {4A49E628-01B5-4068-AEDD-53ADC23C5E58}
		{71322CDE-CFF9-4284-AE8B-502F3D4DEDC5} = {5E0EEB65-FDEC-4E39-8036-47093CEBC4B5}
		{6EFF76E8-E755-489D-B71C-1F83F196DD40} = {5E0EEB65-FDEC-4E39-8036-47093CEBC4B5}
		{05EA59B4-00C3-4E45-8D2F-187591505715} = {8AFEB075-8FEF-499D-8CC3-E9D83841D106}
		{7BEC3A0D-8521-44C3-82D0-58120E3970B3} = {8AFEB075-8FEF-499D-8CC3-E9D83841D106}
		{0D81FB57-DD7C-428B-994F-564D84D5BC1B} = {8AFEB075-8FEF-499D-8CC3-E9D83841D106}
		{40A5C601-7C1B-45DA-9BDD-8F0665A35563} = {447514BE-8A66-49C6-9F91-C32B663F06CC}
		{9902CB96-AC77-4EF6-8452-EC447E995750} = {447514BE-8A66-49C6-9F91-C32B663F06CC}
		{F917BF95-9F29-489B-BF57-9A348BCBF1D7} = {C86FCA75-08E8-48BA-A252-AFBA22F310D3}
		{DA2D1391-5B68-4128-AE61-BF181BBDF083} = {4682603C-B2B1-4F5A-A65D-DC80BB47D17A}
		{D76411DD-F21A-4C95-A138-0BE9110C1413} = {4682603C-B2B1-4F5A-A65D-DC80BB47D17A}
		{292B50DA-534D-4505-A46D-56CD17BF064E} = {755B6889-A1F3-419F-BE65-1582792140D2}
		{F3F58F3E-2EC3-4896-837A-52888C93A8FB} = {755B6889-A1F3-419F-BE65-1582792140D2}
	EndGlobalSection
EndGlobal
